
Microsoft Visual Studio Solution File, Format Version 12.00
# Visual Studio 14
VisualStudioVersion = 14.0.24720.0
MinimumVisualStudioVersion = 10.0.40219.1
Project("{2150E333-8FDC-42A3-9474-1A3956D46DE8}") = "Solution Items", "Solution Items", "{C991F5FC-04B5-420C-98A0-80974AA946F7}"
	ProjectSection(SolutionItems) = preProject
		global.json = global.json
		LICENSE = LICENSE
		NuGet.config = NuGet.config
		README.md = README.md
	EndProjectSection
	ProjectSection(FolderGlobals) = preProject
		global_1json__JSONSchema = http://json.schemastore.org/global
	EndProjectSection
EndProject
Project("{2150E333-8FDC-42A3-9474-1A3956D46DE8}") = "src", "src", "{6234AABE-C4F3-4094-9C0D-FFD589235DBE}"
EndProject
Project("{2150E333-8FDC-42A3-9474-1A3956D46DE8}") = "test", "test", "{7DC7AA2C-0401-495B-B42C-32F44085EBE6}"
EndProject
Project("{2150E333-8FDC-42A3-9474-1A3956D46DE8}") = "samples", "samples", "{F8292A68-AF7C-4B26-B1B8-B232548EF118}"
EndProject
Project("{FAE04EC0-301F-11D3-BF4B-00C04F79EFBC}") = "ApiPort", "src\ApiPort\ApiPort.csproj", "{5A2EAD0F-FF3E-4968-A865-7B29C4B10A72}"
EndProject
Project("{FAE04EC0-301F-11D3-BF4B-00C04F79EFBC}") = "Microsoft.Fx.Portability.MetadataReader.Tests", "tests\Microsoft.Fx.Portability.MetadataReader.Tests\Microsoft.Fx.Portability.MetadataReader.Tests.csproj", "{B44085A7-0DCD-4CE2-BDD9-B2E5268DCCCC}"
EndProject
Project("{FAE04EC0-301F-11D3-BF4B-00C04F79EFBC}") = "Microsoft.Fx.Portability.Reports.Html", "src\Microsoft.Fx.Portability.Reports.Html\Microsoft.Fx.Portability.Reports.Html.csproj", "{83F4A5FE-FAF8-4952-899E-EA0BB08F8E60}"
EndProject
Project("{FAE04EC0-301F-11D3-BF4B-00C04F79EFBC}") = "Microsoft.Fx.Portability.Offline", "src\Microsoft.Fx.Portability.Offline\Microsoft.Fx.Portability.Offline.csproj", "{F3D148CA-D49D-4315-9CD6-AE7B0EEA9549}"
EndProject
Project("{FAE04EC0-301F-11D3-BF4B-00C04F79EFBC}") = "Microsoft.Fx.Portability", "src\Microsoft.Fx.Portability\Microsoft.Fx.Portability.csproj", "{8D84EC23-9977-4CC8-B649-035FFAE9664C}"
EndProject
Project("{FAE04EC0-301F-11D3-BF4B-00C04F79EFBC}") = "Microsoft.Fx.Portability.MetadataReader", "src\Microsoft.Fx.Portability.MetadataReader\Microsoft.Fx.Portability.MetadataReader.csproj", "{68C6476E-1F80-412A-A8A7-480F832922D8}"
EndProject
Project("{FAE04EC0-301F-11D3-BF4B-00C04F79EFBC}") = "Microsoft.Fx.Portability.Tests", "tests\Microsoft.Fx.Portability.Tests\Microsoft.Fx.Portability.Tests.csproj", "{36E8F09A-D3CA-405B-B515-9206F85B432C}"
EndProject
Project("{FAE04EC0-301F-11D3-BF4B-00C04F79EFBC}") = "SearchFxApi", "samples\SearchFxApi\SearchFxApi.csproj", "{16815A46-F1CA-4D56-80C8-54C4DFB8C1BC}"
EndProject
Project("{FAE04EC0-301F-11D3-BF4B-00C04F79EFBC}") = "Microsoft.Fx.Portability.Reports.Json", "src\Microsoft.Fx.Portability.Reports.Json\Microsoft.Fx.Portability.Reports.Json.csproj", "{28D8D77D-E68D-4EBC-9150-F7C433D63BFA}"
EndProject
Project("{2150E333-8FDC-42A3-9474-1A3956D46DE8}") = "build", "build", "{FEEF35CB-3AC4-40C5-9CB0-85E52E38D5C6}"
	ProjectSection(SolutionItems) = preProject
		build\Get-Nuget.ps1 = build\Get-Nuget.ps1
		build\Microsoft.Fx.Portability.MetadataReader.nuspec = build\Microsoft.Fx.Portability.MetadataReader.nuspec
		build\Microsoft.Fx.Portability.nuspec = build\Microsoft.Fx.Portability.nuspec
		build\Microsoft.Fx.Portability.Offline.nuspec = build\Microsoft.Fx.Portability.Offline.nuspec
		build\Microsoft.Fx.Portability.Reports.Html.nuspec = build\Microsoft.Fx.Portability.Reports.Html.nuspec
		build\Microsoft.Fx.Portability.Reports.Json.nuspec = build\Microsoft.Fx.Portability.Reports.Json.nuspec
		build\package.ps1 = build\package.ps1
		build\postbuild.ps1 = build\postbuild.ps1
		build\restore.ps1 = build\restore.ps1
	EndProjectSection
EndProject
Project("{2150E333-8FDC-42A3-9474-1A3956D46DE8}") = "Microsoft.Fx.Portability", "Microsoft.Fx.Portability", "{B9904E6F-3852-4657-8415-AEEA9CAAF1CD}"
	ProjectSection(SolutionItems) = preProject
		build\Microsoft.Fx.Portability.nuspec = build\Microsoft.Fx.Portability.nuspec
	EndProjectSection
EndProject
Project("{FAE04EC0-301F-11D3-BF4B-00C04F79EFBC}") = "Microsoft.Fx.Portability.NET45", "src\Microsoft.Fx.Portability\Microsoft.Fx.Portability.NET45.csproj", "{18419457-1176-4989-8358-2024AB5B7085}"
EndProject
Project("{2150E333-8FDC-42A3-9474-1A3956D46DE8}") = "Microsoft.Fx.Portability.MetadataReader", "Microsoft.Fx.Portability.MetadataReader", "{27F2F901-3CCF-44BE-9CD9-14E0BA383E80}"
EndProject
Project("{2150E333-8FDC-42A3-9474-1A3956D46DE8}") = "Microsoft.Fx.Portability.Offline", "Microsoft.Fx.Portability.Offline", "{207BD92D-9395-4792-BDA3-C20478FBE5C2}"
EndProject
Project("{2150E333-8FDC-42A3-9474-1A3956D46DE8}") = "Microsoft.Fx.Portability.Reports.Html", "Microsoft.Fx.Portability.Reports.Html", "{65017166-DD60-4092-8841-97FB8D36873C}"
EndProject
Project("{2150E333-8FDC-42A3-9474-1A3956D46DE8}") = "Microsoft.Fx.Portability.Reports.Json", "Microsoft.Fx.Portability.Reports.Json", "{9DC3E926-9CA5-41E3-9761-33D90EB8883E}"
EndProject
Project("{FAE04EC0-301F-11D3-BF4B-00C04F79EFBC}") = "Microsoft.Fx.Portability.MetadataReader.NET45", "src\Microsoft.Fx.Portability.MetadataReader\Microsoft.Fx.Portability.MetadataReader.NET45.csproj", "{C14486AC-22BE-480C-8235-2479C6C8F3FF}"
EndProject
Project("{FAE04EC0-301F-11D3-BF4B-00C04F79EFBC}") = "Microsoft.Fx.Portability.Offline.NET45", "src\Microsoft.Fx.Portability.Offline\Microsoft.Fx.Portability.Offline.NET45.csproj", "{30E5290C-4F2D-4E68-BD4C-7EDA41218EF0}"
EndProject
Project("{FAE04EC0-301F-11D3-BF4B-00C04F79EFBC}") = "Microsoft.Fx.Portability.Reports.Json.NET45", "src\Microsoft.Fx.Portability.Reports.Json\Microsoft.Fx.Portability.Reports.Json.NET45.csproj", "{08DD5EC4-BA0B-405C-B8CF-B48357A90402}"
EndProject
Project("{FAE04EC0-301F-11D3-BF4B-00C04F79EFBC}") = "Microsoft.Fx.Portability.Offline.Tests", "tests\Microsoft.Fx.Portability.Offline.Tests\Microsoft.Fx.Portability.Offline.Tests.csproj", "{FD6B4124-975B-454E-ACC8-424CC9A8BB8B}"
EndProject
Global
	GlobalSection(SolutionConfigurationPlatforms) = preSolution
		Debug|Any CPU = Debug|Any CPU
		Debug|ARM = Debug|ARM
		Debug|x64 = Debug|x64
		Debug|x86 = Debug|x86
		Osx_Debug|Any CPU = Osx_Debug|Any CPU
		Osx_Debug|ARM = Osx_Debug|ARM
		Osx_Debug|x64 = Osx_Debug|x64
		Osx_Debug|x86 = Osx_Debug|x86
		Osx_Release|Any CPU = Osx_Release|Any CPU
		Osx_Release|ARM = Osx_Release|ARM
		Osx_Release|x64 = Osx_Release|x64
		Osx_Release|x86 = Osx_Release|x86
		Release|Any CPU = Release|Any CPU
		Release|ARM = Release|ARM
		Release|x64 = Release|x64
		Release|x86 = Release|x86
		Ubuntu_Debug|Any CPU = Ubuntu_Debug|Any CPU
		Ubuntu_Debug|ARM = Ubuntu_Debug|ARM
		Ubuntu_Debug|x64 = Ubuntu_Debug|x64
		Ubuntu_Debug|x86 = Ubuntu_Debug|x86
		Ubuntu_Release|Any CPU = Ubuntu_Release|Any CPU
		Ubuntu_Release|ARM = Ubuntu_Release|ARM
		Ubuntu_Release|x64 = Ubuntu_Release|x64
		Ubuntu_Release|x86 = Ubuntu_Release|x86
	EndGlobalSection
	GlobalSection(ProjectConfigurationPlatforms) = postSolution
		{5A2EAD0F-FF3E-4968-A865-7B29C4B10A72}.Debug|Any CPU.ActiveCfg = Debug|Any CPU
		{5A2EAD0F-FF3E-4968-A865-7B29C4B10A72}.Debug|Any CPU.Build.0 = Debug|Any CPU
		{5A2EAD0F-FF3E-4968-A865-7B29C4B10A72}.Debug|ARM.ActiveCfg = Debug|Any CPU
		{5A2EAD0F-FF3E-4968-A865-7B29C4B10A72}.Debug|ARM.Build.0 = Debug|Any CPU
		{5A2EAD0F-FF3E-4968-A865-7B29C4B10A72}.Debug|x64.ActiveCfg = Debug|Any CPU
		{5A2EAD0F-FF3E-4968-A865-7B29C4B10A72}.Debug|x64.Build.0 = Debug|Any CPU
		{5A2EAD0F-FF3E-4968-A865-7B29C4B10A72}.Debug|x86.ActiveCfg = Debug|Any CPU
		{5A2EAD0F-FF3E-4968-A865-7B29C4B10A72}.Debug|x86.Build.0 = Debug|Any CPU
		{5A2EAD0F-FF3E-4968-A865-7B29C4B10A72}.Osx_Debug|Any CPU.ActiveCfg = Debug|Any CPU
		{5A2EAD0F-FF3E-4968-A865-7B29C4B10A72}.Osx_Debug|Any CPU.Build.0 = Debug|Any CPU
		{5A2EAD0F-FF3E-4968-A865-7B29C4B10A72}.Osx_Debug|ARM.ActiveCfg = Debug|Any CPU
		{5A2EAD0F-FF3E-4968-A865-7B29C4B10A72}.Osx_Debug|x64.ActiveCfg = Debug|Any CPU
		{5A2EAD0F-FF3E-4968-A865-7B29C4B10A72}.Osx_Debug|x64.Build.0 = Debug|Any CPU
		{5A2EAD0F-FF3E-4968-A865-7B29C4B10A72}.Osx_Debug|x86.ActiveCfg = Debug|Any CPU
		{5A2EAD0F-FF3E-4968-A865-7B29C4B10A72}.Osx_Release|Any CPU.ActiveCfg = Release|Any CPU
		{5A2EAD0F-FF3E-4968-A865-7B29C4B10A72}.Osx_Release|Any CPU.Build.0 = Release|Any CPU
		{5A2EAD0F-FF3E-4968-A865-7B29C4B10A72}.Osx_Release|ARM.ActiveCfg = Debug|Any CPU
		{5A2EAD0F-FF3E-4968-A865-7B29C4B10A72}.Osx_Release|x64.ActiveCfg = Release|Any CPU
		{5A2EAD0F-FF3E-4968-A865-7B29C4B10A72}.Osx_Release|x64.Build.0 = Release|Any CPU
		{5A2EAD0F-FF3E-4968-A865-7B29C4B10A72}.Osx_Release|x86.ActiveCfg = Debug|Any CPU
		{5A2EAD0F-FF3E-4968-A865-7B29C4B10A72}.Release|Any CPU.ActiveCfg = Release|Any CPU
		{5A2EAD0F-FF3E-4968-A865-7B29C4B10A72}.Release|Any CPU.Build.0 = Release|Any CPU
		{5A2EAD0F-FF3E-4968-A865-7B29C4B10A72}.Release|ARM.ActiveCfg = Release|Any CPU
		{5A2EAD0F-FF3E-4968-A865-7B29C4B10A72}.Release|ARM.Build.0 = Release|Any CPU
		{5A2EAD0F-FF3E-4968-A865-7B29C4B10A72}.Release|x64.ActiveCfg = Release|Any CPU
		{5A2EAD0F-FF3E-4968-A865-7B29C4B10A72}.Release|x64.Build.0 = Release|Any CPU
		{5A2EAD0F-FF3E-4968-A865-7B29C4B10A72}.Release|x86.ActiveCfg = Release|Any CPU
		{5A2EAD0F-FF3E-4968-A865-7B29C4B10A72}.Release|x86.Build.0 = Release|Any CPU
		{5A2EAD0F-FF3E-4968-A865-7B29C4B10A72}.Ubuntu_Debug|Any CPU.ActiveCfg = Debug|Any CPU
		{5A2EAD0F-FF3E-4968-A865-7B29C4B10A72}.Ubuntu_Debug|Any CPU.Build.0 = Debug|Any CPU
		{5A2EAD0F-FF3E-4968-A865-7B29C4B10A72}.Ubuntu_Debug|ARM.ActiveCfg = Debug|Any CPU
		{5A2EAD0F-FF3E-4968-A865-7B29C4B10A72}.Ubuntu_Debug|x64.ActiveCfg = Debug|Any CPU
		{5A2EAD0F-FF3E-4968-A865-7B29C4B10A72}.Ubuntu_Debug|x64.Build.0 = Debug|Any CPU
		{5A2EAD0F-FF3E-4968-A865-7B29C4B10A72}.Ubuntu_Debug|x86.ActiveCfg = Debug|Any CPU
		{5A2EAD0F-FF3E-4968-A865-7B29C4B10A72}.Ubuntu_Release|Any CPU.ActiveCfg = Release|Any CPU
		{5A2EAD0F-FF3E-4968-A865-7B29C4B10A72}.Ubuntu_Release|Any CPU.Build.0 = Release|Any CPU
		{5A2EAD0F-FF3E-4968-A865-7B29C4B10A72}.Ubuntu_Release|ARM.ActiveCfg = Debug|Any CPU
		{5A2EAD0F-FF3E-4968-A865-7B29C4B10A72}.Ubuntu_Release|x64.ActiveCfg = Release|Any CPU
		{5A2EAD0F-FF3E-4968-A865-7B29C4B10A72}.Ubuntu_Release|x64.Build.0 = Release|Any CPU
		{5A2EAD0F-FF3E-4968-A865-7B29C4B10A72}.Ubuntu_Release|x86.ActiveCfg = Debug|Any CPU
		{B44085A7-0DCD-4CE2-BDD9-B2E5268DCCCC}.Debug|Any CPU.ActiveCfg = Debug|Any CPU
		{B44085A7-0DCD-4CE2-BDD9-B2E5268DCCCC}.Debug|Any CPU.Build.0 = Debug|Any CPU
		{B44085A7-0DCD-4CE2-BDD9-B2E5268DCCCC}.Debug|ARM.ActiveCfg = Debug|Any CPU
		{B44085A7-0DCD-4CE2-BDD9-B2E5268DCCCC}.Debug|ARM.Build.0 = Debug|Any CPU
		{B44085A7-0DCD-4CE2-BDD9-B2E5268DCCCC}.Debug|x64.ActiveCfg = Debug|Any CPU
		{B44085A7-0DCD-4CE2-BDD9-B2E5268DCCCC}.Debug|x64.Build.0 = Debug|Any CPU
		{B44085A7-0DCD-4CE2-BDD9-B2E5268DCCCC}.Debug|x86.ActiveCfg = Debug|Any CPU
		{B44085A7-0DCD-4CE2-BDD9-B2E5268DCCCC}.Debug|x86.Build.0 = Debug|Any CPU
		{B44085A7-0DCD-4CE2-BDD9-B2E5268DCCCC}.Osx_Debug|Any CPU.ActiveCfg = Debug|Any CPU
		{B44085A7-0DCD-4CE2-BDD9-B2E5268DCCCC}.Osx_Debug|Any CPU.Build.0 = Debug|Any CPU
		{B44085A7-0DCD-4CE2-BDD9-B2E5268DCCCC}.Osx_Debug|ARM.ActiveCfg = Debug|Any CPU
		{B44085A7-0DCD-4CE2-BDD9-B2E5268DCCCC}.Osx_Debug|x64.ActiveCfg = Debug|Any CPU
		{B44085A7-0DCD-4CE2-BDD9-B2E5268DCCCC}.Osx_Debug|x64.Build.0 = Debug|Any CPU
		{B44085A7-0DCD-4CE2-BDD9-B2E5268DCCCC}.Osx_Debug|x86.ActiveCfg = Debug|Any CPU
		{B44085A7-0DCD-4CE2-BDD9-B2E5268DCCCC}.Osx_Release|Any CPU.ActiveCfg = Release|Any CPU
		{B44085A7-0DCD-4CE2-BDD9-B2E5268DCCCC}.Osx_Release|Any CPU.Build.0 = Release|Any CPU
		{B44085A7-0DCD-4CE2-BDD9-B2E5268DCCCC}.Osx_Release|ARM.ActiveCfg = Debug|Any CPU
		{B44085A7-0DCD-4CE2-BDD9-B2E5268DCCCC}.Osx_Release|x64.ActiveCfg = Release|Any CPU
		{B44085A7-0DCD-4CE2-BDD9-B2E5268DCCCC}.Osx_Release|x64.Build.0 = Release|Any CPU
		{B44085A7-0DCD-4CE2-BDD9-B2E5268DCCCC}.Osx_Release|x86.ActiveCfg = Debug|Any CPU
		{B44085A7-0DCD-4CE2-BDD9-B2E5268DCCCC}.Release|Any CPU.ActiveCfg = Release|Any CPU
		{B44085A7-0DCD-4CE2-BDD9-B2E5268DCCCC}.Release|Any CPU.Build.0 = Release|Any CPU
		{B44085A7-0DCD-4CE2-BDD9-B2E5268DCCCC}.Release|ARM.ActiveCfg = Release|Any CPU
		{B44085A7-0DCD-4CE2-BDD9-B2E5268DCCCC}.Release|ARM.Build.0 = Release|Any CPU
		{B44085A7-0DCD-4CE2-BDD9-B2E5268DCCCC}.Release|x64.ActiveCfg = Release|Any CPU
		{B44085A7-0DCD-4CE2-BDD9-B2E5268DCCCC}.Release|x64.Build.0 = Release|Any CPU
		{B44085A7-0DCD-4CE2-BDD9-B2E5268DCCCC}.Release|x86.ActiveCfg = Release|Any CPU
		{B44085A7-0DCD-4CE2-BDD9-B2E5268DCCCC}.Release|x86.Build.0 = Release|Any CPU
		{B44085A7-0DCD-4CE2-BDD9-B2E5268DCCCC}.Ubuntu_Debug|Any CPU.ActiveCfg = Debug|Any CPU
		{B44085A7-0DCD-4CE2-BDD9-B2E5268DCCCC}.Ubuntu_Debug|Any CPU.Build.0 = Debug|Any CPU
		{B44085A7-0DCD-4CE2-BDD9-B2E5268DCCCC}.Ubuntu_Debug|ARM.ActiveCfg = Debug|Any CPU
		{B44085A7-0DCD-4CE2-BDD9-B2E5268DCCCC}.Ubuntu_Debug|x64.ActiveCfg = Debug|Any CPU
		{B44085A7-0DCD-4CE2-BDD9-B2E5268DCCCC}.Ubuntu_Debug|x64.Build.0 = Debug|Any CPU
		{B44085A7-0DCD-4CE2-BDD9-B2E5268DCCCC}.Ubuntu_Debug|x86.ActiveCfg = Debug|Any CPU
		{B44085A7-0DCD-4CE2-BDD9-B2E5268DCCCC}.Ubuntu_Release|Any CPU.ActiveCfg = Release|Any CPU
		{B44085A7-0DCD-4CE2-BDD9-B2E5268DCCCC}.Ubuntu_Release|Any CPU.Build.0 = Release|Any CPU
		{B44085A7-0DCD-4CE2-BDD9-B2E5268DCCCC}.Ubuntu_Release|ARM.ActiveCfg = Debug|Any CPU
		{B44085A7-0DCD-4CE2-BDD9-B2E5268DCCCC}.Ubuntu_Release|x64.ActiveCfg = Release|Any CPU
		{B44085A7-0DCD-4CE2-BDD9-B2E5268DCCCC}.Ubuntu_Release|x64.Build.0 = Release|Any CPU
		{B44085A7-0DCD-4CE2-BDD9-B2E5268DCCCC}.Ubuntu_Release|x86.ActiveCfg = Debug|Any CPU
		{83F4A5FE-FAF8-4952-899E-EA0BB08F8E60}.Debug|Any CPU.ActiveCfg = Debug|Any CPU
		{83F4A5FE-FAF8-4952-899E-EA0BB08F8E60}.Debug|Any CPU.Build.0 = Debug|Any CPU
		{83F4A5FE-FAF8-4952-899E-EA0BB08F8E60}.Debug|ARM.ActiveCfg = Debug|Any CPU
		{83F4A5FE-FAF8-4952-899E-EA0BB08F8E60}.Debug|ARM.Build.0 = Debug|Any CPU
		{83F4A5FE-FAF8-4952-899E-EA0BB08F8E60}.Debug|x64.ActiveCfg = Debug|Any CPU
		{83F4A5FE-FAF8-4952-899E-EA0BB08F8E60}.Debug|x64.Build.0 = Debug|Any CPU
		{83F4A5FE-FAF8-4952-899E-EA0BB08F8E60}.Debug|x86.ActiveCfg = Debug|Any CPU
		{83F4A5FE-FAF8-4952-899E-EA0BB08F8E60}.Debug|x86.Build.0 = Debug|Any CPU
		{83F4A5FE-FAF8-4952-899E-EA0BB08F8E60}.Osx_Debug|Any CPU.ActiveCfg = Debug|Any CPU
		{83F4A5FE-FAF8-4952-899E-EA0BB08F8E60}.Osx_Debug|Any CPU.Build.0 = Debug|Any CPU
		{83F4A5FE-FAF8-4952-899E-EA0BB08F8E60}.Osx_Debug|ARM.ActiveCfg = Debug|Any CPU
		{83F4A5FE-FAF8-4952-899E-EA0BB08F8E60}.Osx_Debug|x64.ActiveCfg = Debug|Any CPU
		{83F4A5FE-FAF8-4952-899E-EA0BB08F8E60}.Osx_Debug|x64.Build.0 = Debug|Any CPU
		{83F4A5FE-FAF8-4952-899E-EA0BB08F8E60}.Osx_Debug|x86.ActiveCfg = Debug|Any CPU
		{83F4A5FE-FAF8-4952-899E-EA0BB08F8E60}.Osx_Release|Any CPU.ActiveCfg = Release|Any CPU
		{83F4A5FE-FAF8-4952-899E-EA0BB08F8E60}.Osx_Release|Any CPU.Build.0 = Release|Any CPU
		{83F4A5FE-FAF8-4952-899E-EA0BB08F8E60}.Osx_Release|ARM.ActiveCfg = Debug|Any CPU
		{83F4A5FE-FAF8-4952-899E-EA0BB08F8E60}.Osx_Release|x64.ActiveCfg = Release|Any CPU
		{83F4A5FE-FAF8-4952-899E-EA0BB08F8E60}.Osx_Release|x64.Build.0 = Release|Any CPU
		{83F4A5FE-FAF8-4952-899E-EA0BB08F8E60}.Osx_Release|x86.ActiveCfg = Debug|Any CPU
		{83F4A5FE-FAF8-4952-899E-EA0BB08F8E60}.Release|Any CPU.ActiveCfg = Release|Any CPU
		{83F4A5FE-FAF8-4952-899E-EA0BB08F8E60}.Release|Any CPU.Build.0 = Release|Any CPU
		{83F4A5FE-FAF8-4952-899E-EA0BB08F8E60}.Release|ARM.ActiveCfg = Release|Any CPU
		{83F4A5FE-FAF8-4952-899E-EA0BB08F8E60}.Release|ARM.Build.0 = Release|Any CPU
		{83F4A5FE-FAF8-4952-899E-EA0BB08F8E60}.Release|x64.ActiveCfg = Release|Any CPU
		{83F4A5FE-FAF8-4952-899E-EA0BB08F8E60}.Release|x64.Build.0 = Release|Any CPU
		{83F4A5FE-FAF8-4952-899E-EA0BB08F8E60}.Release|x86.ActiveCfg = Release|Any CPU
		{83F4A5FE-FAF8-4952-899E-EA0BB08F8E60}.Release|x86.Build.0 = Release|Any CPU
		{83F4A5FE-FAF8-4952-899E-EA0BB08F8E60}.Ubuntu_Debug|Any CPU.ActiveCfg = Debug|Any CPU
		{83F4A5FE-FAF8-4952-899E-EA0BB08F8E60}.Ubuntu_Debug|Any CPU.Build.0 = Debug|Any CPU
		{83F4A5FE-FAF8-4952-899E-EA0BB08F8E60}.Ubuntu_Debug|ARM.ActiveCfg = Debug|Any CPU
		{83F4A5FE-FAF8-4952-899E-EA0BB08F8E60}.Ubuntu_Debug|x64.ActiveCfg = Debug|Any CPU
		{83F4A5FE-FAF8-4952-899E-EA0BB08F8E60}.Ubuntu_Debug|x64.Build.0 = Debug|Any CPU
		{83F4A5FE-FAF8-4952-899E-EA0BB08F8E60}.Ubuntu_Debug|x86.ActiveCfg = Debug|Any CPU
		{83F4A5FE-FAF8-4952-899E-EA0BB08F8E60}.Ubuntu_Release|Any CPU.ActiveCfg = Release|Any CPU
		{83F4A5FE-FAF8-4952-899E-EA0BB08F8E60}.Ubuntu_Release|Any CPU.Build.0 = Release|Any CPU
		{83F4A5FE-FAF8-4952-899E-EA0BB08F8E60}.Ubuntu_Release|ARM.ActiveCfg = Debug|Any CPU
		{83F4A5FE-FAF8-4952-899E-EA0BB08F8E60}.Ubuntu_Release|x64.ActiveCfg = Release|Any CPU
		{83F4A5FE-FAF8-4952-899E-EA0BB08F8E60}.Ubuntu_Release|x64.Build.0 = Release|Any CPU
		{83F4A5FE-FAF8-4952-899E-EA0BB08F8E60}.Ubuntu_Release|x86.ActiveCfg = Debug|Any CPU
		{F3D148CA-D49D-4315-9CD6-AE7B0EEA9549}.Debug|Any CPU.ActiveCfg = Debug|Any CPU
		{F3D148CA-D49D-4315-9CD6-AE7B0EEA9549}.Debug|Any CPU.Build.0 = Debug|Any CPU
		{F3D148CA-D49D-4315-9CD6-AE7B0EEA9549}.Debug|ARM.ActiveCfg = Debug|Any CPU
		{F3D148CA-D49D-4315-9CD6-AE7B0EEA9549}.Debug|ARM.Build.0 = Debug|Any CPU
		{F3D148CA-D49D-4315-9CD6-AE7B0EEA9549}.Debug|x64.ActiveCfg = Debug|Any CPU
		{F3D148CA-D49D-4315-9CD6-AE7B0EEA9549}.Debug|x64.Build.0 = Debug|Any CPU
		{F3D148CA-D49D-4315-9CD6-AE7B0EEA9549}.Debug|x86.ActiveCfg = Debug|Any CPU
		{F3D148CA-D49D-4315-9CD6-AE7B0EEA9549}.Debug|x86.Build.0 = Debug|Any CPU
		{F3D148CA-D49D-4315-9CD6-AE7B0EEA9549}.Osx_Debug|Any CPU.ActiveCfg = Debug|Any CPU
		{F3D148CA-D49D-4315-9CD6-AE7B0EEA9549}.Osx_Debug|Any CPU.Build.0 = Debug|Any CPU
		{F3D148CA-D49D-4315-9CD6-AE7B0EEA9549}.Osx_Debug|ARM.ActiveCfg = Debug|Any CPU
		{F3D148CA-D49D-4315-9CD6-AE7B0EEA9549}.Osx_Debug|x64.ActiveCfg = Debug|Any CPU
		{F3D148CA-D49D-4315-9CD6-AE7B0EEA9549}.Osx_Debug|x64.Build.0 = Debug|Any CPU
		{F3D148CA-D49D-4315-9CD6-AE7B0EEA9549}.Osx_Debug|x86.ActiveCfg = Debug|Any CPU
		{F3D148CA-D49D-4315-9CD6-AE7B0EEA9549}.Osx_Release|Any CPU.ActiveCfg = Release|Any CPU
		{F3D148CA-D49D-4315-9CD6-AE7B0EEA9549}.Osx_Release|Any CPU.Build.0 = Release|Any CPU
		{F3D148CA-D49D-4315-9CD6-AE7B0EEA9549}.Osx_Release|ARM.ActiveCfg = Debug|Any CPU
		{F3D148CA-D49D-4315-9CD6-AE7B0EEA9549}.Osx_Release|x64.ActiveCfg = Release|Any CPU
		{F3D148CA-D49D-4315-9CD6-AE7B0EEA9549}.Osx_Release|x64.Build.0 = Release|Any CPU
		{F3D148CA-D49D-4315-9CD6-AE7B0EEA9549}.Osx_Release|x86.ActiveCfg = Debug|Any CPU
		{F3D148CA-D49D-4315-9CD6-AE7B0EEA9549}.Release|Any CPU.ActiveCfg = Release|Any CPU
		{F3D148CA-D49D-4315-9CD6-AE7B0EEA9549}.Release|Any CPU.Build.0 = Release|Any CPU
		{F3D148CA-D49D-4315-9CD6-AE7B0EEA9549}.Release|ARM.ActiveCfg = Release|Any CPU
		{F3D148CA-D49D-4315-9CD6-AE7B0EEA9549}.Release|ARM.Build.0 = Release|Any CPU
		{F3D148CA-D49D-4315-9CD6-AE7B0EEA9549}.Release|x64.ActiveCfg = Release|Any CPU
		{F3D148CA-D49D-4315-9CD6-AE7B0EEA9549}.Release|x64.Build.0 = Release|Any CPU
		{F3D148CA-D49D-4315-9CD6-AE7B0EEA9549}.Release|x86.ActiveCfg = Release|Any CPU
		{F3D148CA-D49D-4315-9CD6-AE7B0EEA9549}.Release|x86.Build.0 = Release|Any CPU
		{F3D148CA-D49D-4315-9CD6-AE7B0EEA9549}.Ubuntu_Debug|Any CPU.ActiveCfg = Debug|Any CPU
		{F3D148CA-D49D-4315-9CD6-AE7B0EEA9549}.Ubuntu_Debug|Any CPU.Build.0 = Debug|Any CPU
		{F3D148CA-D49D-4315-9CD6-AE7B0EEA9549}.Ubuntu_Debug|ARM.ActiveCfg = Debug|Any CPU
		{F3D148CA-D49D-4315-9CD6-AE7B0EEA9549}.Ubuntu_Debug|x64.ActiveCfg = Debug|Any CPU
		{F3D148CA-D49D-4315-9CD6-AE7B0EEA9549}.Ubuntu_Debug|x64.Build.0 = Debug|Any CPU
		{F3D148CA-D49D-4315-9CD6-AE7B0EEA9549}.Ubuntu_Debug|x86.ActiveCfg = Debug|Any CPU
		{F3D148CA-D49D-4315-9CD6-AE7B0EEA9549}.Ubuntu_Release|Any CPU.ActiveCfg = Release|Any CPU
		{F3D148CA-D49D-4315-9CD6-AE7B0EEA9549}.Ubuntu_Release|Any CPU.Build.0 = Release|Any CPU
		{F3D148CA-D49D-4315-9CD6-AE7B0EEA9549}.Ubuntu_Release|ARM.ActiveCfg = Debug|Any CPU
		{F3D148CA-D49D-4315-9CD6-AE7B0EEA9549}.Ubuntu_Release|x64.ActiveCfg = Release|Any CPU
		{F3D148CA-D49D-4315-9CD6-AE7B0EEA9549}.Ubuntu_Release|x64.Build.0 = Release|Any CPU
		{F3D148CA-D49D-4315-9CD6-AE7B0EEA9549}.Ubuntu_Release|x86.ActiveCfg = Debug|Any CPU
		{8D84EC23-9977-4CC8-B649-035FFAE9664C}.Debug|Any CPU.ActiveCfg = Debug|Any CPU
		{8D84EC23-9977-4CC8-B649-035FFAE9664C}.Debug|Any CPU.Build.0 = Debug|Any CPU
		{8D84EC23-9977-4CC8-B649-035FFAE9664C}.Debug|ARM.ActiveCfg = Debug|Any CPU
		{8D84EC23-9977-4CC8-B649-035FFAE9664C}.Debug|ARM.Build.0 = Debug|Any CPU
		{8D84EC23-9977-4CC8-B649-035FFAE9664C}.Debug|x64.ActiveCfg = Debug|Any CPU
		{8D84EC23-9977-4CC8-B649-035FFAE9664C}.Debug|x64.Build.0 = Debug|Any CPU
		{8D84EC23-9977-4CC8-B649-035FFAE9664C}.Debug|x86.ActiveCfg = Debug|Any CPU
		{8D84EC23-9977-4CC8-B649-035FFAE9664C}.Debug|x86.Build.0 = Debug|Any CPU
		{8D84EC23-9977-4CC8-B649-035FFAE9664C}.Osx_Debug|Any CPU.ActiveCfg = Debug|Any CPU
		{8D84EC23-9977-4CC8-B649-035FFAE9664C}.Osx_Debug|Any CPU.Build.0 = Debug|Any CPU
		{8D84EC23-9977-4CC8-B649-035FFAE9664C}.Osx_Debug|ARM.ActiveCfg = Debug|Any CPU
		{8D84EC23-9977-4CC8-B649-035FFAE9664C}.Osx_Debug|x64.ActiveCfg = Debug|Any CPU
		{8D84EC23-9977-4CC8-B649-035FFAE9664C}.Osx_Debug|x64.Build.0 = Debug|Any CPU
		{8D84EC23-9977-4CC8-B649-035FFAE9664C}.Osx_Debug|x86.ActiveCfg = Debug|Any CPU
		{8D84EC23-9977-4CC8-B649-035FFAE9664C}.Osx_Release|Any CPU.ActiveCfg = Release|Any CPU
		{8D84EC23-9977-4CC8-B649-035FFAE9664C}.Osx_Release|Any CPU.Build.0 = Release|Any CPU
		{8D84EC23-9977-4CC8-B649-035FFAE9664C}.Osx_Release|ARM.ActiveCfg = Debug|Any CPU
		{8D84EC23-9977-4CC8-B649-035FFAE9664C}.Osx_Release|x64.ActiveCfg = Release|Any CPU
		{8D84EC23-9977-4CC8-B649-035FFAE9664C}.Osx_Release|x64.Build.0 = Release|Any CPU
		{8D84EC23-9977-4CC8-B649-035FFAE9664C}.Osx_Release|x86.ActiveCfg = Debug|Any CPU
		{8D84EC23-9977-4CC8-B649-035FFAE9664C}.Release|Any CPU.ActiveCfg = Release|Any CPU
		{8D84EC23-9977-4CC8-B649-035FFAE9664C}.Release|Any CPU.Build.0 = Release|Any CPU
		{8D84EC23-9977-4CC8-B649-035FFAE9664C}.Release|ARM.ActiveCfg = Release|Any CPU
		{8D84EC23-9977-4CC8-B649-035FFAE9664C}.Release|ARM.Build.0 = Release|Any CPU
		{8D84EC23-9977-4CC8-B649-035FFAE9664C}.Release|x64.ActiveCfg = Release|Any CPU
		{8D84EC23-9977-4CC8-B649-035FFAE9664C}.Release|x64.Build.0 = Release|Any CPU
		{8D84EC23-9977-4CC8-B649-035FFAE9664C}.Release|x86.ActiveCfg = Release|Any CPU
		{8D84EC23-9977-4CC8-B649-035FFAE9664C}.Release|x86.Build.0 = Release|Any CPU
		{8D84EC23-9977-4CC8-B649-035FFAE9664C}.Ubuntu_Debug|Any CPU.ActiveCfg = Debug|Any CPU
		{8D84EC23-9977-4CC8-B649-035FFAE9664C}.Ubuntu_Debug|Any CPU.Build.0 = Debug|Any CPU
		{8D84EC23-9977-4CC8-B649-035FFAE9664C}.Ubuntu_Debug|ARM.ActiveCfg = Debug|Any CPU
		{8D84EC23-9977-4CC8-B649-035FFAE9664C}.Ubuntu_Debug|x64.ActiveCfg = Debug|Any CPU
		{8D84EC23-9977-4CC8-B649-035FFAE9664C}.Ubuntu_Debug|x64.Build.0 = Debug|Any CPU
		{8D84EC23-9977-4CC8-B649-035FFAE9664C}.Ubuntu_Debug|x86.ActiveCfg = Debug|Any CPU
		{8D84EC23-9977-4CC8-B649-035FFAE9664C}.Ubuntu_Release|Any CPU.ActiveCfg = Release|Any CPU
		{8D84EC23-9977-4CC8-B649-035FFAE9664C}.Ubuntu_Release|Any CPU.Build.0 = Release|Any CPU
		{8D84EC23-9977-4CC8-B649-035FFAE9664C}.Ubuntu_Release|ARM.ActiveCfg = Debug|Any CPU
		{8D84EC23-9977-4CC8-B649-035FFAE9664C}.Ubuntu_Release|x64.ActiveCfg = Release|Any CPU
		{8D84EC23-9977-4CC8-B649-035FFAE9664C}.Ubuntu_Release|x64.Build.0 = Release|Any CPU
		{8D84EC23-9977-4CC8-B649-035FFAE9664C}.Ubuntu_Release|x86.ActiveCfg = Debug|Any CPU
		{68C6476E-1F80-412A-A8A7-480F832922D8}.Debug|Any CPU.ActiveCfg = Debug|Any CPU
		{68C6476E-1F80-412A-A8A7-480F832922D8}.Debug|Any CPU.Build.0 = Debug|Any CPU
		{68C6476E-1F80-412A-A8A7-480F832922D8}.Debug|ARM.ActiveCfg = Debug|Any CPU
		{68C6476E-1F80-412A-A8A7-480F832922D8}.Debug|ARM.Build.0 = Debug|Any CPU
		{68C6476E-1F80-412A-A8A7-480F832922D8}.Debug|x64.ActiveCfg = Debug|Any CPU
		{68C6476E-1F80-412A-A8A7-480F832922D8}.Debug|x64.Build.0 = Debug|Any CPU
		{68C6476E-1F80-412A-A8A7-480F832922D8}.Debug|x86.ActiveCfg = Debug|Any CPU
		{68C6476E-1F80-412A-A8A7-480F832922D8}.Debug|x86.Build.0 = Debug|Any CPU
		{68C6476E-1F80-412A-A8A7-480F832922D8}.Osx_Debug|Any CPU.ActiveCfg = Debug|Any CPU
		{68C6476E-1F80-412A-A8A7-480F832922D8}.Osx_Debug|Any CPU.Build.0 = Debug|Any CPU
		{68C6476E-1F80-412A-A8A7-480F832922D8}.Osx_Debug|ARM.ActiveCfg = Debug|Any CPU
		{68C6476E-1F80-412A-A8A7-480F832922D8}.Osx_Debug|x64.ActiveCfg = Debug|Any CPU
		{68C6476E-1F80-412A-A8A7-480F832922D8}.Osx_Debug|x64.Build.0 = Debug|Any CPU
		{68C6476E-1F80-412A-A8A7-480F832922D8}.Osx_Debug|x86.ActiveCfg = Debug|Any CPU
		{68C6476E-1F80-412A-A8A7-480F832922D8}.Osx_Release|Any CPU.ActiveCfg = Release|Any CPU
		{68C6476E-1F80-412A-A8A7-480F832922D8}.Osx_Release|Any CPU.Build.0 = Release|Any CPU
		{68C6476E-1F80-412A-A8A7-480F832922D8}.Osx_Release|ARM.ActiveCfg = Debug|Any CPU
		{68C6476E-1F80-412A-A8A7-480F832922D8}.Osx_Release|x64.ActiveCfg = Release|Any CPU
		{68C6476E-1F80-412A-A8A7-480F832922D8}.Osx_Release|x64.Build.0 = Release|Any CPU
		{68C6476E-1F80-412A-A8A7-480F832922D8}.Osx_Release|x86.ActiveCfg = Debug|Any CPU
		{68C6476E-1F80-412A-A8A7-480F832922D8}.Release|Any CPU.ActiveCfg = Release|Any CPU
		{68C6476E-1F80-412A-A8A7-480F832922D8}.Release|Any CPU.Build.0 = Release|Any CPU
		{68C6476E-1F80-412A-A8A7-480F832922D8}.Release|ARM.ActiveCfg = Release|Any CPU
		{68C6476E-1F80-412A-A8A7-480F832922D8}.Release|ARM.Build.0 = Release|Any CPU
		{68C6476E-1F80-412A-A8A7-480F832922D8}.Release|x64.ActiveCfg = Release|Any CPU
		{68C6476E-1F80-412A-A8A7-480F832922D8}.Release|x64.Build.0 = Release|Any CPU
		{68C6476E-1F80-412A-A8A7-480F832922D8}.Release|x86.ActiveCfg = Release|Any CPU
		{68C6476E-1F80-412A-A8A7-480F832922D8}.Release|x86.Build.0 = Release|Any CPU
		{68C6476E-1F80-412A-A8A7-480F832922D8}.Ubuntu_Debug|Any CPU.ActiveCfg = Debug|Any CPU
		{68C6476E-1F80-412A-A8A7-480F832922D8}.Ubuntu_Debug|Any CPU.Build.0 = Debug|Any CPU
		{68C6476E-1F80-412A-A8A7-480F832922D8}.Ubuntu_Debug|ARM.ActiveCfg = Debug|Any CPU
		{68C6476E-1F80-412A-A8A7-480F832922D8}.Ubuntu_Debug|x64.ActiveCfg = Debug|Any CPU
		{68C6476E-1F80-412A-A8A7-480F832922D8}.Ubuntu_Debug|x64.Build.0 = Debug|Any CPU
		{68C6476E-1F80-412A-A8A7-480F832922D8}.Ubuntu_Debug|x86.ActiveCfg = Debug|Any CPU
		{68C6476E-1F80-412A-A8A7-480F832922D8}.Ubuntu_Release|Any CPU.ActiveCfg = Release|Any CPU
		{68C6476E-1F80-412A-A8A7-480F832922D8}.Ubuntu_Release|Any CPU.Build.0 = Release|Any CPU
		{68C6476E-1F80-412A-A8A7-480F832922D8}.Ubuntu_Release|ARM.ActiveCfg = Debug|Any CPU
		{68C6476E-1F80-412A-A8A7-480F832922D8}.Ubuntu_Release|x64.ActiveCfg = Release|Any CPU
		{68C6476E-1F80-412A-A8A7-480F832922D8}.Ubuntu_Release|x64.Build.0 = Release|Any CPU
		{68C6476E-1F80-412A-A8A7-480F832922D8}.Ubuntu_Release|x86.ActiveCfg = Debug|Any CPU
		{36E8F09A-D3CA-405B-B515-9206F85B432C}.Debug|Any CPU.ActiveCfg = Debug|Any CPU
		{36E8F09A-D3CA-405B-B515-9206F85B432C}.Debug|Any CPU.Build.0 = Debug|Any CPU
		{36E8F09A-D3CA-405B-B515-9206F85B432C}.Debug|ARM.ActiveCfg = Debug|Any CPU
		{36E8F09A-D3CA-405B-B515-9206F85B432C}.Debug|ARM.Build.0 = Debug|Any CPU
		{36E8F09A-D3CA-405B-B515-9206F85B432C}.Debug|x64.ActiveCfg = Debug|Any CPU
		{36E8F09A-D3CA-405B-B515-9206F85B432C}.Debug|x64.Build.0 = Debug|Any CPU
		{36E8F09A-D3CA-405B-B515-9206F85B432C}.Debug|x86.ActiveCfg = Debug|Any CPU
		{36E8F09A-D3CA-405B-B515-9206F85B432C}.Debug|x86.Build.0 = Debug|Any CPU
		{36E8F09A-D3CA-405B-B515-9206F85B432C}.Osx_Debug|Any CPU.ActiveCfg = Debug|Any CPU
		{36E8F09A-D3CA-405B-B515-9206F85B432C}.Osx_Debug|Any CPU.Build.0 = Debug|Any CPU
		{36E8F09A-D3CA-405B-B515-9206F85B432C}.Osx_Debug|ARM.ActiveCfg = Debug|Any CPU
		{36E8F09A-D3CA-405B-B515-9206F85B432C}.Osx_Debug|x64.ActiveCfg = Debug|Any CPU
		{36E8F09A-D3CA-405B-B515-9206F85B432C}.Osx_Debug|x64.Build.0 = Debug|Any CPU
		{36E8F09A-D3CA-405B-B515-9206F85B432C}.Osx_Debug|x86.ActiveCfg = Debug|Any CPU
		{36E8F09A-D3CA-405B-B515-9206F85B432C}.Osx_Release|Any CPU.ActiveCfg = Release|Any CPU
		{36E8F09A-D3CA-405B-B515-9206F85B432C}.Osx_Release|Any CPU.Build.0 = Release|Any CPU
		{36E8F09A-D3CA-405B-B515-9206F85B432C}.Osx_Release|ARM.ActiveCfg = Debug|Any CPU
		{36E8F09A-D3CA-405B-B515-9206F85B432C}.Osx_Release|x64.ActiveCfg = Release|Any CPU
		{36E8F09A-D3CA-405B-B515-9206F85B432C}.Osx_Release|x64.Build.0 = Release|Any CPU
		{36E8F09A-D3CA-405B-B515-9206F85B432C}.Osx_Release|x86.ActiveCfg = Debug|Any CPU
		{36E8F09A-D3CA-405B-B515-9206F85B432C}.Release|Any CPU.ActiveCfg = Release|Any CPU
		{36E8F09A-D3CA-405B-B515-9206F85B432C}.Release|Any CPU.Build.0 = Release|Any CPU
		{36E8F09A-D3CA-405B-B515-9206F85B432C}.Release|ARM.ActiveCfg = Release|Any CPU
		{36E8F09A-D3CA-405B-B515-9206F85B432C}.Release|ARM.Build.0 = Release|Any CPU
		{36E8F09A-D3CA-405B-B515-9206F85B432C}.Release|x64.ActiveCfg = Release|Any CPU
		{36E8F09A-D3CA-405B-B515-9206F85B432C}.Release|x64.Build.0 = Release|Any CPU
		{36E8F09A-D3CA-405B-B515-9206F85B432C}.Release|x86.ActiveCfg = Release|Any CPU
		{36E8F09A-D3CA-405B-B515-9206F85B432C}.Release|x86.Build.0 = Release|Any CPU
		{36E8F09A-D3CA-405B-B515-9206F85B432C}.Ubuntu_Debug|Any CPU.ActiveCfg = Debug|Any CPU
		{36E8F09A-D3CA-405B-B515-9206F85B432C}.Ubuntu_Debug|Any CPU.Build.0 = Debug|Any CPU
		{36E8F09A-D3CA-405B-B515-9206F85B432C}.Ubuntu_Debug|ARM.ActiveCfg = Debug|Any CPU
		{36E8F09A-D3CA-405B-B515-9206F85B432C}.Ubuntu_Debug|x64.ActiveCfg = Debug|Any CPU
		{36E8F09A-D3CA-405B-B515-9206F85B432C}.Ubuntu_Debug|x64.Build.0 = Debug|Any CPU
		{36E8F09A-D3CA-405B-B515-9206F85B432C}.Ubuntu_Debug|x86.ActiveCfg = Debug|Any CPU
		{36E8F09A-D3CA-405B-B515-9206F85B432C}.Ubuntu_Release|Any CPU.ActiveCfg = Release|Any CPU
		{36E8F09A-D3CA-405B-B515-9206F85B432C}.Ubuntu_Release|Any CPU.Build.0 = Release|Any CPU
		{36E8F09A-D3CA-405B-B515-9206F85B432C}.Ubuntu_Release|ARM.ActiveCfg = Debug|Any CPU
		{36E8F09A-D3CA-405B-B515-9206F85B432C}.Ubuntu_Release|x64.ActiveCfg = Release|Any CPU
		{36E8F09A-D3CA-405B-B515-9206F85B432C}.Ubuntu_Release|x64.Build.0 = Release|Any CPU
		{36E8F09A-D3CA-405B-B515-9206F85B432C}.Ubuntu_Release|x86.ActiveCfg = Debug|Any CPU
		{16815A46-F1CA-4D56-80C8-54C4DFB8C1BC}.Debug|Any CPU.ActiveCfg = Debug|Any CPU
		{16815A46-F1CA-4D56-80C8-54C4DFB8C1BC}.Debug|Any CPU.Build.0 = Debug|Any CPU
		{16815A46-F1CA-4D56-80C8-54C4DFB8C1BC}.Debug|ARM.ActiveCfg = Debug|Any CPU
		{16815A46-F1CA-4D56-80C8-54C4DFB8C1BC}.Debug|ARM.Build.0 = Debug|Any CPU
		{16815A46-F1CA-4D56-80C8-54C4DFB8C1BC}.Debug|x64.ActiveCfg = Debug|Any CPU
		{16815A46-F1CA-4D56-80C8-54C4DFB8C1BC}.Debug|x64.Build.0 = Debug|Any CPU
		{16815A46-F1CA-4D56-80C8-54C4DFB8C1BC}.Debug|x86.ActiveCfg = Debug|Any CPU
		{16815A46-F1CA-4D56-80C8-54C4DFB8C1BC}.Debug|x86.Build.0 = Debug|Any CPU
		{16815A46-F1CA-4D56-80C8-54C4DFB8C1BC}.Osx_Debug|Any CPU.ActiveCfg = Debug|Any CPU
		{16815A46-F1CA-4D56-80C8-54C4DFB8C1BC}.Osx_Debug|Any CPU.Build.0 = Debug|Any CPU
		{16815A46-F1CA-4D56-80C8-54C4DFB8C1BC}.Osx_Debug|ARM.ActiveCfg = Debug|Any CPU
		{16815A46-F1CA-4D56-80C8-54C4DFB8C1BC}.Osx_Debug|x64.ActiveCfg = Debug|Any CPU
		{16815A46-F1CA-4D56-80C8-54C4DFB8C1BC}.Osx_Debug|x64.Build.0 = Debug|Any CPU
		{16815A46-F1CA-4D56-80C8-54C4DFB8C1BC}.Osx_Debug|x86.ActiveCfg = Debug|Any CPU
		{16815A46-F1CA-4D56-80C8-54C4DFB8C1BC}.Osx_Release|Any CPU.ActiveCfg = Release|Any CPU
		{16815A46-F1CA-4D56-80C8-54C4DFB8C1BC}.Osx_Release|Any CPU.Build.0 = Release|Any CPU
		{16815A46-F1CA-4D56-80C8-54C4DFB8C1BC}.Osx_Release|ARM.ActiveCfg = Debug|Any CPU
		{16815A46-F1CA-4D56-80C8-54C4DFB8C1BC}.Osx_Release|x64.ActiveCfg = Release|Any CPU
		{16815A46-F1CA-4D56-80C8-54C4DFB8C1BC}.Osx_Release|x64.Build.0 = Release|Any CPU
		{16815A46-F1CA-4D56-80C8-54C4DFB8C1BC}.Osx_Release|x86.ActiveCfg = Debug|Any CPU
		{16815A46-F1CA-4D56-80C8-54C4DFB8C1BC}.Release|Any CPU.ActiveCfg = Release|Any CPU
		{16815A46-F1CA-4D56-80C8-54C4DFB8C1BC}.Release|Any CPU.Build.0 = Release|Any CPU
		{16815A46-F1CA-4D56-80C8-54C4DFB8C1BC}.Release|ARM.ActiveCfg = Release|Any CPU
		{16815A46-F1CA-4D56-80C8-54C4DFB8C1BC}.Release|ARM.Build.0 = Release|Any CPU
		{16815A46-F1CA-4D56-80C8-54C4DFB8C1BC}.Release|x64.ActiveCfg = Release|Any CPU
		{16815A46-F1CA-4D56-80C8-54C4DFB8C1BC}.Release|x64.Build.0 = Release|Any CPU
		{16815A46-F1CA-4D56-80C8-54C4DFB8C1BC}.Release|x86.ActiveCfg = Release|Any CPU
		{16815A46-F1CA-4D56-80C8-54C4DFB8C1BC}.Release|x86.Build.0 = Release|Any CPU
		{16815A46-F1CA-4D56-80C8-54C4DFB8C1BC}.Ubuntu_Debug|Any CPU.ActiveCfg = Debug|Any CPU
		{16815A46-F1CA-4D56-80C8-54C4DFB8C1BC}.Ubuntu_Debug|Any CPU.Build.0 = Debug|Any CPU
		{16815A46-F1CA-4D56-80C8-54C4DFB8C1BC}.Ubuntu_Debug|ARM.ActiveCfg = Debug|Any CPU
		{16815A46-F1CA-4D56-80C8-54C4DFB8C1BC}.Ubuntu_Debug|x64.ActiveCfg = Debug|Any CPU
		{16815A46-F1CA-4D56-80C8-54C4DFB8C1BC}.Ubuntu_Debug|x64.Build.0 = Debug|Any CPU
		{16815A46-F1CA-4D56-80C8-54C4DFB8C1BC}.Ubuntu_Debug|x86.ActiveCfg = Debug|Any CPU
		{16815A46-F1CA-4D56-80C8-54C4DFB8C1BC}.Ubuntu_Release|Any CPU.ActiveCfg = Release|Any CPU
		{16815A46-F1CA-4D56-80C8-54C4DFB8C1BC}.Ubuntu_Release|Any CPU.Build.0 = Release|Any CPU
		{16815A46-F1CA-4D56-80C8-54C4DFB8C1BC}.Ubuntu_Release|ARM.ActiveCfg = Debug|Any CPU
		{16815A46-F1CA-4D56-80C8-54C4DFB8C1BC}.Ubuntu_Release|x64.ActiveCfg = Release|Any CPU
		{16815A46-F1CA-4D56-80C8-54C4DFB8C1BC}.Ubuntu_Release|x64.Build.0 = Release|Any CPU
		{16815A46-F1CA-4D56-80C8-54C4DFB8C1BC}.Ubuntu_Release|x86.ActiveCfg = Debug|Any CPU
		{28D8D77D-E68D-4EBC-9150-F7C433D63BFA}.Debug|Any CPU.ActiveCfg = Debug|Any CPU
		{28D8D77D-E68D-4EBC-9150-F7C433D63BFA}.Debug|Any CPU.Build.0 = Debug|Any CPU
		{28D8D77D-E68D-4EBC-9150-F7C433D63BFA}.Debug|ARM.ActiveCfg = Debug|Any CPU
		{28D8D77D-E68D-4EBC-9150-F7C433D63BFA}.Debug|ARM.Build.0 = Debug|Any CPU
		{28D8D77D-E68D-4EBC-9150-F7C433D63BFA}.Debug|x64.ActiveCfg = Debug|Any CPU
		{28D8D77D-E68D-4EBC-9150-F7C433D63BFA}.Debug|x64.Build.0 = Debug|Any CPU
		{28D8D77D-E68D-4EBC-9150-F7C433D63BFA}.Debug|x86.ActiveCfg = Debug|Any CPU
		{28D8D77D-E68D-4EBC-9150-F7C433D63BFA}.Debug|x86.Build.0 = Debug|Any CPU
		{28D8D77D-E68D-4EBC-9150-F7C433D63BFA}.Osx_Debug|Any CPU.ActiveCfg = Debug|Any CPU
		{28D8D77D-E68D-4EBC-9150-F7C433D63BFA}.Osx_Debug|Any CPU.Build.0 = Debug|Any CPU
		{28D8D77D-E68D-4EBC-9150-F7C433D63BFA}.Osx_Debug|ARM.ActiveCfg = Debug|Any CPU
		{28D8D77D-E68D-4EBC-9150-F7C433D63BFA}.Osx_Debug|x64.ActiveCfg = Debug|Any CPU
		{28D8D77D-E68D-4EBC-9150-F7C433D63BFA}.Osx_Debug|x64.Build.0 = Debug|Any CPU
		{28D8D77D-E68D-4EBC-9150-F7C433D63BFA}.Osx_Debug|x86.ActiveCfg = Debug|Any CPU
		{28D8D77D-E68D-4EBC-9150-F7C433D63BFA}.Osx_Release|Any CPU.ActiveCfg = Release|Any CPU
		{28D8D77D-E68D-4EBC-9150-F7C433D63BFA}.Osx_Release|Any CPU.Build.0 = Release|Any CPU
		{28D8D77D-E68D-4EBC-9150-F7C433D63BFA}.Osx_Release|ARM.ActiveCfg = Debug|Any CPU
		{28D8D77D-E68D-4EBC-9150-F7C433D63BFA}.Osx_Release|x64.ActiveCfg = Release|Any CPU
		{28D8D77D-E68D-4EBC-9150-F7C433D63BFA}.Osx_Release|x64.Build.0 = Release|Any CPU
		{28D8D77D-E68D-4EBC-9150-F7C433D63BFA}.Osx_Release|x86.ActiveCfg = Debug|Any CPU
		{28D8D77D-E68D-4EBC-9150-F7C433D63BFA}.Release|Any CPU.ActiveCfg = Release|Any CPU
		{28D8D77D-E68D-4EBC-9150-F7C433D63BFA}.Release|Any CPU.Build.0 = Release|Any CPU
		{28D8D77D-E68D-4EBC-9150-F7C433D63BFA}.Release|ARM.ActiveCfg = Release|Any CPU
		{28D8D77D-E68D-4EBC-9150-F7C433D63BFA}.Release|ARM.Build.0 = Release|Any CPU
		{28D8D77D-E68D-4EBC-9150-F7C433D63BFA}.Release|x64.ActiveCfg = Release|Any CPU
		{28D8D77D-E68D-4EBC-9150-F7C433D63BFA}.Release|x64.Build.0 = Release|Any CPU
		{28D8D77D-E68D-4EBC-9150-F7C433D63BFA}.Release|x86.ActiveCfg = Release|Any CPU
		{28D8D77D-E68D-4EBC-9150-F7C433D63BFA}.Release|x86.Build.0 = Release|Any CPU
		{28D8D77D-E68D-4EBC-9150-F7C433D63BFA}.Ubuntu_Debug|Any CPU.ActiveCfg = Debug|Any CPU
		{28D8D77D-E68D-4EBC-9150-F7C433D63BFA}.Ubuntu_Debug|Any CPU.Build.0 = Debug|Any CPU
		{28D8D77D-E68D-4EBC-9150-F7C433D63BFA}.Ubuntu_Debug|ARM.ActiveCfg = Debug|Any CPU
		{28D8D77D-E68D-4EBC-9150-F7C433D63BFA}.Ubuntu_Debug|x64.ActiveCfg = Debug|Any CPU
		{28D8D77D-E68D-4EBC-9150-F7C433D63BFA}.Ubuntu_Debug|x64.Build.0 = Debug|Any CPU
		{28D8D77D-E68D-4EBC-9150-F7C433D63BFA}.Ubuntu_Debug|x86.ActiveCfg = Debug|Any CPU
		{28D8D77D-E68D-4EBC-9150-F7C433D63BFA}.Ubuntu_Release|Any CPU.ActiveCfg = Release|Any CPU
		{28D8D77D-E68D-4EBC-9150-F7C433D63BFA}.Ubuntu_Release|Any CPU.Build.0 = Release|Any CPU
		{28D8D77D-E68D-4EBC-9150-F7C433D63BFA}.Ubuntu_Release|ARM.ActiveCfg = Debug|Any CPU
		{28D8D77D-E68D-4EBC-9150-F7C433D63BFA}.Ubuntu_Release|x64.ActiveCfg = Release|Any CPU
		{28D8D77D-E68D-4EBC-9150-F7C433D63BFA}.Ubuntu_Release|x64.Build.0 = Release|Any CPU
		{28D8D77D-E68D-4EBC-9150-F7C433D63BFA}.Ubuntu_Release|x86.ActiveCfg = Debug|Any CPU
		{18419457-1176-4989-8358-2024AB5B7085}.Debug|Any CPU.ActiveCfg = Debug|Any CPU
		{18419457-1176-4989-8358-2024AB5B7085}.Debug|Any CPU.Build.0 = Debug|Any CPU
		{18419457-1176-4989-8358-2024AB5B7085}.Debug|ARM.ActiveCfg = Debug|Any CPU
		{18419457-1176-4989-8358-2024AB5B7085}.Debug|ARM.Build.0 = Debug|Any CPU
		{18419457-1176-4989-8358-2024AB5B7085}.Debug|x64.ActiveCfg = Debug|Any CPU
		{18419457-1176-4989-8358-2024AB5B7085}.Debug|x64.Build.0 = Debug|Any CPU
		{18419457-1176-4989-8358-2024AB5B7085}.Debug|x86.ActiveCfg = Debug|Any CPU
		{18419457-1176-4989-8358-2024AB5B7085}.Debug|x86.Build.0 = Debug|Any CPU
		{18419457-1176-4989-8358-2024AB5B7085}.Osx_Debug|Any CPU.ActiveCfg = Debug|Any CPU
		{18419457-1176-4989-8358-2024AB5B7085}.Osx_Debug|Any CPU.Build.0 = Debug|Any CPU
		{18419457-1176-4989-8358-2024AB5B7085}.Osx_Debug|ARM.ActiveCfg = Debug|Any CPU
		{18419457-1176-4989-8358-2024AB5B7085}.Osx_Debug|x64.ActiveCfg = Debug|Any CPU
		{18419457-1176-4989-8358-2024AB5B7085}.Osx_Debug|x64.Build.0 = Debug|Any CPU
		{18419457-1176-4989-8358-2024AB5B7085}.Osx_Debug|x86.ActiveCfg = Debug|Any CPU
		{18419457-1176-4989-8358-2024AB5B7085}.Osx_Release|Any CPU.ActiveCfg = Release|Any CPU
		{18419457-1176-4989-8358-2024AB5B7085}.Osx_Release|Any CPU.Build.0 = Release|Any CPU
		{18419457-1176-4989-8358-2024AB5B7085}.Osx_Release|ARM.ActiveCfg = Debug|Any CPU
		{18419457-1176-4989-8358-2024AB5B7085}.Osx_Release|x64.ActiveCfg = Release|Any CPU
		{18419457-1176-4989-8358-2024AB5B7085}.Osx_Release|x64.Build.0 = Release|Any CPU
		{18419457-1176-4989-8358-2024AB5B7085}.Osx_Release|x86.ActiveCfg = Debug|Any CPU
		{18419457-1176-4989-8358-2024AB5B7085}.Release|Any CPU.ActiveCfg = Release|Any CPU
		{18419457-1176-4989-8358-2024AB5B7085}.Release|Any CPU.Build.0 = Release|Any CPU
		{18419457-1176-4989-8358-2024AB5B7085}.Release|ARM.ActiveCfg = Release|Any CPU
		{18419457-1176-4989-8358-2024AB5B7085}.Release|ARM.Build.0 = Release|Any CPU
		{18419457-1176-4989-8358-2024AB5B7085}.Release|x64.ActiveCfg = Release|Any CPU
		{18419457-1176-4989-8358-2024AB5B7085}.Release|x64.Build.0 = Release|Any CPU
		{18419457-1176-4989-8358-2024AB5B7085}.Release|x86.ActiveCfg = Release|Any CPU
		{18419457-1176-4989-8358-2024AB5B7085}.Release|x86.Build.0 = Release|Any CPU
		{18419457-1176-4989-8358-2024AB5B7085}.Ubuntu_Debug|Any CPU.ActiveCfg = Debug|Any CPU
		{18419457-1176-4989-8358-2024AB5B7085}.Ubuntu_Debug|Any CPU.Build.0 = Debug|Any CPU
		{18419457-1176-4989-8358-2024AB5B7085}.Ubuntu_Debug|ARM.ActiveCfg = Debug|Any CPU
		{18419457-1176-4989-8358-2024AB5B7085}.Ubuntu_Debug|x64.ActiveCfg = Debug|Any CPU
		{18419457-1176-4989-8358-2024AB5B7085}.Ubuntu_Debug|x64.Build.0 = Debug|Any CPU
		{18419457-1176-4989-8358-2024AB5B7085}.Ubuntu_Debug|x86.ActiveCfg = Debug|Any CPU
		{18419457-1176-4989-8358-2024AB5B7085}.Ubuntu_Release|Any CPU.ActiveCfg = Release|Any CPU
		{18419457-1176-4989-8358-2024AB5B7085}.Ubuntu_Release|Any CPU.Build.0 = Release|Any CPU
		{18419457-1176-4989-8358-2024AB5B7085}.Ubuntu_Release|ARM.ActiveCfg = Debug|Any CPU
		{18419457-1176-4989-8358-2024AB5B7085}.Ubuntu_Release|x64.ActiveCfg = Release|Any CPU
		{18419457-1176-4989-8358-2024AB5B7085}.Ubuntu_Release|x64.Build.0 = Release|Any CPU
		{18419457-1176-4989-8358-2024AB5B7085}.Ubuntu_Release|x86.ActiveCfg = Debug|Any CPU
		{C14486AC-22BE-480C-8235-2479C6C8F3FF}.Debug|Any CPU.ActiveCfg = Debug|Any CPU
		{C14486AC-22BE-480C-8235-2479C6C8F3FF}.Debug|Any CPU.Build.0 = Debug|Any CPU
		{C14486AC-22BE-480C-8235-2479C6C8F3FF}.Debug|ARM.ActiveCfg = Debug|Any CPU
		{C14486AC-22BE-480C-8235-2479C6C8F3FF}.Debug|ARM.Build.0 = Debug|Any CPU
		{C14486AC-22BE-480C-8235-2479C6C8F3FF}.Debug|x64.ActiveCfg = Debug|Any CPU
		{C14486AC-22BE-480C-8235-2479C6C8F3FF}.Debug|x64.Build.0 = Debug|Any CPU
		{C14486AC-22BE-480C-8235-2479C6C8F3FF}.Debug|x86.ActiveCfg = Debug|Any CPU
		{C14486AC-22BE-480C-8235-2479C6C8F3FF}.Debug|x86.Build.0 = Debug|Any CPU
		{C14486AC-22BE-480C-8235-2479C6C8F3FF}.Osx_Debug|Any CPU.ActiveCfg = Debug|Any CPU
		{C14486AC-22BE-480C-8235-2479C6C8F3FF}.Osx_Debug|Any CPU.Build.0 = Debug|Any CPU
		{C14486AC-22BE-480C-8235-2479C6C8F3FF}.Osx_Debug|ARM.ActiveCfg = Debug|Any CPU
		{C14486AC-22BE-480C-8235-2479C6C8F3FF}.Osx_Debug|x64.ActiveCfg = Debug|Any CPU
		{C14486AC-22BE-480C-8235-2479C6C8F3FF}.Osx_Debug|x64.Build.0 = Debug|Any CPU
		{C14486AC-22BE-480C-8235-2479C6C8F3FF}.Osx_Debug|x86.ActiveCfg = Debug|Any CPU
		{C14486AC-22BE-480C-8235-2479C6C8F3FF}.Osx_Release|Any CPU.ActiveCfg = Release|Any CPU
		{C14486AC-22BE-480C-8235-2479C6C8F3FF}.Osx_Release|Any CPU.Build.0 = Release|Any CPU
		{C14486AC-22BE-480C-8235-2479C6C8F3FF}.Osx_Release|ARM.ActiveCfg = Debug|Any CPU
		{C14486AC-22BE-480C-8235-2479C6C8F3FF}.Osx_Release|x64.ActiveCfg = Release|Any CPU
		{C14486AC-22BE-480C-8235-2479C6C8F3FF}.Osx_Release|x64.Build.0 = Release|Any CPU
		{C14486AC-22BE-480C-8235-2479C6C8F3FF}.Osx_Release|x86.ActiveCfg = Debug|Any CPU
		{C14486AC-22BE-480C-8235-2479C6C8F3FF}.Release|Any CPU.ActiveCfg = Release|Any CPU
		{C14486AC-22BE-480C-8235-2479C6C8F3FF}.Release|Any CPU.Build.0 = Release|Any CPU
		{C14486AC-22BE-480C-8235-2479C6C8F3FF}.Release|ARM.ActiveCfg = Release|Any CPU
		{C14486AC-22BE-480C-8235-2479C6C8F3FF}.Release|ARM.Build.0 = Release|Any CPU
		{C14486AC-22BE-480C-8235-2479C6C8F3FF}.Release|x64.ActiveCfg = Release|Any CPU
		{C14486AC-22BE-480C-8235-2479C6C8F3FF}.Release|x64.Build.0 = Release|Any CPU
		{C14486AC-22BE-480C-8235-2479C6C8F3FF}.Release|x86.ActiveCfg = Release|Any CPU
		{C14486AC-22BE-480C-8235-2479C6C8F3FF}.Release|x86.Build.0 = Release|Any CPU
		{C14486AC-22BE-480C-8235-2479C6C8F3FF}.Ubuntu_Debug|Any CPU.ActiveCfg = Debug|Any CPU
		{C14486AC-22BE-480C-8235-2479C6C8F3FF}.Ubuntu_Debug|Any CPU.Build.0 = Debug|Any CPU
		{C14486AC-22BE-480C-8235-2479C6C8F3FF}.Ubuntu_Debug|ARM.ActiveCfg = Debug|Any CPU
		{C14486AC-22BE-480C-8235-2479C6C8F3FF}.Ubuntu_Debug|x64.ActiveCfg = Debug|Any CPU
		{C14486AC-22BE-480C-8235-2479C6C8F3FF}.Ubuntu_Debug|x64.Build.0 = Debug|Any CPU
		{C14486AC-22BE-480C-8235-2479C6C8F3FF}.Ubuntu_Debug|x86.ActiveCfg = Debug|Any CPU
		{C14486AC-22BE-480C-8235-2479C6C8F3FF}.Ubuntu_Release|Any CPU.ActiveCfg = Release|Any CPU
		{C14486AC-22BE-480C-8235-2479C6C8F3FF}.Ubuntu_Release|Any CPU.Build.0 = Release|Any CPU
		{C14486AC-22BE-480C-8235-2479C6C8F3FF}.Ubuntu_Release|ARM.ActiveCfg = Debug|Any CPU
		{C14486AC-22BE-480C-8235-2479C6C8F3FF}.Ubuntu_Release|x64.ActiveCfg = Release|Any CPU
		{C14486AC-22BE-480C-8235-2479C6C8F3FF}.Ubuntu_Release|x64.Build.0 = Release|Any CPU
		{C14486AC-22BE-480C-8235-2479C6C8F3FF}.Ubuntu_Release|x86.ActiveCfg = Debug|Any CPU
		{30E5290C-4F2D-4E68-BD4C-7EDA41218EF0}.Debug|Any CPU.ActiveCfg = Debug|Any CPU
		{30E5290C-4F2D-4E68-BD4C-7EDA41218EF0}.Debug|Any CPU.Build.0 = Debug|Any CPU
		{30E5290C-4F2D-4E68-BD4C-7EDA41218EF0}.Debug|ARM.ActiveCfg = Debug|Any CPU
		{30E5290C-4F2D-4E68-BD4C-7EDA41218EF0}.Debug|ARM.Build.0 = Debug|Any CPU
		{30E5290C-4F2D-4E68-BD4C-7EDA41218EF0}.Debug|x64.ActiveCfg = Debug|Any CPU
		{30E5290C-4F2D-4E68-BD4C-7EDA41218EF0}.Debug|x64.Build.0 = Debug|Any CPU
		{30E5290C-4F2D-4E68-BD4C-7EDA41218EF0}.Debug|x86.ActiveCfg = Debug|Any CPU
		{30E5290C-4F2D-4E68-BD4C-7EDA41218EF0}.Debug|x86.Build.0 = Debug|Any CPU
		{30E5290C-4F2D-4E68-BD4C-7EDA41218EF0}.Osx_Debug|Any CPU.ActiveCfg = Debug|Any CPU
		{30E5290C-4F2D-4E68-BD4C-7EDA41218EF0}.Osx_Debug|Any CPU.Build.0 = Debug|Any CPU
		{30E5290C-4F2D-4E68-BD4C-7EDA41218EF0}.Osx_Debug|ARM.ActiveCfg = Debug|Any CPU
		{30E5290C-4F2D-4E68-BD4C-7EDA41218EF0}.Osx_Debug|x64.ActiveCfg = Debug|Any CPU
		{30E5290C-4F2D-4E68-BD4C-7EDA41218EF0}.Osx_Debug|x64.Build.0 = Debug|Any CPU
		{30E5290C-4F2D-4E68-BD4C-7EDA41218EF0}.Osx_Debug|x86.ActiveCfg = Debug|Any CPU
		{30E5290C-4F2D-4E68-BD4C-7EDA41218EF0}.Osx_Release|Any CPU.ActiveCfg = Release|Any CPU
		{30E5290C-4F2D-4E68-BD4C-7EDA41218EF0}.Osx_Release|Any CPU.Build.0 = Release|Any CPU
		{30E5290C-4F2D-4E68-BD4C-7EDA41218EF0}.Osx_Release|ARM.ActiveCfg = Debug|Any CPU
		{30E5290C-4F2D-4E68-BD4C-7EDA41218EF0}.Osx_Release|x64.ActiveCfg = Release|Any CPU
		{30E5290C-4F2D-4E68-BD4C-7EDA41218EF0}.Osx_Release|x64.Build.0 = Release|Any CPU
		{30E5290C-4F2D-4E68-BD4C-7EDA41218EF0}.Osx_Release|x86.ActiveCfg = Debug|Any CPU
		{30E5290C-4F2D-4E68-BD4C-7EDA41218EF0}.Release|Any CPU.ActiveCfg = Release|Any CPU
		{30E5290C-4F2D-4E68-BD4C-7EDA41218EF0}.Release|Any CPU.Build.0 = Release|Any CPU
		{30E5290C-4F2D-4E68-BD4C-7EDA41218EF0}.Release|ARM.ActiveCfg = Release|Any CPU
		{30E5290C-4F2D-4E68-BD4C-7EDA41218EF0}.Release|ARM.Build.0 = Release|Any CPU
		{30E5290C-4F2D-4E68-BD4C-7EDA41218EF0}.Release|x64.ActiveCfg = Release|Any CPU
		{30E5290C-4F2D-4E68-BD4C-7EDA41218EF0}.Release|x64.Build.0 = Release|Any CPU
		{30E5290C-4F2D-4E68-BD4C-7EDA41218EF0}.Release|x86.ActiveCfg = Release|Any CPU
		{30E5290C-4F2D-4E68-BD4C-7EDA41218EF0}.Release|x86.Build.0 = Release|Any CPU
		{30E5290C-4F2D-4E68-BD4C-7EDA41218EF0}.Ubuntu_Debug|Any CPU.ActiveCfg = Debug|Any CPU
		{30E5290C-4F2D-4E68-BD4C-7EDA41218EF0}.Ubuntu_Debug|Any CPU.Build.0 = Debug|Any CPU
		{30E5290C-4F2D-4E68-BD4C-7EDA41218EF0}.Ubuntu_Debug|ARM.ActiveCfg = Debug|Any CPU
		{30E5290C-4F2D-4E68-BD4C-7EDA41218EF0}.Ubuntu_Debug|x64.ActiveCfg = Debug|Any CPU
		{30E5290C-4F2D-4E68-BD4C-7EDA41218EF0}.Ubuntu_Debug|x64.Build.0 = Debug|Any CPU
		{30E5290C-4F2D-4E68-BD4C-7EDA41218EF0}.Ubuntu_Debug|x86.ActiveCfg = Debug|Any CPU
		{30E5290C-4F2D-4E68-BD4C-7EDA41218EF0}.Ubuntu_Release|Any CPU.ActiveCfg = Release|Any CPU
		{30E5290C-4F2D-4E68-BD4C-7EDA41218EF0}.Ubuntu_Release|Any CPU.Build.0 = Release|Any CPU
		{30E5290C-4F2D-4E68-BD4C-7EDA41218EF0}.Ubuntu_Release|ARM.ActiveCfg = Debug|Any CPU
		{30E5290C-4F2D-4E68-BD4C-7EDA41218EF0}.Ubuntu_Release|x64.ActiveCfg = Release|Any CPU
		{30E5290C-4F2D-4E68-BD4C-7EDA41218EF0}.Ubuntu_Release|x64.Build.0 = Release|Any CPU
		{30E5290C-4F2D-4E68-BD4C-7EDA41218EF0}.Ubuntu_Release|x86.ActiveCfg = Debug|Any CPU
		{08DD5EC4-BA0B-405C-B8CF-B48357A90402}.Debug|Any CPU.ActiveCfg = Debug|Any CPU
		{08DD5EC4-BA0B-405C-B8CF-B48357A90402}.Debug|Any CPU.Build.0 = Debug|Any CPU
		{08DD5EC4-BA0B-405C-B8CF-B48357A90402}.Debug|ARM.ActiveCfg = Debug|Any CPU
		{08DD5EC4-BA0B-405C-B8CF-B48357A90402}.Debug|ARM.Build.0 = Debug|Any CPU
		{08DD5EC4-BA0B-405C-B8CF-B48357A90402}.Debug|x64.ActiveCfg = Debug|Any CPU
		{08DD5EC4-BA0B-405C-B8CF-B48357A90402}.Debug|x64.Build.0 = Debug|Any CPU
		{08DD5EC4-BA0B-405C-B8CF-B48357A90402}.Debug|x86.ActiveCfg = Debug|Any CPU
		{08DD5EC4-BA0B-405C-B8CF-B48357A90402}.Debug|x86.Build.0 = Debug|Any CPU
		{08DD5EC4-BA0B-405C-B8CF-B48357A90402}.Osx_Debug|Any CPU.ActiveCfg = Debug|Any CPU
		{08DD5EC4-BA0B-405C-B8CF-B48357A90402}.Osx_Debug|Any CPU.Build.0 = Debug|Any CPU
		{08DD5EC4-BA0B-405C-B8CF-B48357A90402}.Osx_Debug|ARM.ActiveCfg = Debug|Any CPU
		{08DD5EC4-BA0B-405C-B8CF-B48357A90402}.Osx_Debug|x64.ActiveCfg = Debug|Any CPU
		{08DD5EC4-BA0B-405C-B8CF-B48357A90402}.Osx_Debug|x64.Build.0 = Debug|Any CPU
		{08DD5EC4-BA0B-405C-B8CF-B48357A90402}.Osx_Debug|x86.ActiveCfg = Debug|Any CPU
		{08DD5EC4-BA0B-405C-B8CF-B48357A90402}.Osx_Release|Any CPU.ActiveCfg = Release|Any CPU
		{08DD5EC4-BA0B-405C-B8CF-B48357A90402}.Osx_Release|Any CPU.Build.0 = Release|Any CPU
		{08DD5EC4-BA0B-405C-B8CF-B48357A90402}.Osx_Release|ARM.ActiveCfg = Debug|Any CPU
		{08DD5EC4-BA0B-405C-B8CF-B48357A90402}.Osx_Release|x64.ActiveCfg = Release|Any CPU
		{08DD5EC4-BA0B-405C-B8CF-B48357A90402}.Osx_Release|x64.Build.0 = Release|Any CPU
		{08DD5EC4-BA0B-405C-B8CF-B48357A90402}.Osx_Release|x86.ActiveCfg = Debug|Any CPU
		{08DD5EC4-BA0B-405C-B8CF-B48357A90402}.Release|Any CPU.ActiveCfg = Release|Any CPU
		{08DD5EC4-BA0B-405C-B8CF-B48357A90402}.Release|Any CPU.Build.0 = Release|Any CPU
		{08DD5EC4-BA0B-405C-B8CF-B48357A90402}.Release|ARM.ActiveCfg = Release|Any CPU
		{08DD5EC4-BA0B-405C-B8CF-B48357A90402}.Release|ARM.Build.0 = Release|Any CPU
		{08DD5EC4-BA0B-405C-B8CF-B48357A90402}.Release|x64.ActiveCfg = Release|Any CPU
		{08DD5EC4-BA0B-405C-B8CF-B48357A90402}.Release|x64.Build.0 = Release|Any CPU
		{08DD5EC4-BA0B-405C-B8CF-B48357A90402}.Release|x86.ActiveCfg = Release|Any CPU
		{08DD5EC4-BA0B-405C-B8CF-B48357A90402}.Release|x86.Build.0 = Release|Any CPU
		{08DD5EC4-BA0B-405C-B8CF-B48357A90402}.Ubuntu_Debug|Any CPU.ActiveCfg = Debug|Any CPU
		{08DD5EC4-BA0B-405C-B8CF-B48357A90402}.Ubuntu_Debug|Any CPU.Build.0 = Debug|Any CPU
		{08DD5EC4-BA0B-405C-B8CF-B48357A90402}.Ubuntu_Debug|ARM.ActiveCfg = Debug|Any CPU
		{08DD5EC4-BA0B-405C-B8CF-B48357A90402}.Ubuntu_Debug|x64.ActiveCfg = Debug|Any CPU
		{08DD5EC4-BA0B-405C-B8CF-B48357A90402}.Ubuntu_Debug|x64.Build.0 = Debug|Any CPU
		{08DD5EC4-BA0B-405C-B8CF-B48357A90402}.Ubuntu_Debug|x86.ActiveCfg = Debug|Any CPU
		{08DD5EC4-BA0B-405C-B8CF-B48357A90402}.Ubuntu_Release|Any CPU.ActiveCfg = Release|Any CPU
		{08DD5EC4-BA0B-405C-B8CF-B48357A90402}.Ubuntu_Release|Any CPU.Build.0 = Release|Any CPU
		{08DD5EC4-BA0B-405C-B8CF-B48357A90402}.Ubuntu_Release|ARM.ActiveCfg = Debug|Any CPU
		{08DD5EC4-BA0B-405C-B8CF-B48357A90402}.Ubuntu_Release|x64.ActiveCfg = Release|Any CPU
		{08DD5EC4-BA0B-405C-B8CF-B48357A90402}.Ubuntu_Release|x64.Build.0 = Release|Any CPU
		{08DD5EC4-BA0B-405C-B8CF-B48357A90402}.Ubuntu_Release|x86.ActiveCfg = Debug|Any CPU
		{FD6B4124-975B-454E-ACC8-424CC9A8BB8B}.Debug|Any CPU.ActiveCfg = Debug|Any CPU
		{FD6B4124-975B-454E-ACC8-424CC9A8BB8B}.Debug|Any CPU.Build.0 = Debug|Any CPU
		{FD6B4124-975B-454E-ACC8-424CC9A8BB8B}.Debug|ARM.ActiveCfg = Debug|Any CPU
		{FD6B4124-975B-454E-ACC8-424CC9A8BB8B}.Debug|ARM.Build.0 = Debug|Any CPU
		{FD6B4124-975B-454E-ACC8-424CC9A8BB8B}.Debug|x64.ActiveCfg = Debug|Any CPU
		{FD6B4124-975B-454E-ACC8-424CC9A8BB8B}.Debug|x64.Build.0 = Debug|Any CPU
		{FD6B4124-975B-454E-ACC8-424CC9A8BB8B}.Debug|x86.ActiveCfg = Debug|Any CPU
		{FD6B4124-975B-454E-ACC8-424CC9A8BB8B}.Debug|x86.Build.0 = Debug|Any CPU
		{FD6B4124-975B-454E-ACC8-424CC9A8BB8B}.Osx_Debug|Any CPU.ActiveCfg = Debug|Any CPU
		{FD6B4124-975B-454E-ACC8-424CC9A8BB8B}.Osx_Debug|Any CPU.Build.0 = Debug|Any CPU
		{FD6B4124-975B-454E-ACC8-424CC9A8BB8B}.Osx_Debug|ARM.ActiveCfg = Debug|Any CPU
		{FD6B4124-975B-454E-ACC8-424CC9A8BB8B}.Osx_Debug|ARM.Build.0 = Debug|Any CPU
		{FD6B4124-975B-454E-ACC8-424CC9A8BB8B}.Osx_Debug|x64.ActiveCfg = Debug|Any CPU
		{FD6B4124-975B-454E-ACC8-424CC9A8BB8B}.Osx_Debug|x64.Build.0 = Debug|Any CPU
		{FD6B4124-975B-454E-ACC8-424CC9A8BB8B}.Osx_Debug|x86.ActiveCfg = Debug|Any CPU
		{FD6B4124-975B-454E-ACC8-424CC9A8BB8B}.Osx_Debug|x86.Build.0 = Debug|Any CPU
		{FD6B4124-975B-454E-ACC8-424CC9A8BB8B}.Osx_Release|Any CPU.ActiveCfg = Release|Any CPU
		{FD6B4124-975B-454E-ACC8-424CC9A8BB8B}.Osx_Release|Any CPU.Build.0 = Release|Any CPU
		{FD6B4124-975B-454E-ACC8-424CC9A8BB8B}.Osx_Release|ARM.ActiveCfg = Release|Any CPU
		{FD6B4124-975B-454E-ACC8-424CC9A8BB8B}.Osx_Release|ARM.Build.0 = Release|Any CPU
		{FD6B4124-975B-454E-ACC8-424CC9A8BB8B}.Osx_Release|x64.ActiveCfg = Release|Any CPU
		{FD6B4124-975B-454E-ACC8-424CC9A8BB8B}.Osx_Release|x64.Build.0 = Release|Any CPU
		{FD6B4124-975B-454E-ACC8-424CC9A8BB8B}.Osx_Release|x86.ActiveCfg = Release|Any CPU
		{FD6B4124-975B-454E-ACC8-424CC9A8BB8B}.Osx_Release|x86.Build.0 = Release|Any CPU
		{FD6B4124-975B-454E-ACC8-424CC9A8BB8B}.Release|Any CPU.ActiveCfg = Release|Any CPU
		{FD6B4124-975B-454E-ACC8-424CC9A8BB8B}.Release|Any CPU.Build.0 = Release|Any CPU
		{FD6B4124-975B-454E-ACC8-424CC9A8BB8B}.Release|ARM.ActiveCfg = Release|Any CPU
		{FD6B4124-975B-454E-ACC8-424CC9A8BB8B}.Release|ARM.Build.0 = Release|Any CPU
		{FD6B4124-975B-454E-ACC8-424CC9A8BB8B}.Release|x64.ActiveCfg = Release|Any CPU
		{FD6B4124-975B-454E-ACC8-424CC9A8BB8B}.Release|x64.Build.0 = Release|Any CPU
		{FD6B4124-975B-454E-ACC8-424CC9A8BB8B}.Release|x86.ActiveCfg = Release|Any CPU
		{FD6B4124-975B-454E-ACC8-424CC9A8BB8B}.Release|x86.Build.0 = Release|Any CPU
		{FD6B4124-975B-454E-ACC8-424CC9A8BB8B}.Ubuntu_Debug|Any CPU.ActiveCfg = Debug|Any CPU
		{FD6B4124-975B-454E-ACC8-424CC9A8BB8B}.Ubuntu_Debug|Any CPU.Build.0 = Debug|Any CPU
		{FD6B4124-975B-454E-ACC8-424CC9A8BB8B}.Ubuntu_Debug|ARM.ActiveCfg = Debug|Any CPU
		{FD6B4124-975B-454E-ACC8-424CC9A8BB8B}.Ubuntu_Debug|ARM.Build.0 = Debug|Any CPU
		{FD6B4124-975B-454E-ACC8-424CC9A8BB8B}.Ubuntu_Debug|x64.ActiveCfg = Debug|Any CPU
		{FD6B4124-975B-454E-ACC8-424CC9A8BB8B}.Ubuntu_Debug|x64.Build.0 = Debug|Any CPU
		{FD6B4124-975B-454E-ACC8-424CC9A8BB8B}.Ubuntu_Debug|x86.ActiveCfg = Debug|Any CPU
		{FD6B4124-975B-454E-ACC8-424CC9A8BB8B}.Ubuntu_Debug|x86.Build.0 = Debug|Any CPU
		{FD6B4124-975B-454E-ACC8-424CC9A8BB8B}.Ubuntu_Release|Any CPU.ActiveCfg = Release|Any CPU
		{FD6B4124-975B-454E-ACC8-424CC9A8BB8B}.Ubuntu_Release|Any CPU.Build.0 = Release|Any CPU
		{FD6B4124-975B-454E-ACC8-424CC9A8BB8B}.Ubuntu_Release|ARM.ActiveCfg = Release|Any CPU
		{FD6B4124-975B-454E-ACC8-424CC9A8BB8B}.Ubuntu_Release|ARM.Build.0 = Release|Any CPU
		{FD6B4124-975B-454E-ACC8-424CC9A8BB8B}.Ubuntu_Release|x64.ActiveCfg = Release|Any CPU
		{FD6B4124-975B-454E-ACC8-424CC9A8BB8B}.Ubuntu_Release|x64.Build.0 = Release|Any CPU
		{FD6B4124-975B-454E-ACC8-424CC9A8BB8B}.Ubuntu_Release|x86.ActiveCfg = Release|Any CPU
		{FD6B4124-975B-454E-ACC8-424CC9A8BB8B}.Ubuntu_Release|x86.Build.0 = Release|Any CPU
	EndGlobalSection
	GlobalSection(SolutionProperties) = preSolution
		HideSolutionNode = FALSE
	EndGlobalSection
	GlobalSection(NestedProjects) = preSolution
		{5A2EAD0F-FF3E-4968-A865-7B29C4B10A72} = {6234AABE-C4F3-4094-9C0D-FFD589235DBE}
		{B44085A7-0DCD-4CE2-BDD9-B2E5268DCCCC} = {7DC7AA2C-0401-495B-B42C-32F44085EBE6}
		{83F4A5FE-FAF8-4952-899E-EA0BB08F8E60} = {65017166-DD60-4092-8841-97FB8D36873C}
		{F3D148CA-D49D-4315-9CD6-AE7B0EEA9549} = {207BD92D-9395-4792-BDA3-C20478FBE5C2}
		{8D84EC23-9977-4CC8-B649-035FFAE9664C} = {B9904E6F-3852-4657-8415-AEEA9CAAF1CD}
		{68C6476E-1F80-412A-A8A7-480F832922D8} = {27F2F901-3CCF-44BE-9CD9-14E0BA383E80}
		{36E8F09A-D3CA-405B-B515-9206F85B432C} = {7DC7AA2C-0401-495B-B42C-32F44085EBE6}
		{16815A46-F1CA-4D56-80C8-54C4DFB8C1BC} = {F8292A68-AF7C-4B26-B1B8-B232548EF118}
		{28D8D77D-E68D-4EBC-9150-F7C433D63BFA} = {9DC3E926-9CA5-41E3-9761-33D90EB8883E}
		{FEEF35CB-3AC4-40C5-9CB0-85E52E38D5C6} = {C991F5FC-04B5-420C-98A0-80974AA946F7}
		{B9904E6F-3852-4657-8415-AEEA9CAAF1CD} = {6234AABE-C4F3-4094-9C0D-FFD589235DBE}
		{18419457-1176-4989-8358-2024AB5B7085} = {B9904E6F-3852-4657-8415-AEEA9CAAF1CD}
		{27F2F901-3CCF-44BE-9CD9-14E0BA383E80} = {6234AABE-C4F3-4094-9C0D-FFD589235DBE}
		{207BD92D-9395-4792-BDA3-C20478FBE5C2} = {6234AABE-C4F3-4094-9C0D-FFD589235DBE}
		{65017166-DD60-4092-8841-97FB8D36873C} = {6234AABE-C4F3-4094-9C0D-FFD589235DBE}
		{9DC3E926-9CA5-41E3-9761-33D90EB8883E} = {6234AABE-C4F3-4094-9C0D-FFD589235DBE}
		{C14486AC-22BE-480C-8235-2479C6C8F3FF} = {27F2F901-3CCF-44BE-9CD9-14E0BA383E80}
		{30E5290C-4F2D-4E68-BD4C-7EDA41218EF0} = {207BD92D-9395-4792-BDA3-C20478FBE5C2}
		{08DD5EC4-BA0B-405C-B8CF-B48357A90402} = {9DC3E926-9CA5-41E3-9761-33D90EB8883E}
		{FD6B4124-975B-454E-ACC8-424CC9A8BB8B} = {7DC7AA2C-0401-495B-B42C-32F44085EBE6}
	EndGlobalSection
EndGlobal
