
Microsoft Visual Studio Solution File, Format Version 12.00
# Visual Studio 15
VisualStudioVersion = 15.0.26214.1
MinimumVisualStudioVersion = 10.0.40219.1
Project("{2150E333-8FDC-42A3-9474-1A3956D46DE8}") = "Solution Items", "Solution Items", "{C991F5FC-04B5-420C-98A0-80974AA946F7}"
	ProjectSection(SolutionItems) = preProject
		global.json = global.json
		LICENSE = LICENSE
		NuGet.config = NuGet.config
		README.md = README.md
	EndProjectSection
	ProjectSection(FolderGlobals) = preProject
		global_1json__JSONSchema = http://json.schemastore.org/global
	EndProjectSection
EndProject
Project("{2150E333-8FDC-42A3-9474-1A3956D46DE8}") = "src", "src", "{6234AABE-C4F3-4094-9C0D-FFD589235DBE}"
EndProject
Project("{2150E333-8FDC-42A3-9474-1A3956D46DE8}") = "test", "test", "{7DC7AA2C-0401-495B-B42C-32F44085EBE6}"
EndProject
Project("{2150E333-8FDC-42A3-9474-1A3956D46DE8}") = "samples", "samples", "{F8292A68-AF7C-4B26-B1B8-B232548EF118}"
EndProject
Project("{2150E333-8FDC-42A3-9474-1A3956D46DE8}") = "build", "build", "{FEEF35CB-3AC4-40C5-9CB0-85E52E38D5C6}"
	ProjectSection(SolutionItems) = preProject
		build\Get-Nuget.ps1 = build\Get-Nuget.ps1
		build\Microsoft.Fx.Portability.MetadataReader.nuspec = build\Microsoft.Fx.Portability.MetadataReader.nuspec
		build\Microsoft.Fx.Portability.nuspec = build\Microsoft.Fx.Portability.nuspec
		build\Microsoft.Fx.Portability.Offline.nuspec = build\Microsoft.Fx.Portability.Offline.nuspec
		build\Microsoft.Fx.Portability.Reports.Html.nuspec = build\Microsoft.Fx.Portability.Reports.Html.nuspec
		build\Microsoft.Fx.Portability.Reports.Json.nuspec = build\Microsoft.Fx.Portability.Reports.Json.nuspec
		build\package.ps1 = build\package.ps1
		build\postbuild.ps1 = build\postbuild.ps1
		build\restore.ps1 = build\restore.ps1
	EndProjectSection
EndProject
Project("{2150E333-8FDC-42A3-9474-1A3956D46DE8}") = "ApiPort", "ApiPort", "{0D1724F6-078E-4576-9680-6B9334D562DC}"
EndProject
Project("{FAE04EC0-301F-11D3-BF4B-00C04F79EFBC}") = "ApiPort", "src\ApiPort\ApiPort.csproj", "{5A2EAD0F-FF3E-4968-A865-7B29C4B10A72}"
EndProject
Project("{FAE04EC0-301F-11D3-BF4B-00C04F79EFBC}") = "Microsoft.Fx.Portability.MetadataReader.Tests", "tests\Microsoft.Fx.Portability.MetadataReader.Tests\Microsoft.Fx.Portability.MetadataReader.Tests.csproj", "{B44085A7-0DCD-4CE2-BDD9-B2E5268DCCCC}"
EndProject
Project("{FAE04EC0-301F-11D3-BF4B-00C04F79EFBC}") = "Microsoft.Fx.Portability.Reports.Html", "src\Microsoft.Fx.Portability.Reports.Html\Microsoft.Fx.Portability.Reports.Html.csproj", "{83F4A5FE-FAF8-4952-899E-EA0BB08F8E60}"
EndProject
Project("{FAE04EC0-301F-11D3-BF4B-00C04F79EFBC}") = "Microsoft.Fx.Portability.Offline", "src\Microsoft.Fx.Portability.Offline\Microsoft.Fx.Portability.Offline.csproj", "{F3D148CA-D49D-4315-9CD6-AE7B0EEA9549}"
EndProject
Project("{FAE04EC0-301F-11D3-BF4B-00C04F79EFBC}") = "Microsoft.Fx.Portability", "src\Microsoft.Fx.Portability\Microsoft.Fx.Portability.csproj", "{8D84EC23-9977-4CC8-B649-035FFAE9664C}"
EndProject
Project("{FAE04EC0-301F-11D3-BF4B-00C04F79EFBC}") = "Microsoft.Fx.Portability.MetadataReader", "src\Microsoft.Fx.Portability.MetadataReader\Microsoft.Fx.Portability.MetadataReader.csproj", "{68C6476E-1F80-412A-A8A7-480F832922D8}"
EndProject
Project("{FAE04EC0-301F-11D3-BF4B-00C04F79EFBC}") = "Microsoft.Fx.Portability.Tests", "tests\Microsoft.Fx.Portability.Tests\Microsoft.Fx.Portability.Tests.csproj", "{36E8F09A-D3CA-405B-B515-9206F85B432C}"
EndProject
Project("{FAE04EC0-301F-11D3-BF4B-00C04F79EFBC}") = "SearchFxApi", "samples\SearchFxApi\SearchFxApi.csproj", "{16815A46-F1CA-4D56-80C8-54C4DFB8C1BC}"
EndProject
Project("{FAE04EC0-301F-11D3-BF4B-00C04F79EFBC}") = "Microsoft.Fx.Portability.Reports.Json", "src\Microsoft.Fx.Portability.Reports.Json\Microsoft.Fx.Portability.Reports.Json.csproj", "{28D8D77D-E68D-4EBC-9150-F7C433D63BFA}"
EndProject
Project("{FAE04EC0-301F-11D3-BF4B-00C04F79EFBC}") = "Microsoft.Fx.Portability.Offline.Tests", "tests\Microsoft.Fx.Portability.Offline.Tests\Microsoft.Fx.Portability.Offline.Tests.csproj", "{FD6B4124-975B-454E-ACC8-424CC9A8BB8B}"
EndProject
Project("{FAE04EC0-301F-11D3-BF4B-00C04F79EFBC}") = "ApiPort.Vsix", "src\ApiPort.Vsix\ApiPort.Vsix.csproj", "{C4301817-D6F9-43A4-9E24-5446C0A2C15C}"
EndProject
Project("{FAE04EC0-301F-11D3-BF4B-00C04F79EFBC}") = "ApiPort.VisualStudio", "src\ApiPort.VisualStudio\ApiPort.VisualStudio.csproj", "{D15030D8-CFC5-4F05-8987-784326856E90}"
EndProject
Project("{FAE04EC0-301F-11D3-BF4B-00C04F79EFBC}") = "Microsoft.Fx.Portability.Cci", "src\Microsoft.Fx.Portability.Cci\Microsoft.Fx.Portability.Cci.csproj", "{B0468D19-0F98-49A8-BA28-926331C72E26}"
EndProject
Project("{FAE04EC0-301F-11D3-BF4B-00C04F79EFBC}") = "ApiPortVS.Tests", "tests\ApiPortVS.Tests\ApiPortVS.Tests.csproj", "{2D8DA586-E0EA-4AD1-BA3C-E4AC0310A45E}"
EndProject
Project("{FAE04EC0-301F-11D3-BF4B-00C04F79EFBC}") = "Microsoft.Fx.Portability.Cci.Tests", "tests\Microsoft.Fx.Portability.Cci.Tests\Microsoft.Fx.Portability.Cci.Tests.csproj", "{6917BF09-E416-43F9-B184-4691AF473271}"
EndProject
Project("{FAE04EC0-301F-11D3-BF4B-00C04F79EFBC}") = "ApiPort.Core", "src\ApiPort\ApiPort.Core.csproj", "{560DD4EB-C4D2-4F94-9695-931CD3D17B5B}"
EndProject
Global
	GlobalSection(SolutionConfigurationPlatforms) = preSolution
		Debug|Any CPU = Debug|Any CPU
		Debug|ARM = Debug|ARM
		Debug|x64 = Debug|x64
		Debug|x86 = Debug|x86
		Osx_Debug|Any CPU = Osx_Debug|Any CPU
		Osx_Debug|ARM = Osx_Debug|ARM
		Osx_Debug|x64 = Osx_Debug|x64
		Osx_Debug|x86 = Osx_Debug|x86
		Osx_Release|Any CPU = Osx_Release|Any CPU
		Osx_Release|ARM = Osx_Release|ARM
		Osx_Release|x64 = Osx_Release|x64
		Osx_Release|x86 = Osx_Release|x86
		Release|Any CPU = Release|Any CPU
		Release|ARM = Release|ARM
		Release|x64 = Release|x64
		Release|x86 = Release|x86
		Ubuntu_Debug|Any CPU = Ubuntu_Debug|Any CPU
		Ubuntu_Debug|ARM = Ubuntu_Debug|ARM
		Ubuntu_Debug|x64 = Ubuntu_Debug|x64
		Ubuntu_Debug|x86 = Ubuntu_Debug|x86
		Ubuntu_Release|Any CPU = Ubuntu_Release|Any CPU
		Ubuntu_Release|ARM = Ubuntu_Release|ARM
		Ubuntu_Release|x64 = Ubuntu_Release|x64
		Ubuntu_Release|x86 = Ubuntu_Release|x86
	EndGlobalSection
	GlobalSection(ProjectConfigurationPlatforms) = postSolution
		{5A2EAD0F-FF3E-4968-A865-7B29C4B10A72}.Debug|Any CPU.ActiveCfg = Debug|Any CPU
		{5A2EAD0F-FF3E-4968-A865-7B29C4B10A72}.Debug|Any CPU.Build.0 = Debug|Any CPU
		{5A2EAD0F-FF3E-4968-A865-7B29C4B10A72}.Debug|ARM.ActiveCfg = Debug|Any CPU
		{5A2EAD0F-FF3E-4968-A865-7B29C4B10A72}.Debug|ARM.Build.0 = Debug|Any CPU
		{5A2EAD0F-FF3E-4968-A865-7B29C4B10A72}.Debug|x64.ActiveCfg = Debug|Any CPU
		{5A2EAD0F-FF3E-4968-A865-7B29C4B10A72}.Debug|x64.Build.0 = Debug|Any CPU
		{5A2EAD0F-FF3E-4968-A865-7B29C4B10A72}.Debug|x86.ActiveCfg = Debug|Any CPU
		{5A2EAD0F-FF3E-4968-A865-7B29C4B10A72}.Debug|x86.Build.0 = Debug|Any CPU
		{5A2EAD0F-FF3E-4968-A865-7B29C4B10A72}.Osx_Debug|Any CPU.ActiveCfg = Debug|Any CPU
		{5A2EAD0F-FF3E-4968-A865-7B29C4B10A72}.Osx_Debug|Any CPU.Build.0 = Debug|Any CPU
		{5A2EAD0F-FF3E-4968-A865-7B29C4B10A72}.Osx_Debug|ARM.ActiveCfg = Debug|Any CPU
		{5A2EAD0F-FF3E-4968-A865-7B29C4B10A72}.Osx_Debug|x64.ActiveCfg = Debug|Any CPU
		{5A2EAD0F-FF3E-4968-A865-7B29C4B10A72}.Osx_Debug|x64.Build.0 = Debug|Any CPU
		{5A2EAD0F-FF3E-4968-A865-7B29C4B10A72}.Osx_Debug|x86.ActiveCfg = Debug|Any CPU
		{5A2EAD0F-FF3E-4968-A865-7B29C4B10A72}.Osx_Release|Any CPU.ActiveCfg = Release|Any CPU
		{5A2EAD0F-FF3E-4968-A865-7B29C4B10A72}.Osx_Release|Any CPU.Build.0 = Release|Any CPU
		{5A2EAD0F-FF3E-4968-A865-7B29C4B10A72}.Osx_Release|ARM.ActiveCfg = Debug|Any CPU
		{5A2EAD0F-FF3E-4968-A865-7B29C4B10A72}.Osx_Release|x64.ActiveCfg = Release|Any CPU
		{5A2EAD0F-FF3E-4968-A865-7B29C4B10A72}.Osx_Release|x64.Build.0 = Release|Any CPU
		{5A2EAD0F-FF3E-4968-A865-7B29C4B10A72}.Osx_Release|x86.ActiveCfg = Debug|Any CPU
		{5A2EAD0F-FF3E-4968-A865-7B29C4B10A72}.Release|Any CPU.ActiveCfg = Release|Any CPU
		{5A2EAD0F-FF3E-4968-A865-7B29C4B10A72}.Release|Any CPU.Build.0 = Release|Any CPU
		{5A2EAD0F-FF3E-4968-A865-7B29C4B10A72}.Release|ARM.ActiveCfg = Release|Any CPU
		{5A2EAD0F-FF3E-4968-A865-7B29C4B10A72}.Release|ARM.Build.0 = Release|Any CPU
		{5A2EAD0F-FF3E-4968-A865-7B29C4B10A72}.Release|x64.ActiveCfg = Release|Any CPU
		{5A2EAD0F-FF3E-4968-A865-7B29C4B10A72}.Release|x64.Build.0 = Release|Any CPU
		{5A2EAD0F-FF3E-4968-A865-7B29C4B10A72}.Release|x86.ActiveCfg = Release|Any CPU
		{5A2EAD0F-FF3E-4968-A865-7B29C4B10A72}.Release|x86.Build.0 = Release|Any CPU
		{5A2EAD0F-FF3E-4968-A865-7B29C4B10A72}.Ubuntu_Debug|Any CPU.ActiveCfg = Debug|Any CPU
		{5A2EAD0F-FF3E-4968-A865-7B29C4B10A72}.Ubuntu_Debug|Any CPU.Build.0 = Debug|Any CPU
		{5A2EAD0F-FF3E-4968-A865-7B29C4B10A72}.Ubuntu_Debug|ARM.ActiveCfg = Debug|Any CPU
		{5A2EAD0F-FF3E-4968-A865-7B29C4B10A72}.Ubuntu_Debug|x64.ActiveCfg = Debug|Any CPU
		{5A2EAD0F-FF3E-4968-A865-7B29C4B10A72}.Ubuntu_Debug|x64.Build.0 = Debug|Any CPU
		{5A2EAD0F-FF3E-4968-A865-7B29C4B10A72}.Ubuntu_Debug|x86.ActiveCfg = Debug|Any CPU
		{5A2EAD0F-FF3E-4968-A865-7B29C4B10A72}.Ubuntu_Release|Any CPU.ActiveCfg = Release|Any CPU
		{5A2EAD0F-FF3E-4968-A865-7B29C4B10A72}.Ubuntu_Release|Any CPU.Build.0 = Release|Any CPU
		{5A2EAD0F-FF3E-4968-A865-7B29C4B10A72}.Ubuntu_Release|ARM.ActiveCfg = Debug|Any CPU
		{5A2EAD0F-FF3E-4968-A865-7B29C4B10A72}.Ubuntu_Release|x64.ActiveCfg = Release|Any CPU
		{5A2EAD0F-FF3E-4968-A865-7B29C4B10A72}.Ubuntu_Release|x64.Build.0 = Release|Any CPU
		{5A2EAD0F-FF3E-4968-A865-7B29C4B10A72}.Ubuntu_Release|x86.ActiveCfg = Debug|Any CPU
		{B44085A7-0DCD-4CE2-BDD9-B2E5268DCCCC}.Debug|Any CPU.ActiveCfg = Debug|Any CPU
		{B44085A7-0DCD-4CE2-BDD9-B2E5268DCCCC}.Debug|Any CPU.Build.0 = Debug|Any CPU
		{B44085A7-0DCD-4CE2-BDD9-B2E5268DCCCC}.Debug|ARM.ActiveCfg = Debug|Any CPU
		{B44085A7-0DCD-4CE2-BDD9-B2E5268DCCCC}.Debug|ARM.Build.0 = Debug|Any CPU
		{B44085A7-0DCD-4CE2-BDD9-B2E5268DCCCC}.Debug|x64.ActiveCfg = Debug|Any CPU
		{B44085A7-0DCD-4CE2-BDD9-B2E5268DCCCC}.Debug|x64.Build.0 = Debug|Any CPU
		{B44085A7-0DCD-4CE2-BDD9-B2E5268DCCCC}.Debug|x86.ActiveCfg = Debug|Any CPU
		{B44085A7-0DCD-4CE2-BDD9-B2E5268DCCCC}.Debug|x86.Build.0 = Debug|Any CPU
		{B44085A7-0DCD-4CE2-BDD9-B2E5268DCCCC}.Osx_Debug|Any CPU.ActiveCfg = Debug|Any CPU
		{B44085A7-0DCD-4CE2-BDD9-B2E5268DCCCC}.Osx_Debug|Any CPU.Build.0 = Debug|Any CPU
		{B44085A7-0DCD-4CE2-BDD9-B2E5268DCCCC}.Osx_Debug|ARM.ActiveCfg = Debug|Any CPU
		{B44085A7-0DCD-4CE2-BDD9-B2E5268DCCCC}.Osx_Debug|x64.ActiveCfg = Debug|Any CPU
		{B44085A7-0DCD-4CE2-BDD9-B2E5268DCCCC}.Osx_Debug|x64.Build.0 = Debug|Any CPU
		{B44085A7-0DCD-4CE2-BDD9-B2E5268DCCCC}.Osx_Debug|x86.ActiveCfg = Debug|Any CPU
		{B44085A7-0DCD-4CE2-BDD9-B2E5268DCCCC}.Osx_Release|Any CPU.ActiveCfg = Release|Any CPU
		{B44085A7-0DCD-4CE2-BDD9-B2E5268DCCCC}.Osx_Release|Any CPU.Build.0 = Release|Any CPU
		{B44085A7-0DCD-4CE2-BDD9-B2E5268DCCCC}.Osx_Release|ARM.ActiveCfg = Debug|Any CPU
		{B44085A7-0DCD-4CE2-BDD9-B2E5268DCCCC}.Osx_Release|x64.ActiveCfg = Release|Any CPU
		{B44085A7-0DCD-4CE2-BDD9-B2E5268DCCCC}.Osx_Release|x64.Build.0 = Release|Any CPU
		{B44085A7-0DCD-4CE2-BDD9-B2E5268DCCCC}.Osx_Release|x86.ActiveCfg = Debug|Any CPU
		{B44085A7-0DCD-4CE2-BDD9-B2E5268DCCCC}.Release|Any CPU.ActiveCfg = Release|Any CPU
		{B44085A7-0DCD-4CE2-BDD9-B2E5268DCCCC}.Release|Any CPU.Build.0 = Release|Any CPU
		{B44085A7-0DCD-4CE2-BDD9-B2E5268DCCCC}.Release|ARM.ActiveCfg = Release|Any CPU
		{B44085A7-0DCD-4CE2-BDD9-B2E5268DCCCC}.Release|ARM.Build.0 = Release|Any CPU
		{B44085A7-0DCD-4CE2-BDD9-B2E5268DCCCC}.Release|x64.ActiveCfg = Release|Any CPU
		{B44085A7-0DCD-4CE2-BDD9-B2E5268DCCCC}.Release|x64.Build.0 = Release|Any CPU
		{B44085A7-0DCD-4CE2-BDD9-B2E5268DCCCC}.Release|x86.ActiveCfg = Release|Any CPU
		{B44085A7-0DCD-4CE2-BDD9-B2E5268DCCCC}.Release|x86.Build.0 = Release|Any CPU
		{B44085A7-0DCD-4CE2-BDD9-B2E5268DCCCC}.Ubuntu_Debug|Any CPU.ActiveCfg = Debug|Any CPU
		{B44085A7-0DCD-4CE2-BDD9-B2E5268DCCCC}.Ubuntu_Debug|Any CPU.Build.0 = Debug|Any CPU
		{B44085A7-0DCD-4CE2-BDD9-B2E5268DCCCC}.Ubuntu_Debug|ARM.ActiveCfg = Debug|Any CPU
		{B44085A7-0DCD-4CE2-BDD9-B2E5268DCCCC}.Ubuntu_Debug|x64.ActiveCfg = Debug|Any CPU
		{B44085A7-0DCD-4CE2-BDD9-B2E5268DCCCC}.Ubuntu_Debug|x64.Build.0 = Debug|Any CPU
		{B44085A7-0DCD-4CE2-BDD9-B2E5268DCCCC}.Ubuntu_Debug|x86.ActiveCfg = Debug|Any CPU
		{B44085A7-0DCD-4CE2-BDD9-B2E5268DCCCC}.Ubuntu_Release|Any CPU.ActiveCfg = Release|Any CPU
		{B44085A7-0DCD-4CE2-BDD9-B2E5268DCCCC}.Ubuntu_Release|Any CPU.Build.0 = Release|Any CPU
		{B44085A7-0DCD-4CE2-BDD9-B2E5268DCCCC}.Ubuntu_Release|ARM.ActiveCfg = Debug|Any CPU
		{B44085A7-0DCD-4CE2-BDD9-B2E5268DCCCC}.Ubuntu_Release|x64.ActiveCfg = Release|Any CPU
		{B44085A7-0DCD-4CE2-BDD9-B2E5268DCCCC}.Ubuntu_Release|x64.Build.0 = Release|Any CPU
		{B44085A7-0DCD-4CE2-BDD9-B2E5268DCCCC}.Ubuntu_Release|x86.ActiveCfg = Debug|Any CPU
		{83F4A5FE-FAF8-4952-899E-EA0BB08F8E60}.Debug|Any CPU.ActiveCfg = Debug|Any CPU
		{83F4A5FE-FAF8-4952-899E-EA0BB08F8E60}.Debug|Any CPU.Build.0 = Debug|Any CPU
		{83F4A5FE-FAF8-4952-899E-EA0BB08F8E60}.Debug|ARM.ActiveCfg = Debug|Any CPU
		{83F4A5FE-FAF8-4952-899E-EA0BB08F8E60}.Debug|ARM.Build.0 = Debug|Any CPU
		{83F4A5FE-FAF8-4952-899E-EA0BB08F8E60}.Debug|x64.ActiveCfg = Debug|Any CPU
		{83F4A5FE-FAF8-4952-899E-EA0BB08F8E60}.Debug|x64.Build.0 = Debug|Any CPU
		{83F4A5FE-FAF8-4952-899E-EA0BB08F8E60}.Debug|x86.ActiveCfg = Debug|Any CPU
		{83F4A5FE-FAF8-4952-899E-EA0BB08F8E60}.Debug|x86.Build.0 = Debug|Any CPU
		{83F4A5FE-FAF8-4952-899E-EA0BB08F8E60}.Osx_Debug|Any CPU.ActiveCfg = Debug|Any CPU
		{83F4A5FE-FAF8-4952-899E-EA0BB08F8E60}.Osx_Debug|Any CPU.Build.0 = Debug|Any CPU
		{83F4A5FE-FAF8-4952-899E-EA0BB08F8E60}.Osx_Debug|ARM.ActiveCfg = Debug|Any CPU
		{83F4A5FE-FAF8-4952-899E-EA0BB08F8E60}.Osx_Debug|x64.ActiveCfg = Debug|Any CPU
		{83F4A5FE-FAF8-4952-899E-EA0BB08F8E60}.Osx_Debug|x64.Build.0 = Debug|Any CPU
		{83F4A5FE-FAF8-4952-899E-EA0BB08F8E60}.Osx_Debug|x86.ActiveCfg = Debug|Any CPU
		{83F4A5FE-FAF8-4952-899E-EA0BB08F8E60}.Osx_Release|Any CPU.ActiveCfg = Release|Any CPU
		{83F4A5FE-FAF8-4952-899E-EA0BB08F8E60}.Osx_Release|Any CPU.Build.0 = Release|Any CPU
		{83F4A5FE-FAF8-4952-899E-EA0BB08F8E60}.Osx_Release|ARM.ActiveCfg = Debug|Any CPU
		{83F4A5FE-FAF8-4952-899E-EA0BB08F8E60}.Osx_Release|x64.ActiveCfg = Release|Any CPU
		{83F4A5FE-FAF8-4952-899E-EA0BB08F8E60}.Osx_Release|x64.Build.0 = Release|Any CPU
		{83F4A5FE-FAF8-4952-899E-EA0BB08F8E60}.Osx_Release|x86.ActiveCfg = Debug|Any CPU
		{83F4A5FE-FAF8-4952-899E-EA0BB08F8E60}.Release|Any CPU.ActiveCfg = Release|Any CPU
		{83F4A5FE-FAF8-4952-899E-EA0BB08F8E60}.Release|Any CPU.Build.0 = Release|Any CPU
		{83F4A5FE-FAF8-4952-899E-EA0BB08F8E60}.Release|ARM.ActiveCfg = Release|Any CPU
		{83F4A5FE-FAF8-4952-899E-EA0BB08F8E60}.Release|ARM.Build.0 = Release|Any CPU
		{83F4A5FE-FAF8-4952-899E-EA0BB08F8E60}.Release|x64.ActiveCfg = Release|Any CPU
		{83F4A5FE-FAF8-4952-899E-EA0BB08F8E60}.Release|x64.Build.0 = Release|Any CPU
		{83F4A5FE-FAF8-4952-899E-EA0BB08F8E60}.Release|x86.ActiveCfg = Release|Any CPU
		{83F4A5FE-FAF8-4952-899E-EA0BB08F8E60}.Release|x86.Build.0 = Release|Any CPU
		{83F4A5FE-FAF8-4952-899E-EA0BB08F8E60}.Ubuntu_Debug|Any CPU.ActiveCfg = Debug|Any CPU
		{83F4A5FE-FAF8-4952-899E-EA0BB08F8E60}.Ubuntu_Debug|Any CPU.Build.0 = Debug|Any CPU
		{83F4A5FE-FAF8-4952-899E-EA0BB08F8E60}.Ubuntu_Debug|ARM.ActiveCfg = Debug|Any CPU
		{83F4A5FE-FAF8-4952-899E-EA0BB08F8E60}.Ubuntu_Debug|x64.ActiveCfg = Debug|Any CPU
		{83F4A5FE-FAF8-4952-899E-EA0BB08F8E60}.Ubuntu_Debug|x64.Build.0 = Debug|Any CPU
		{83F4A5FE-FAF8-4952-899E-EA0BB08F8E60}.Ubuntu_Debug|x86.ActiveCfg = Debug|Any CPU
		{83F4A5FE-FAF8-4952-899E-EA0BB08F8E60}.Ubuntu_Release|Any CPU.ActiveCfg = Release|Any CPU
		{83F4A5FE-FAF8-4952-899E-EA0BB08F8E60}.Ubuntu_Release|Any CPU.Build.0 = Release|Any CPU
		{83F4A5FE-FAF8-4952-899E-EA0BB08F8E60}.Ubuntu_Release|ARM.ActiveCfg = Debug|Any CPU
		{83F4A5FE-FAF8-4952-899E-EA0BB08F8E60}.Ubuntu_Release|x64.ActiveCfg = Release|Any CPU
		{83F4A5FE-FAF8-4952-899E-EA0BB08F8E60}.Ubuntu_Release|x64.Build.0 = Release|Any CPU
		{83F4A5FE-FAF8-4952-899E-EA0BB08F8E60}.Ubuntu_Release|x86.ActiveCfg = Debug|Any CPU
		{F3D148CA-D49D-4315-9CD6-AE7B0EEA9549}.Debug|Any CPU.ActiveCfg = Debug|Any CPU
		{F3D148CA-D49D-4315-9CD6-AE7B0EEA9549}.Debug|Any CPU.Build.0 = Debug|Any CPU
		{F3D148CA-D49D-4315-9CD6-AE7B0EEA9549}.Debug|ARM.ActiveCfg = Debug|Any CPU
		{F3D148CA-D49D-4315-9CD6-AE7B0EEA9549}.Debug|ARM.Build.0 = Debug|Any CPU
		{F3D148CA-D49D-4315-9CD6-AE7B0EEA9549}.Debug|x64.ActiveCfg = Debug|Any CPU
		{F3D148CA-D49D-4315-9CD6-AE7B0EEA9549}.Debug|x64.Build.0 = Debug|Any CPU
		{F3D148CA-D49D-4315-9CD6-AE7B0EEA9549}.Debug|x86.ActiveCfg = Debug|Any CPU
		{F3D148CA-D49D-4315-9CD6-AE7B0EEA9549}.Debug|x86.Build.0 = Debug|Any CPU
		{F3D148CA-D49D-4315-9CD6-AE7B0EEA9549}.Osx_Debug|Any CPU.ActiveCfg = Debug|Any CPU
		{F3D148CA-D49D-4315-9CD6-AE7B0EEA9549}.Osx_Debug|Any CPU.Build.0 = Debug|Any CPU
		{F3D148CA-D49D-4315-9CD6-AE7B0EEA9549}.Osx_Debug|ARM.ActiveCfg = Debug|Any CPU
		{F3D148CA-D49D-4315-9CD6-AE7B0EEA9549}.Osx_Debug|x64.ActiveCfg = Debug|Any CPU
		{F3D148CA-D49D-4315-9CD6-AE7B0EEA9549}.Osx_Debug|x64.Build.0 = Debug|Any CPU
		{F3D148CA-D49D-4315-9CD6-AE7B0EEA9549}.Osx_Debug|x86.ActiveCfg = Debug|Any CPU
		{F3D148CA-D49D-4315-9CD6-AE7B0EEA9549}.Osx_Release|Any CPU.ActiveCfg = Release|Any CPU
		{F3D148CA-D49D-4315-9CD6-AE7B0EEA9549}.Osx_Release|Any CPU.Build.0 = Release|Any CPU
		{F3D148CA-D49D-4315-9CD6-AE7B0EEA9549}.Osx_Release|ARM.ActiveCfg = Debug|Any CPU
		{F3D148CA-D49D-4315-9CD6-AE7B0EEA9549}.Osx_Release|x64.ActiveCfg = Release|Any CPU
		{F3D148CA-D49D-4315-9CD6-AE7B0EEA9549}.Osx_Release|x64.Build.0 = Release|Any CPU
		{F3D148CA-D49D-4315-9CD6-AE7B0EEA9549}.Osx_Release|x86.ActiveCfg = Debug|Any CPU
		{F3D148CA-D49D-4315-9CD6-AE7B0EEA9549}.Release|Any CPU.ActiveCfg = Release|Any CPU
		{F3D148CA-D49D-4315-9CD6-AE7B0EEA9549}.Release|Any CPU.Build.0 = Release|Any CPU
		{F3D148CA-D49D-4315-9CD6-AE7B0EEA9549}.Release|ARM.ActiveCfg = Release|Any CPU
		{F3D148CA-D49D-4315-9CD6-AE7B0EEA9549}.Release|ARM.Build.0 = Release|Any CPU
		{F3D148CA-D49D-4315-9CD6-AE7B0EEA9549}.Release|x64.ActiveCfg = Release|Any CPU
		{F3D148CA-D49D-4315-9CD6-AE7B0EEA9549}.Release|x64.Build.0 = Release|Any CPU
		{F3D148CA-D49D-4315-9CD6-AE7B0EEA9549}.Release|x86.ActiveCfg = Release|Any CPU
		{F3D148CA-D49D-4315-9CD6-AE7B0EEA9549}.Release|x86.Build.0 = Release|Any CPU
		{F3D148CA-D49D-4315-9CD6-AE7B0EEA9549}.Ubuntu_Debug|Any CPU.ActiveCfg = Debug|Any CPU
		{F3D148CA-D49D-4315-9CD6-AE7B0EEA9549}.Ubuntu_Debug|Any CPU.Build.0 = Debug|Any CPU
		{F3D148CA-D49D-4315-9CD6-AE7B0EEA9549}.Ubuntu_Debug|ARM.ActiveCfg = Debug|Any CPU
		{F3D148CA-D49D-4315-9CD6-AE7B0EEA9549}.Ubuntu_Debug|x64.ActiveCfg = Debug|Any CPU
		{F3D148CA-D49D-4315-9CD6-AE7B0EEA9549}.Ubuntu_Debug|x64.Build.0 = Debug|Any CPU
		{F3D148CA-D49D-4315-9CD6-AE7B0EEA9549}.Ubuntu_Debug|x86.ActiveCfg = Debug|Any CPU
		{F3D148CA-D49D-4315-9CD6-AE7B0EEA9549}.Ubuntu_Release|Any CPU.ActiveCfg = Release|Any CPU
		{F3D148CA-D49D-4315-9CD6-AE7B0EEA9549}.Ubuntu_Release|Any CPU.Build.0 = Release|Any CPU
		{F3D148CA-D49D-4315-9CD6-AE7B0EEA9549}.Ubuntu_Release|ARM.ActiveCfg = Debug|Any CPU
		{F3D148CA-D49D-4315-9CD6-AE7B0EEA9549}.Ubuntu_Release|x64.ActiveCfg = Release|Any CPU
		{F3D148CA-D49D-4315-9CD6-AE7B0EEA9549}.Ubuntu_Release|x64.Build.0 = Release|Any CPU
		{F3D148CA-D49D-4315-9CD6-AE7B0EEA9549}.Ubuntu_Release|x86.ActiveCfg = Debug|Any CPU
		{8D84EC23-9977-4CC8-B649-035FFAE9664C}.Debug|Any CPU.ActiveCfg = Debug|Any CPU
		{8D84EC23-9977-4CC8-B649-035FFAE9664C}.Debug|Any CPU.Build.0 = Debug|Any CPU
		{8D84EC23-9977-4CC8-B649-035FFAE9664C}.Debug|ARM.ActiveCfg = Debug|Any CPU
		{8D84EC23-9977-4CC8-B649-035FFAE9664C}.Debug|ARM.Build.0 = Debug|Any CPU
		{8D84EC23-9977-4CC8-B649-035FFAE9664C}.Debug|x64.ActiveCfg = Debug|Any CPU
		{8D84EC23-9977-4CC8-B649-035FFAE9664C}.Debug|x64.Build.0 = Debug|Any CPU
		{8D84EC23-9977-4CC8-B649-035FFAE9664C}.Debug|x86.ActiveCfg = Debug|Any CPU
		{8D84EC23-9977-4CC8-B649-035FFAE9664C}.Debug|x86.Build.0 = Debug|Any CPU
		{8D84EC23-9977-4CC8-B649-035FFAE9664C}.Osx_Debug|Any CPU.ActiveCfg = Debug|Any CPU
		{8D84EC23-9977-4CC8-B649-035FFAE9664C}.Osx_Debug|Any CPU.Build.0 = Debug|Any CPU
		{8D84EC23-9977-4CC8-B649-035FFAE9664C}.Osx_Debug|ARM.ActiveCfg = Debug|Any CPU
		{8D84EC23-9977-4CC8-B649-035FFAE9664C}.Osx_Debug|x64.ActiveCfg = Debug|Any CPU
		{8D84EC23-9977-4CC8-B649-035FFAE9664C}.Osx_Debug|x64.Build.0 = Debug|Any CPU
		{8D84EC23-9977-4CC8-B649-035FFAE9664C}.Osx_Debug|x86.ActiveCfg = Debug|Any CPU
		{8D84EC23-9977-4CC8-B649-035FFAE9664C}.Osx_Release|Any CPU.ActiveCfg = Release|Any CPU
		{8D84EC23-9977-4CC8-B649-035FFAE9664C}.Osx_Release|Any CPU.Build.0 = Release|Any CPU
		{8D84EC23-9977-4CC8-B649-035FFAE9664C}.Osx_Release|ARM.ActiveCfg = Debug|Any CPU
		{8D84EC23-9977-4CC8-B649-035FFAE9664C}.Osx_Release|x64.ActiveCfg = Release|Any CPU
		{8D84EC23-9977-4CC8-B649-035FFAE9664C}.Osx_Release|x64.Build.0 = Release|Any CPU
		{8D84EC23-9977-4CC8-B649-035FFAE9664C}.Osx_Release|x86.ActiveCfg = Debug|Any CPU
		{8D84EC23-9977-4CC8-B649-035FFAE9664C}.Release|Any CPU.ActiveCfg = Release|Any CPU
		{8D84EC23-9977-4CC8-B649-035FFAE9664C}.Release|Any CPU.Build.0 = Release|Any CPU
		{8D84EC23-9977-4CC8-B649-035FFAE9664C}.Release|ARM.ActiveCfg = Release|Any CPU
		{8D84EC23-9977-4CC8-B649-035FFAE9664C}.Release|ARM.Build.0 = Release|Any CPU
		{8D84EC23-9977-4CC8-B649-035FFAE9664C}.Release|x64.ActiveCfg = Release|Any CPU
		{8D84EC23-9977-4CC8-B649-035FFAE9664C}.Release|x64.Build.0 = Release|Any CPU
		{8D84EC23-9977-4CC8-B649-035FFAE9664C}.Release|x86.ActiveCfg = Release|Any CPU
		{8D84EC23-9977-4CC8-B649-035FFAE9664C}.Release|x86.Build.0 = Release|Any CPU
		{8D84EC23-9977-4CC8-B649-035FFAE9664C}.Ubuntu_Debug|Any CPU.ActiveCfg = Debug|Any CPU
		{8D84EC23-9977-4CC8-B649-035FFAE9664C}.Ubuntu_Debug|Any CPU.Build.0 = Debug|Any CPU
		{8D84EC23-9977-4CC8-B649-035FFAE9664C}.Ubuntu_Debug|ARM.ActiveCfg = Debug|Any CPU
		{8D84EC23-9977-4CC8-B649-035FFAE9664C}.Ubuntu_Debug|x64.ActiveCfg = Debug|Any CPU
		{8D84EC23-9977-4CC8-B649-035FFAE9664C}.Ubuntu_Debug|x64.Build.0 = Debug|Any CPU
		{8D84EC23-9977-4CC8-B649-035FFAE9664C}.Ubuntu_Debug|x86.ActiveCfg = Debug|Any CPU
		{8D84EC23-9977-4CC8-B649-035FFAE9664C}.Ubuntu_Release|Any CPU.ActiveCfg = Release|Any CPU
		{8D84EC23-9977-4CC8-B649-035FFAE9664C}.Ubuntu_Release|Any CPU.Build.0 = Release|Any CPU
		{8D84EC23-9977-4CC8-B649-035FFAE9664C}.Ubuntu_Release|ARM.ActiveCfg = Debug|Any CPU
		{8D84EC23-9977-4CC8-B649-035FFAE9664C}.Ubuntu_Release|x64.ActiveCfg = Release|Any CPU
		{8D84EC23-9977-4CC8-B649-035FFAE9664C}.Ubuntu_Release|x64.Build.0 = Release|Any CPU
		{8D84EC23-9977-4CC8-B649-035FFAE9664C}.Ubuntu_Release|x86.ActiveCfg = Debug|Any CPU
		{68C6476E-1F80-412A-A8A7-480F832922D8}.Debug|Any CPU.ActiveCfg = Debug|Any CPU
		{68C6476E-1F80-412A-A8A7-480F832922D8}.Debug|Any CPU.Build.0 = Debug|Any CPU
		{68C6476E-1F80-412A-A8A7-480F832922D8}.Debug|ARM.ActiveCfg = Debug|Any CPU
		{68C6476E-1F80-412A-A8A7-480F832922D8}.Debug|ARM.Build.0 = Debug|Any CPU
		{68C6476E-1F80-412A-A8A7-480F832922D8}.Debug|x64.ActiveCfg = Debug|Any CPU
		{68C6476E-1F80-412A-A8A7-480F832922D8}.Debug|x64.Build.0 = Debug|Any CPU
		{68C6476E-1F80-412A-A8A7-480F832922D8}.Debug|x86.ActiveCfg = Debug|Any CPU
		{68C6476E-1F80-412A-A8A7-480F832922D8}.Debug|x86.Build.0 = Debug|Any CPU
		{68C6476E-1F80-412A-A8A7-480F832922D8}.Osx_Debug|Any CPU.ActiveCfg = Debug|Any CPU
		{68C6476E-1F80-412A-A8A7-480F832922D8}.Osx_Debug|Any CPU.Build.0 = Debug|Any CPU
		{68C6476E-1F80-412A-A8A7-480F832922D8}.Osx_Debug|ARM.ActiveCfg = Debug|Any CPU
		{68C6476E-1F80-412A-A8A7-480F832922D8}.Osx_Debug|x64.ActiveCfg = Debug|Any CPU
		{68C6476E-1F80-412A-A8A7-480F832922D8}.Osx_Debug|x64.Build.0 = Debug|Any CPU
		{68C6476E-1F80-412A-A8A7-480F832922D8}.Osx_Debug|x86.ActiveCfg = Debug|Any CPU
		{68C6476E-1F80-412A-A8A7-480F832922D8}.Osx_Release|Any CPU.ActiveCfg = Release|Any CPU
		{68C6476E-1F80-412A-A8A7-480F832922D8}.Osx_Release|Any CPU.Build.0 = Release|Any CPU
		{68C6476E-1F80-412A-A8A7-480F832922D8}.Osx_Release|ARM.ActiveCfg = Debug|Any CPU
		{68C6476E-1F80-412A-A8A7-480F832922D8}.Osx_Release|x64.ActiveCfg = Release|Any CPU
		{68C6476E-1F80-412A-A8A7-480F832922D8}.Osx_Release|x64.Build.0 = Release|Any CPU
		{68C6476E-1F80-412A-A8A7-480F832922D8}.Osx_Release|x86.ActiveCfg = Debug|Any CPU
		{68C6476E-1F80-412A-A8A7-480F832922D8}.Release|Any CPU.ActiveCfg = Release|Any CPU
		{68C6476E-1F80-412A-A8A7-480F832922D8}.Release|Any CPU.Build.0 = Release|Any CPU
		{68C6476E-1F80-412A-A8A7-480F832922D8}.Release|ARM.ActiveCfg = Release|Any CPU
		{68C6476E-1F80-412A-A8A7-480F832922D8}.Release|ARM.Build.0 = Release|Any CPU
		{68C6476E-1F80-412A-A8A7-480F832922D8}.Release|x64.ActiveCfg = Release|Any CPU
		{68C6476E-1F80-412A-A8A7-480F832922D8}.Release|x64.Build.0 = Release|Any CPU
		{68C6476E-1F80-412A-A8A7-480F832922D8}.Release|x86.ActiveCfg = Release|Any CPU
		{68C6476E-1F80-412A-A8A7-480F832922D8}.Release|x86.Build.0 = Release|Any CPU
		{68C6476E-1F80-412A-A8A7-480F832922D8}.Ubuntu_Debug|Any CPU.ActiveCfg = Debug|Any CPU
		{68C6476E-1F80-412A-A8A7-480F832922D8}.Ubuntu_Debug|Any CPU.Build.0 = Debug|Any CPU
		{68C6476E-1F80-412A-A8A7-480F832922D8}.Ubuntu_Debug|ARM.ActiveCfg = Debug|Any CPU
		{68C6476E-1F80-412A-A8A7-480F832922D8}.Ubuntu_Debug|x64.ActiveCfg = Debug|Any CPU
		{68C6476E-1F80-412A-A8A7-480F832922D8}.Ubuntu_Debug|x64.Build.0 = Debug|Any CPU
		{68C6476E-1F80-412A-A8A7-480F832922D8}.Ubuntu_Debug|x86.ActiveCfg = Debug|Any CPU
		{68C6476E-1F80-412A-A8A7-480F832922D8}.Ubuntu_Release|Any CPU.ActiveCfg = Release|Any CPU
		{68C6476E-1F80-412A-A8A7-480F832922D8}.Ubuntu_Release|Any CPU.Build.0 = Release|Any CPU
		{68C6476E-1F80-412A-A8A7-480F832922D8}.Ubuntu_Release|ARM.ActiveCfg = Debug|Any CPU
		{68C6476E-1F80-412A-A8A7-480F832922D8}.Ubuntu_Release|x64.ActiveCfg = Release|Any CPU
		{68C6476E-1F80-412A-A8A7-480F832922D8}.Ubuntu_Release|x64.Build.0 = Release|Any CPU
		{68C6476E-1F80-412A-A8A7-480F832922D8}.Ubuntu_Release|x86.ActiveCfg = Debug|Any CPU
		{36E8F09A-D3CA-405B-B515-9206F85B432C}.Debug|Any CPU.ActiveCfg = Debug|Any CPU
		{36E8F09A-D3CA-405B-B515-9206F85B432C}.Debug|Any CPU.Build.0 = Debug|Any CPU
		{36E8F09A-D3CA-405B-B515-9206F85B432C}.Debug|ARM.ActiveCfg = Debug|Any CPU
		{36E8F09A-D3CA-405B-B515-9206F85B432C}.Debug|ARM.Build.0 = Debug|Any CPU
		{36E8F09A-D3CA-405B-B515-9206F85B432C}.Debug|x64.ActiveCfg = Debug|Any CPU
		{36E8F09A-D3CA-405B-B515-9206F85B432C}.Debug|x64.Build.0 = Debug|Any CPU
		{36E8F09A-D3CA-405B-B515-9206F85B432C}.Debug|x86.ActiveCfg = Debug|Any CPU
		{36E8F09A-D3CA-405B-B515-9206F85B432C}.Debug|x86.Build.0 = Debug|Any CPU
		{36E8F09A-D3CA-405B-B515-9206F85B432C}.Osx_Debug|Any CPU.ActiveCfg = Debug|Any CPU
		{36E8F09A-D3CA-405B-B515-9206F85B432C}.Osx_Debug|Any CPU.Build.0 = Debug|Any CPU
		{36E8F09A-D3CA-405B-B515-9206F85B432C}.Osx_Debug|ARM.ActiveCfg = Debug|Any CPU
		{36E8F09A-D3CA-405B-B515-9206F85B432C}.Osx_Debug|x64.ActiveCfg = Debug|Any CPU
		{36E8F09A-D3CA-405B-B515-9206F85B432C}.Osx_Debug|x64.Build.0 = Debug|Any CPU
		{36E8F09A-D3CA-405B-B515-9206F85B432C}.Osx_Debug|x86.ActiveCfg = Debug|Any CPU
		{36E8F09A-D3CA-405B-B515-9206F85B432C}.Osx_Release|Any CPU.ActiveCfg = Release|Any CPU
		{36E8F09A-D3CA-405B-B515-9206F85B432C}.Osx_Release|Any CPU.Build.0 = Release|Any CPU
		{36E8F09A-D3CA-405B-B515-9206F85B432C}.Osx_Release|ARM.ActiveCfg = Debug|Any CPU
		{36E8F09A-D3CA-405B-B515-9206F85B432C}.Osx_Release|x64.ActiveCfg = Release|Any CPU
		{36E8F09A-D3CA-405B-B515-9206F85B432C}.Osx_Release|x64.Build.0 = Release|Any CPU
		{36E8F09A-D3CA-405B-B515-9206F85B432C}.Osx_Release|x86.ActiveCfg = Debug|Any CPU
		{36E8F09A-D3CA-405B-B515-9206F85B432C}.Release|Any CPU.ActiveCfg = Release|Any CPU
		{36E8F09A-D3CA-405B-B515-9206F85B432C}.Release|Any CPU.Build.0 = Release|Any CPU
		{36E8F09A-D3CA-405B-B515-9206F85B432C}.Release|ARM.ActiveCfg = Release|Any CPU
		{36E8F09A-D3CA-405B-B515-9206F85B432C}.Release|ARM.Build.0 = Release|Any CPU
		{36E8F09A-D3CA-405B-B515-9206F85B432C}.Release|x64.ActiveCfg = Release|Any CPU
		{36E8F09A-D3CA-405B-B515-9206F85B432C}.Release|x64.Build.0 = Release|Any CPU
		{36E8F09A-D3CA-405B-B515-9206F85B432C}.Release|x86.ActiveCfg = Release|Any CPU
		{36E8F09A-D3CA-405B-B515-9206F85B432C}.Release|x86.Build.0 = Release|Any CPU
		{36E8F09A-D3CA-405B-B515-9206F85B432C}.Ubuntu_Debug|Any CPU.ActiveCfg = Debug|Any CPU
		{36E8F09A-D3CA-405B-B515-9206F85B432C}.Ubuntu_Debug|Any CPU.Build.0 = Debug|Any CPU
		{36E8F09A-D3CA-405B-B515-9206F85B432C}.Ubuntu_Debug|ARM.ActiveCfg = Debug|Any CPU
		{36E8F09A-D3CA-405B-B515-9206F85B432C}.Ubuntu_Debug|x64.ActiveCfg = Debug|Any CPU
		{36E8F09A-D3CA-405B-B515-9206F85B432C}.Ubuntu_Debug|x64.Build.0 = Debug|Any CPU
		{36E8F09A-D3CA-405B-B515-9206F85B432C}.Ubuntu_Debug|x86.ActiveCfg = Debug|Any CPU
		{36E8F09A-D3CA-405B-B515-9206F85B432C}.Ubuntu_Release|Any CPU.ActiveCfg = Release|Any CPU
		{36E8F09A-D3CA-405B-B515-9206F85B432C}.Ubuntu_Release|Any CPU.Build.0 = Release|Any CPU
		{36E8F09A-D3CA-405B-B515-9206F85B432C}.Ubuntu_Release|ARM.ActiveCfg = Debug|Any CPU
		{36E8F09A-D3CA-405B-B515-9206F85B432C}.Ubuntu_Release|x64.ActiveCfg = Release|Any CPU
		{36E8F09A-D3CA-405B-B515-9206F85B432C}.Ubuntu_Release|x64.Build.0 = Release|Any CPU
		{36E8F09A-D3CA-405B-B515-9206F85B432C}.Ubuntu_Release|x86.ActiveCfg = Debug|Any CPU
		{16815A46-F1CA-4D56-80C8-54C4DFB8C1BC}.Debug|Any CPU.ActiveCfg = Debug|Any CPU
		{16815A46-F1CA-4D56-80C8-54C4DFB8C1BC}.Debug|Any CPU.Build.0 = Debug|Any CPU
		{16815A46-F1CA-4D56-80C8-54C4DFB8C1BC}.Debug|ARM.ActiveCfg = Debug|Any CPU
		{16815A46-F1CA-4D56-80C8-54C4DFB8C1BC}.Debug|ARM.Build.0 = Debug|Any CPU
		{16815A46-F1CA-4D56-80C8-54C4DFB8C1BC}.Debug|x64.ActiveCfg = Debug|Any CPU
		{16815A46-F1CA-4D56-80C8-54C4DFB8C1BC}.Debug|x64.Build.0 = Debug|Any CPU
		{16815A46-F1CA-4D56-80C8-54C4DFB8C1BC}.Debug|x86.ActiveCfg = Debug|Any CPU
		{16815A46-F1CA-4D56-80C8-54C4DFB8C1BC}.Debug|x86.Build.0 = Debug|Any CPU
		{16815A46-F1CA-4D56-80C8-54C4DFB8C1BC}.Osx_Debug|Any CPU.ActiveCfg = Debug|Any CPU
		{16815A46-F1CA-4D56-80C8-54C4DFB8C1BC}.Osx_Debug|Any CPU.Build.0 = Debug|Any CPU
		{16815A46-F1CA-4D56-80C8-54C4DFB8C1BC}.Osx_Debug|ARM.ActiveCfg = Debug|Any CPU
		{16815A46-F1CA-4D56-80C8-54C4DFB8C1BC}.Osx_Debug|x64.ActiveCfg = Debug|Any CPU
		{16815A46-F1CA-4D56-80C8-54C4DFB8C1BC}.Osx_Debug|x64.Build.0 = Debug|Any CPU
		{16815A46-F1CA-4D56-80C8-54C4DFB8C1BC}.Osx_Debug|x86.ActiveCfg = Debug|Any CPU
		{16815A46-F1CA-4D56-80C8-54C4DFB8C1BC}.Osx_Release|Any CPU.ActiveCfg = Release|Any CPU
		{16815A46-F1CA-4D56-80C8-54C4DFB8C1BC}.Osx_Release|Any CPU.Build.0 = Release|Any CPU
		{16815A46-F1CA-4D56-80C8-54C4DFB8C1BC}.Osx_Release|ARM.ActiveCfg = Debug|Any CPU
		{16815A46-F1CA-4D56-80C8-54C4DFB8C1BC}.Osx_Release|x64.ActiveCfg = Release|Any CPU
		{16815A46-F1CA-4D56-80C8-54C4DFB8C1BC}.Osx_Release|x64.Build.0 = Release|Any CPU
		{16815A46-F1CA-4D56-80C8-54C4DFB8C1BC}.Osx_Release|x86.ActiveCfg = Debug|Any CPU
		{16815A46-F1CA-4D56-80C8-54C4DFB8C1BC}.Release|Any CPU.ActiveCfg = Release|Any CPU
		{16815A46-F1CA-4D56-80C8-54C4DFB8C1BC}.Release|Any CPU.Build.0 = Release|Any CPU
		{16815A46-F1CA-4D56-80C8-54C4DFB8C1BC}.Release|ARM.ActiveCfg = Release|Any CPU
		{16815A46-F1CA-4D56-80C8-54C4DFB8C1BC}.Release|ARM.Build.0 = Release|Any CPU
		{16815A46-F1CA-4D56-80C8-54C4DFB8C1BC}.Release|x64.ActiveCfg = Release|Any CPU
		{16815A46-F1CA-4D56-80C8-54C4DFB8C1BC}.Release|x64.Build.0 = Release|Any CPU
		{16815A46-F1CA-4D56-80C8-54C4DFB8C1BC}.Release|x86.ActiveCfg = Release|Any CPU
		{16815A46-F1CA-4D56-80C8-54C4DFB8C1BC}.Release|x86.Build.0 = Release|Any CPU
		{16815A46-F1CA-4D56-80C8-54C4DFB8C1BC}.Ubuntu_Debug|Any CPU.ActiveCfg = Debug|Any CPU
		{16815A46-F1CA-4D56-80C8-54C4DFB8C1BC}.Ubuntu_Debug|Any CPU.Build.0 = Debug|Any CPU
		{16815A46-F1CA-4D56-80C8-54C4DFB8C1BC}.Ubuntu_Debug|ARM.ActiveCfg = Debug|Any CPU
		{16815A46-F1CA-4D56-80C8-54C4DFB8C1BC}.Ubuntu_Debug|x64.ActiveCfg = Debug|Any CPU
		{16815A46-F1CA-4D56-80C8-54C4DFB8C1BC}.Ubuntu_Debug|x64.Build.0 = Debug|Any CPU
		{16815A46-F1CA-4D56-80C8-54C4DFB8C1BC}.Ubuntu_Debug|x86.ActiveCfg = Debug|Any CPU
		{16815A46-F1CA-4D56-80C8-54C4DFB8C1BC}.Ubuntu_Release|Any CPU.ActiveCfg = Release|Any CPU
		{16815A46-F1CA-4D56-80C8-54C4DFB8C1BC}.Ubuntu_Release|Any CPU.Build.0 = Release|Any CPU
		{16815A46-F1CA-4D56-80C8-54C4DFB8C1BC}.Ubuntu_Release|ARM.ActiveCfg = Debug|Any CPU
		{16815A46-F1CA-4D56-80C8-54C4DFB8C1BC}.Ubuntu_Release|x64.ActiveCfg = Release|Any CPU
		{16815A46-F1CA-4D56-80C8-54C4DFB8C1BC}.Ubuntu_Release|x64.Build.0 = Release|Any CPU
		{16815A46-F1CA-4D56-80C8-54C4DFB8C1BC}.Ubuntu_Release|x86.ActiveCfg = Debug|Any CPU
		{28D8D77D-E68D-4EBC-9150-F7C433D63BFA}.Debug|Any CPU.ActiveCfg = Debug|Any CPU
		{28D8D77D-E68D-4EBC-9150-F7C433D63BFA}.Debug|Any CPU.Build.0 = Debug|Any CPU
		{28D8D77D-E68D-4EBC-9150-F7C433D63BFA}.Debug|ARM.ActiveCfg = Debug|Any CPU
		{28D8D77D-E68D-4EBC-9150-F7C433D63BFA}.Debug|ARM.Build.0 = Debug|Any CPU
		{28D8D77D-E68D-4EBC-9150-F7C433D63BFA}.Debug|x64.ActiveCfg = Debug|Any CPU
		{28D8D77D-E68D-4EBC-9150-F7C433D63BFA}.Debug|x64.Build.0 = Debug|Any CPU
		{28D8D77D-E68D-4EBC-9150-F7C433D63BFA}.Debug|x86.ActiveCfg = Debug|Any CPU
		{28D8D77D-E68D-4EBC-9150-F7C433D63BFA}.Debug|x86.Build.0 = Debug|Any CPU
		{28D8D77D-E68D-4EBC-9150-F7C433D63BFA}.Osx_Debug|Any CPU.ActiveCfg = Debug|Any CPU
		{28D8D77D-E68D-4EBC-9150-F7C433D63BFA}.Osx_Debug|Any CPU.Build.0 = Debug|Any CPU
		{28D8D77D-E68D-4EBC-9150-F7C433D63BFA}.Osx_Debug|ARM.ActiveCfg = Debug|Any CPU
		{28D8D77D-E68D-4EBC-9150-F7C433D63BFA}.Osx_Debug|x64.ActiveCfg = Debug|Any CPU
		{28D8D77D-E68D-4EBC-9150-F7C433D63BFA}.Osx_Debug|x64.Build.0 = Debug|Any CPU
		{28D8D77D-E68D-4EBC-9150-F7C433D63BFA}.Osx_Debug|x86.ActiveCfg = Debug|Any CPU
		{28D8D77D-E68D-4EBC-9150-F7C433D63BFA}.Osx_Release|Any CPU.ActiveCfg = Release|Any CPU
		{28D8D77D-E68D-4EBC-9150-F7C433D63BFA}.Osx_Release|Any CPU.Build.0 = Release|Any CPU
		{28D8D77D-E68D-4EBC-9150-F7C433D63BFA}.Osx_Release|ARM.ActiveCfg = Debug|Any CPU
		{28D8D77D-E68D-4EBC-9150-F7C433D63BFA}.Osx_Release|x64.ActiveCfg = Release|Any CPU
		{28D8D77D-E68D-4EBC-9150-F7C433D63BFA}.Osx_Release|x64.Build.0 = Release|Any CPU
		{28D8D77D-E68D-4EBC-9150-F7C433D63BFA}.Osx_Release|x86.ActiveCfg = Debug|Any CPU
		{28D8D77D-E68D-4EBC-9150-F7C433D63BFA}.Release|Any CPU.ActiveCfg = Release|Any CPU
		{28D8D77D-E68D-4EBC-9150-F7C433D63BFA}.Release|Any CPU.Build.0 = Release|Any CPU
		{28D8D77D-E68D-4EBC-9150-F7C433D63BFA}.Release|ARM.ActiveCfg = Release|Any CPU
		{28D8D77D-E68D-4EBC-9150-F7C433D63BFA}.Release|ARM.Build.0 = Release|Any CPU
		{28D8D77D-E68D-4EBC-9150-F7C433D63BFA}.Release|x64.ActiveCfg = Release|Any CPU
		{28D8D77D-E68D-4EBC-9150-F7C433D63BFA}.Release|x64.Build.0 = Release|Any CPU
		{28D8D77D-E68D-4EBC-9150-F7C433D63BFA}.Release|x86.ActiveCfg = Release|Any CPU
		{28D8D77D-E68D-4EBC-9150-F7C433D63BFA}.Release|x86.Build.0 = Release|Any CPU
		{28D8D77D-E68D-4EBC-9150-F7C433D63BFA}.Ubuntu_Debug|Any CPU.ActiveCfg = Debug|Any CPU
		{28D8D77D-E68D-4EBC-9150-F7C433D63BFA}.Ubuntu_Debug|Any CPU.Build.0 = Debug|Any CPU
		{28D8D77D-E68D-4EBC-9150-F7C433D63BFA}.Ubuntu_Debug|ARM.ActiveCfg = Debug|Any CPU
		{28D8D77D-E68D-4EBC-9150-F7C433D63BFA}.Ubuntu_Debug|x64.ActiveCfg = Debug|Any CPU
		{28D8D77D-E68D-4EBC-9150-F7C433D63BFA}.Ubuntu_Debug|x64.Build.0 = Debug|Any CPU
		{28D8D77D-E68D-4EBC-9150-F7C433D63BFA}.Ubuntu_Debug|x86.ActiveCfg = Debug|Any CPU
		{28D8D77D-E68D-4EBC-9150-F7C433D63BFA}.Ubuntu_Release|Any CPU.ActiveCfg = Release|Any CPU
		{28D8D77D-E68D-4EBC-9150-F7C433D63BFA}.Ubuntu_Release|Any CPU.Build.0 = Release|Any CPU
		{28D8D77D-E68D-4EBC-9150-F7C433D63BFA}.Ubuntu_Release|ARM.ActiveCfg = Debug|Any CPU
		{28D8D77D-E68D-4EBC-9150-F7C433D63BFA}.Ubuntu_Release|x64.ActiveCfg = Release|Any CPU
		{28D8D77D-E68D-4EBC-9150-F7C433D63BFA}.Ubuntu_Release|x64.Build.0 = Release|Any CPU
		{28D8D77D-E68D-4EBC-9150-F7C433D63BFA}.Ubuntu_Release|x86.ActiveCfg = Debug|Any CPU
		{FD6B4124-975B-454E-ACC8-424CC9A8BB8B}.Debug|Any CPU.ActiveCfg = Debug|Any CPU
		{FD6B4124-975B-454E-ACC8-424CC9A8BB8B}.Debug|Any CPU.Build.0 = Debug|Any CPU
		{FD6B4124-975B-454E-ACC8-424CC9A8BB8B}.Debug|ARM.ActiveCfg = Debug|Any CPU
		{FD6B4124-975B-454E-ACC8-424CC9A8BB8B}.Debug|ARM.Build.0 = Debug|Any CPU
		{FD6B4124-975B-454E-ACC8-424CC9A8BB8B}.Debug|x64.ActiveCfg = Debug|Any CPU
		{FD6B4124-975B-454E-ACC8-424CC9A8BB8B}.Debug|x64.Build.0 = Debug|Any CPU
		{FD6B4124-975B-454E-ACC8-424CC9A8BB8B}.Debug|x86.ActiveCfg = Debug|Any CPU
		{FD6B4124-975B-454E-ACC8-424CC9A8BB8B}.Debug|x86.Build.0 = Debug|Any CPU
		{FD6B4124-975B-454E-ACC8-424CC9A8BB8B}.Osx_Debug|Any CPU.ActiveCfg = Debug|Any CPU
		{FD6B4124-975B-454E-ACC8-424CC9A8BB8B}.Osx_Debug|Any CPU.Build.0 = Debug|Any CPU
		{FD6B4124-975B-454E-ACC8-424CC9A8BB8B}.Osx_Debug|ARM.ActiveCfg = Debug|Any CPU
		{FD6B4124-975B-454E-ACC8-424CC9A8BB8B}.Osx_Debug|ARM.Build.0 = Debug|Any CPU
		{FD6B4124-975B-454E-ACC8-424CC9A8BB8B}.Osx_Debug|x64.ActiveCfg = Debug|Any CPU
		{FD6B4124-975B-454E-ACC8-424CC9A8BB8B}.Osx_Debug|x64.Build.0 = Debug|Any CPU
		{FD6B4124-975B-454E-ACC8-424CC9A8BB8B}.Osx_Debug|x86.ActiveCfg = Debug|Any CPU
		{FD6B4124-975B-454E-ACC8-424CC9A8BB8B}.Osx_Debug|x86.Build.0 = Debug|Any CPU
		{FD6B4124-975B-454E-ACC8-424CC9A8BB8B}.Osx_Release|Any CPU.ActiveCfg = Release|Any CPU
		{FD6B4124-975B-454E-ACC8-424CC9A8BB8B}.Osx_Release|Any CPU.Build.0 = Release|Any CPU
		{FD6B4124-975B-454E-ACC8-424CC9A8BB8B}.Osx_Release|ARM.ActiveCfg = Release|Any CPU
		{FD6B4124-975B-454E-ACC8-424CC9A8BB8B}.Osx_Release|ARM.Build.0 = Release|Any CPU
		{FD6B4124-975B-454E-ACC8-424CC9A8BB8B}.Osx_Release|x64.ActiveCfg = Release|Any CPU
		{FD6B4124-975B-454E-ACC8-424CC9A8BB8B}.Osx_Release|x64.Build.0 = Release|Any CPU
		{FD6B4124-975B-454E-ACC8-424CC9A8BB8B}.Osx_Release|x86.ActiveCfg = Release|Any CPU
		{FD6B4124-975B-454E-ACC8-424CC9A8BB8B}.Osx_Release|x86.Build.0 = Release|Any CPU
		{FD6B4124-975B-454E-ACC8-424CC9A8BB8B}.Release|Any CPU.ActiveCfg = Release|Any CPU
		{FD6B4124-975B-454E-ACC8-424CC9A8BB8B}.Release|Any CPU.Build.0 = Release|Any CPU
		{FD6B4124-975B-454E-ACC8-424CC9A8BB8B}.Release|ARM.ActiveCfg = Release|Any CPU
		{FD6B4124-975B-454E-ACC8-424CC9A8BB8B}.Release|ARM.Build.0 = Release|Any CPU
		{FD6B4124-975B-454E-ACC8-424CC9A8BB8B}.Release|x64.ActiveCfg = Release|Any CPU
		{FD6B4124-975B-454E-ACC8-424CC9A8BB8B}.Release|x64.Build.0 = Release|Any CPU
		{FD6B4124-975B-454E-ACC8-424CC9A8BB8B}.Release|x86.ActiveCfg = Release|Any CPU
		{FD6B4124-975B-454E-ACC8-424CC9A8BB8B}.Release|x86.Build.0 = Release|Any CPU
		{FD6B4124-975B-454E-ACC8-424CC9A8BB8B}.Ubuntu_Debug|Any CPU.ActiveCfg = Debug|Any CPU
		{FD6B4124-975B-454E-ACC8-424CC9A8BB8B}.Ubuntu_Debug|Any CPU.Build.0 = Debug|Any CPU
		{FD6B4124-975B-454E-ACC8-424CC9A8BB8B}.Ubuntu_Debug|ARM.ActiveCfg = Debug|Any CPU
		{FD6B4124-975B-454E-ACC8-424CC9A8BB8B}.Ubuntu_Debug|ARM.Build.0 = Debug|Any CPU
		{FD6B4124-975B-454E-ACC8-424CC9A8BB8B}.Ubuntu_Debug|x64.ActiveCfg = Debug|Any CPU
		{FD6B4124-975B-454E-ACC8-424CC9A8BB8B}.Ubuntu_Debug|x64.Build.0 = Debug|Any CPU
		{FD6B4124-975B-454E-ACC8-424CC9A8BB8B}.Ubuntu_Debug|x86.ActiveCfg = Debug|Any CPU
		{FD6B4124-975B-454E-ACC8-424CC9A8BB8B}.Ubuntu_Debug|x86.Build.0 = Debug|Any CPU
		{FD6B4124-975B-454E-ACC8-424CC9A8BB8B}.Ubuntu_Release|Any CPU.ActiveCfg = Release|Any CPU
		{FD6B4124-975B-454E-ACC8-424CC9A8BB8B}.Ubuntu_Release|Any CPU.Build.0 = Release|Any CPU
		{FD6B4124-975B-454E-ACC8-424CC9A8BB8B}.Ubuntu_Release|ARM.ActiveCfg = Release|Any CPU
		{FD6B4124-975B-454E-ACC8-424CC9A8BB8B}.Ubuntu_Release|ARM.Build.0 = Release|Any CPU
		{FD6B4124-975B-454E-ACC8-424CC9A8BB8B}.Ubuntu_Release|x64.ActiveCfg = Release|Any CPU
		{FD6B4124-975B-454E-ACC8-424CC9A8BB8B}.Ubuntu_Release|x64.Build.0 = Release|Any CPU
		{FD6B4124-975B-454E-ACC8-424CC9A8BB8B}.Ubuntu_Release|x86.ActiveCfg = Release|Any CPU
		{FD6B4124-975B-454E-ACC8-424CC9A8BB8B}.Ubuntu_Release|x86.Build.0 = Release|Any CPU
		{C4301817-D6F9-43A4-9E24-5446C0A2C15C}.Debug|Any CPU.ActiveCfg = Debug|Any CPU
		{C4301817-D6F9-43A4-9E24-5446C0A2C15C}.Debug|Any CPU.Build.0 = Debug|Any CPU
		{C4301817-D6F9-43A4-9E24-5446C0A2C15C}.Debug|ARM.ActiveCfg = Debug|Any CPU
		{C4301817-D6F9-43A4-9E24-5446C0A2C15C}.Debug|ARM.Build.0 = Debug|Any CPU
		{C4301817-D6F9-43A4-9E24-5446C0A2C15C}.Debug|x64.ActiveCfg = Debug|Any CPU
		{C4301817-D6F9-43A4-9E24-5446C0A2C15C}.Debug|x64.Build.0 = Debug|Any CPU
		{C4301817-D6F9-43A4-9E24-5446C0A2C15C}.Debug|x86.ActiveCfg = Debug|Any CPU
		{C4301817-D6F9-43A4-9E24-5446C0A2C15C}.Debug|x86.Build.0 = Debug|Any CPU
		{C4301817-D6F9-43A4-9E24-5446C0A2C15C}.Osx_Debug|Any CPU.ActiveCfg = Debug|Any CPU
		{C4301817-D6F9-43A4-9E24-5446C0A2C15C}.Osx_Debug|Any CPU.Build.0 = Debug|Any CPU
		{C4301817-D6F9-43A4-9E24-5446C0A2C15C}.Osx_Debug|ARM.ActiveCfg = Debug|Any CPU
		{C4301817-D6F9-43A4-9E24-5446C0A2C15C}.Osx_Debug|ARM.Build.0 = Debug|Any CPU
		{C4301817-D6F9-43A4-9E24-5446C0A2C15C}.Osx_Debug|x64.ActiveCfg = Debug|Any CPU
		{C4301817-D6F9-43A4-9E24-5446C0A2C15C}.Osx_Debug|x64.Build.0 = Debug|Any CPU
		{C4301817-D6F9-43A4-9E24-5446C0A2C15C}.Osx_Debug|x86.ActiveCfg = Debug|Any CPU
		{C4301817-D6F9-43A4-9E24-5446C0A2C15C}.Osx_Debug|x86.Build.0 = Debug|Any CPU
		{C4301817-D6F9-43A4-9E24-5446C0A2C15C}.Osx_Release|Any CPU.ActiveCfg = Release|Any CPU
		{C4301817-D6F9-43A4-9E24-5446C0A2C15C}.Osx_Release|Any CPU.Build.0 = Release|Any CPU
		{C4301817-D6F9-43A4-9E24-5446C0A2C15C}.Osx_Release|ARM.ActiveCfg = Release|Any CPU
		{C4301817-D6F9-43A4-9E24-5446C0A2C15C}.Osx_Release|ARM.Build.0 = Release|Any CPU
		{C4301817-D6F9-43A4-9E24-5446C0A2C15C}.Osx_Release|x64.ActiveCfg = Release|Any CPU
		{C4301817-D6F9-43A4-9E24-5446C0A2C15C}.Osx_Release|x64.Build.0 = Release|Any CPU
		{C4301817-D6F9-43A4-9E24-5446C0A2C15C}.Osx_Release|x86.ActiveCfg = Release|Any CPU
		{C4301817-D6F9-43A4-9E24-5446C0A2C15C}.Osx_Release|x86.Build.0 = Release|Any CPU
		{C4301817-D6F9-43A4-9E24-5446C0A2C15C}.Release|Any CPU.ActiveCfg = Release|Any CPU
		{C4301817-D6F9-43A4-9E24-5446C0A2C15C}.Release|Any CPU.Build.0 = Release|Any CPU
		{C4301817-D6F9-43A4-9E24-5446C0A2C15C}.Release|ARM.ActiveCfg = Release|Any CPU
		{C4301817-D6F9-43A4-9E24-5446C0A2C15C}.Release|ARM.Build.0 = Release|Any CPU
		{C4301817-D6F9-43A4-9E24-5446C0A2C15C}.Release|x64.ActiveCfg = Release|Any CPU
		{C4301817-D6F9-43A4-9E24-5446C0A2C15C}.Release|x64.Build.0 = Release|Any CPU
		{C4301817-D6F9-43A4-9E24-5446C0A2C15C}.Release|x86.ActiveCfg = Release|Any CPU
		{C4301817-D6F9-43A4-9E24-5446C0A2C15C}.Release|x86.Build.0 = Release|Any CPU
		{C4301817-D6F9-43A4-9E24-5446C0A2C15C}.Ubuntu_Debug|Any CPU.ActiveCfg = Debug|Any CPU
		{C4301817-D6F9-43A4-9E24-5446C0A2C15C}.Ubuntu_Debug|Any CPU.Build.0 = Debug|Any CPU
		{C4301817-D6F9-43A4-9E24-5446C0A2C15C}.Ubuntu_Debug|ARM.ActiveCfg = Debug|Any CPU
		{C4301817-D6F9-43A4-9E24-5446C0A2C15C}.Ubuntu_Debug|ARM.Build.0 = Debug|Any CPU
		{C4301817-D6F9-43A4-9E24-5446C0A2C15C}.Ubuntu_Debug|x64.ActiveCfg = Debug|Any CPU
		{C4301817-D6F9-43A4-9E24-5446C0A2C15C}.Ubuntu_Debug|x64.Build.0 = Debug|Any CPU
		{C4301817-D6F9-43A4-9E24-5446C0A2C15C}.Ubuntu_Debug|x86.ActiveCfg = Debug|Any CPU
		{C4301817-D6F9-43A4-9E24-5446C0A2C15C}.Ubuntu_Debug|x86.Build.0 = Debug|Any CPU
		{C4301817-D6F9-43A4-9E24-5446C0A2C15C}.Ubuntu_Release|Any CPU.ActiveCfg = Release|Any CPU
		{C4301817-D6F9-43A4-9E24-5446C0A2C15C}.Ubuntu_Release|Any CPU.Build.0 = Release|Any CPU
		{C4301817-D6F9-43A4-9E24-5446C0A2C15C}.Ubuntu_Release|ARM.ActiveCfg = Release|Any CPU
		{C4301817-D6F9-43A4-9E24-5446C0A2C15C}.Ubuntu_Release|ARM.Build.0 = Release|Any CPU
		{C4301817-D6F9-43A4-9E24-5446C0A2C15C}.Ubuntu_Release|x64.ActiveCfg = Release|Any CPU
		{C4301817-D6F9-43A4-9E24-5446C0A2C15C}.Ubuntu_Release|x64.Build.0 = Release|Any CPU
		{C4301817-D6F9-43A4-9E24-5446C0A2C15C}.Ubuntu_Release|x86.ActiveCfg = Release|Any CPU
		{C4301817-D6F9-43A4-9E24-5446C0A2C15C}.Ubuntu_Release|x86.Build.0 = Release|Any CPU
		{D15030D8-CFC5-4F05-8987-784326856E90}.Debug|Any CPU.ActiveCfg = Debug|Any CPU
		{D15030D8-CFC5-4F05-8987-784326856E90}.Debug|Any CPU.Build.0 = Debug|Any CPU
		{D15030D8-CFC5-4F05-8987-784326856E90}.Debug|ARM.ActiveCfg = Debug|Any CPU
		{D15030D8-CFC5-4F05-8987-784326856E90}.Debug|ARM.Build.0 = Debug|Any CPU
		{D15030D8-CFC5-4F05-8987-784326856E90}.Debug|x64.ActiveCfg = Debug|Any CPU
		{D15030D8-CFC5-4F05-8987-784326856E90}.Debug|x64.Build.0 = Debug|Any CPU
		{D15030D8-CFC5-4F05-8987-784326856E90}.Debug|x86.ActiveCfg = Debug|Any CPU
		{D15030D8-CFC5-4F05-8987-784326856E90}.Debug|x86.Build.0 = Debug|Any CPU
		{D15030D8-CFC5-4F05-8987-784326856E90}.Osx_Debug|Any CPU.ActiveCfg = Debug|Any CPU
		{D15030D8-CFC5-4F05-8987-784326856E90}.Osx_Debug|Any CPU.Build.0 = Debug|Any CPU
		{D15030D8-CFC5-4F05-8987-784326856E90}.Osx_Debug|ARM.ActiveCfg = Debug|Any CPU
		{D15030D8-CFC5-4F05-8987-784326856E90}.Osx_Debug|ARM.Build.0 = Debug|Any CPU
		{D15030D8-CFC5-4F05-8987-784326856E90}.Osx_Debug|x64.ActiveCfg = Debug|Any CPU
		{D15030D8-CFC5-4F05-8987-784326856E90}.Osx_Debug|x64.Build.0 = Debug|Any CPU
		{D15030D8-CFC5-4F05-8987-784326856E90}.Osx_Debug|x86.ActiveCfg = Debug|Any CPU
		{D15030D8-CFC5-4F05-8987-784326856E90}.Osx_Debug|x86.Build.0 = Debug|Any CPU
		{D15030D8-CFC5-4F05-8987-784326856E90}.Osx_Release|Any CPU.ActiveCfg = Release|Any CPU
		{D15030D8-CFC5-4F05-8987-784326856E90}.Osx_Release|Any CPU.Build.0 = Release|Any CPU
		{D15030D8-CFC5-4F05-8987-784326856E90}.Osx_Release|ARM.ActiveCfg = Release|Any CPU
		{D15030D8-CFC5-4F05-8987-784326856E90}.Osx_Release|ARM.Build.0 = Release|Any CPU
		{D15030D8-CFC5-4F05-8987-784326856E90}.Osx_Release|x64.ActiveCfg = Release|Any CPU
		{D15030D8-CFC5-4F05-8987-784326856E90}.Osx_Release|x64.Build.0 = Release|Any CPU
		{D15030D8-CFC5-4F05-8987-784326856E90}.Osx_Release|x86.ActiveCfg = Release|Any CPU
		{D15030D8-CFC5-4F05-8987-784326856E90}.Osx_Release|x86.Build.0 = Release|Any CPU
		{D15030D8-CFC5-4F05-8987-784326856E90}.Release|Any CPU.ActiveCfg = Release|Any CPU
		{D15030D8-CFC5-4F05-8987-784326856E90}.Release|Any CPU.Build.0 = Release|Any CPU
		{D15030D8-CFC5-4F05-8987-784326856E90}.Release|ARM.ActiveCfg = Release|Any CPU
		{D15030D8-CFC5-4F05-8987-784326856E90}.Release|ARM.Build.0 = Release|Any CPU
		{D15030D8-CFC5-4F05-8987-784326856E90}.Release|x64.ActiveCfg = Release|Any CPU
		{D15030D8-CFC5-4F05-8987-784326856E90}.Release|x64.Build.0 = Release|Any CPU
		{D15030D8-CFC5-4F05-8987-784326856E90}.Release|x86.ActiveCfg = Release|Any CPU
		{D15030D8-CFC5-4F05-8987-784326856E90}.Release|x86.Build.0 = Release|Any CPU
		{D15030D8-CFC5-4F05-8987-784326856E90}.Ubuntu_Debug|Any CPU.ActiveCfg = Debug|Any CPU
		{D15030D8-CFC5-4F05-8987-784326856E90}.Ubuntu_Debug|Any CPU.Build.0 = Debug|Any CPU
		{D15030D8-CFC5-4F05-8987-784326856E90}.Ubuntu_Debug|ARM.ActiveCfg = Debug|Any CPU
		{D15030D8-CFC5-4F05-8987-784326856E90}.Ubuntu_Debug|ARM.Build.0 = Debug|Any CPU
		{D15030D8-CFC5-4F05-8987-784326856E90}.Ubuntu_Debug|x64.ActiveCfg = Debug|Any CPU
		{D15030D8-CFC5-4F05-8987-784326856E90}.Ubuntu_Debug|x64.Build.0 = Debug|Any CPU
		{D15030D8-CFC5-4F05-8987-784326856E90}.Ubuntu_Debug|x86.ActiveCfg = Debug|Any CPU
		{D15030D8-CFC5-4F05-8987-784326856E90}.Ubuntu_Debug|x86.Build.0 = Debug|Any CPU
		{D15030D8-CFC5-4F05-8987-784326856E90}.Ubuntu_Release|Any CPU.ActiveCfg = Release|Any CPU
		{D15030D8-CFC5-4F05-8987-784326856E90}.Ubuntu_Release|Any CPU.Build.0 = Release|Any CPU
		{D15030D8-CFC5-4F05-8987-784326856E90}.Ubuntu_Release|ARM.ActiveCfg = Release|Any CPU
		{D15030D8-CFC5-4F05-8987-784326856E90}.Ubuntu_Release|ARM.Build.0 = Release|Any CPU
		{D15030D8-CFC5-4F05-8987-784326856E90}.Ubuntu_Release|x64.ActiveCfg = Release|Any CPU
		{D15030D8-CFC5-4F05-8987-784326856E90}.Ubuntu_Release|x64.Build.0 = Release|Any CPU
		{D15030D8-CFC5-4F05-8987-784326856E90}.Ubuntu_Release|x86.ActiveCfg = Release|Any CPU
		{D15030D8-CFC5-4F05-8987-784326856E90}.Ubuntu_Release|x86.Build.0 = Release|Any CPU
		{B0468D19-0F98-49A8-BA28-926331C72E26}.Debug|Any CPU.ActiveCfg = Debug|Any CPU
		{B0468D19-0F98-49A8-BA28-926331C72E26}.Debug|Any CPU.Build.0 = Debug|Any CPU
		{B0468D19-0F98-49A8-BA28-926331C72E26}.Debug|ARM.ActiveCfg = Debug|Any CPU
		{B0468D19-0F98-49A8-BA28-926331C72E26}.Debug|ARM.Build.0 = Debug|Any CPU
		{B0468D19-0F98-49A8-BA28-926331C72E26}.Debug|x64.ActiveCfg = Debug|Any CPU
		{B0468D19-0F98-49A8-BA28-926331C72E26}.Debug|x64.Build.0 = Debug|Any CPU
		{B0468D19-0F98-49A8-BA28-926331C72E26}.Debug|x86.ActiveCfg = Debug|Any CPU
		{B0468D19-0F98-49A8-BA28-926331C72E26}.Debug|x86.Build.0 = Debug|Any CPU
		{B0468D19-0F98-49A8-BA28-926331C72E26}.Osx_Debug|Any CPU.ActiveCfg = Debug|Any CPU
		{B0468D19-0F98-49A8-BA28-926331C72E26}.Osx_Debug|Any CPU.Build.0 = Debug|Any CPU
		{B0468D19-0F98-49A8-BA28-926331C72E26}.Osx_Debug|ARM.ActiveCfg = Debug|Any CPU
		{B0468D19-0F98-49A8-BA28-926331C72E26}.Osx_Debug|ARM.Build.0 = Debug|Any CPU
		{B0468D19-0F98-49A8-BA28-926331C72E26}.Osx_Debug|x64.ActiveCfg = Debug|Any CPU
		{B0468D19-0F98-49A8-BA28-926331C72E26}.Osx_Debug|x64.Build.0 = Debug|Any CPU
		{B0468D19-0F98-49A8-BA28-926331C72E26}.Osx_Debug|x86.ActiveCfg = Debug|Any CPU
		{B0468D19-0F98-49A8-BA28-926331C72E26}.Osx_Debug|x86.Build.0 = Debug|Any CPU
		{B0468D19-0F98-49A8-BA28-926331C72E26}.Osx_Release|Any CPU.ActiveCfg = Release|Any CPU
		{B0468D19-0F98-49A8-BA28-926331C72E26}.Osx_Release|Any CPU.Build.0 = Release|Any CPU
		{B0468D19-0F98-49A8-BA28-926331C72E26}.Osx_Release|ARM.ActiveCfg = Release|Any CPU
		{B0468D19-0F98-49A8-BA28-926331C72E26}.Osx_Release|ARM.Build.0 = Release|Any CPU
		{B0468D19-0F98-49A8-BA28-926331C72E26}.Osx_Release|x64.ActiveCfg = Release|Any CPU
		{B0468D19-0F98-49A8-BA28-926331C72E26}.Osx_Release|x64.Build.0 = Release|Any CPU
		{B0468D19-0F98-49A8-BA28-926331C72E26}.Osx_Release|x86.ActiveCfg = Release|Any CPU
		{B0468D19-0F98-49A8-BA28-926331C72E26}.Osx_Release|x86.Build.0 = Release|Any CPU
		{B0468D19-0F98-49A8-BA28-926331C72E26}.Release|Any CPU.ActiveCfg = Release|Any CPU
		{B0468D19-0F98-49A8-BA28-926331C72E26}.Release|Any CPU.Build.0 = Release|Any CPU
		{B0468D19-0F98-49A8-BA28-926331C72E26}.Release|ARM.ActiveCfg = Release|Any CPU
		{B0468D19-0F98-49A8-BA28-926331C72E26}.Release|ARM.Build.0 = Release|Any CPU
		{B0468D19-0F98-49A8-BA28-926331C72E26}.Release|x64.ActiveCfg = Release|Any CPU
		{B0468D19-0F98-49A8-BA28-926331C72E26}.Release|x64.Build.0 = Release|Any CPU
		{B0468D19-0F98-49A8-BA28-926331C72E26}.Release|x86.ActiveCfg = Release|Any CPU
		{B0468D19-0F98-49A8-BA28-926331C72E26}.Release|x86.Build.0 = Release|Any CPU
		{B0468D19-0F98-49A8-BA28-926331C72E26}.Ubuntu_Debug|Any CPU.ActiveCfg = Debug|Any CPU
		{B0468D19-0F98-49A8-BA28-926331C72E26}.Ubuntu_Debug|Any CPU.Build.0 = Debug|Any CPU
		{B0468D19-0F98-49A8-BA28-926331C72E26}.Ubuntu_Debug|ARM.ActiveCfg = Debug|Any CPU
		{B0468D19-0F98-49A8-BA28-926331C72E26}.Ubuntu_Debug|ARM.Build.0 = Debug|Any CPU
		{B0468D19-0F98-49A8-BA28-926331C72E26}.Ubuntu_Debug|x64.ActiveCfg = Debug|Any CPU
		{B0468D19-0F98-49A8-BA28-926331C72E26}.Ubuntu_Debug|x64.Build.0 = Debug|Any CPU
		{B0468D19-0F98-49A8-BA28-926331C72E26}.Ubuntu_Debug|x86.ActiveCfg = Debug|Any CPU
		{B0468D19-0F98-49A8-BA28-926331C72E26}.Ubuntu_Debug|x86.Build.0 = Debug|Any CPU
		{B0468D19-0F98-49A8-BA28-926331C72E26}.Ubuntu_Release|Any CPU.ActiveCfg = Release|Any CPU
		{B0468D19-0F98-49A8-BA28-926331C72E26}.Ubuntu_Release|Any CPU.Build.0 = Release|Any CPU
		{B0468D19-0F98-49A8-BA28-926331C72E26}.Ubuntu_Release|ARM.ActiveCfg = Release|Any CPU
		{B0468D19-0F98-49A8-BA28-926331C72E26}.Ubuntu_Release|ARM.Build.0 = Release|Any CPU
		{B0468D19-0F98-49A8-BA28-926331C72E26}.Ubuntu_Release|x64.ActiveCfg = Release|Any CPU
		{B0468D19-0F98-49A8-BA28-926331C72E26}.Ubuntu_Release|x64.Build.0 = Release|Any CPU
		{B0468D19-0F98-49A8-BA28-926331C72E26}.Ubuntu_Release|x86.ActiveCfg = Release|Any CPU
		{B0468D19-0F98-49A8-BA28-926331C72E26}.Ubuntu_Release|x86.Build.0 = Release|Any CPU
		{2D8DA586-E0EA-4AD1-BA3C-E4AC0310A45E}.Debug|Any CPU.ActiveCfg = Debug|Any CPU
		{2D8DA586-E0EA-4AD1-BA3C-E4AC0310A45E}.Debug|Any CPU.Build.0 = Debug|Any CPU
		{2D8DA586-E0EA-4AD1-BA3C-E4AC0310A45E}.Debug|ARM.ActiveCfg = Debug|Any CPU
		{2D8DA586-E0EA-4AD1-BA3C-E4AC0310A45E}.Debug|ARM.Build.0 = Debug|Any CPU
		{2D8DA586-E0EA-4AD1-BA3C-E4AC0310A45E}.Debug|x64.ActiveCfg = Debug|Any CPU
		{2D8DA586-E0EA-4AD1-BA3C-E4AC0310A45E}.Debug|x64.Build.0 = Debug|Any CPU
		{2D8DA586-E0EA-4AD1-BA3C-E4AC0310A45E}.Debug|x86.ActiveCfg = Debug|Any CPU
		{2D8DA586-E0EA-4AD1-BA3C-E4AC0310A45E}.Debug|x86.Build.0 = Debug|Any CPU
		{2D8DA586-E0EA-4AD1-BA3C-E4AC0310A45E}.Osx_Debug|Any CPU.ActiveCfg = Debug|Any CPU
		{2D8DA586-E0EA-4AD1-BA3C-E4AC0310A45E}.Osx_Debug|Any CPU.Build.0 = Debug|Any CPU
		{2D8DA586-E0EA-4AD1-BA3C-E4AC0310A45E}.Osx_Debug|ARM.ActiveCfg = Debug|Any CPU
		{2D8DA586-E0EA-4AD1-BA3C-E4AC0310A45E}.Osx_Debug|ARM.Build.0 = Debug|Any CPU
		{2D8DA586-E0EA-4AD1-BA3C-E4AC0310A45E}.Osx_Debug|x64.ActiveCfg = Debug|Any CPU
		{2D8DA586-E0EA-4AD1-BA3C-E4AC0310A45E}.Osx_Debug|x64.Build.0 = Debug|Any CPU
		{2D8DA586-E0EA-4AD1-BA3C-E4AC0310A45E}.Osx_Debug|x86.ActiveCfg = Debug|Any CPU
		{2D8DA586-E0EA-4AD1-BA3C-E4AC0310A45E}.Osx_Debug|x86.Build.0 = Debug|Any CPU
		{2D8DA586-E0EA-4AD1-BA3C-E4AC0310A45E}.Osx_Release|Any CPU.ActiveCfg = Release|Any CPU
		{2D8DA586-E0EA-4AD1-BA3C-E4AC0310A45E}.Osx_Release|Any CPU.Build.0 = Release|Any CPU
		{2D8DA586-E0EA-4AD1-BA3C-E4AC0310A45E}.Osx_Release|ARM.ActiveCfg = Release|Any CPU
		{2D8DA586-E0EA-4AD1-BA3C-E4AC0310A45E}.Osx_Release|ARM.Build.0 = Release|Any CPU
		{2D8DA586-E0EA-4AD1-BA3C-E4AC0310A45E}.Osx_Release|x64.ActiveCfg = Release|Any CPU
		{2D8DA586-E0EA-4AD1-BA3C-E4AC0310A45E}.Osx_Release|x64.Build.0 = Release|Any CPU
		{2D8DA586-E0EA-4AD1-BA3C-E4AC0310A45E}.Osx_Release|x86.ActiveCfg = Release|Any CPU
		{2D8DA586-E0EA-4AD1-BA3C-E4AC0310A45E}.Osx_Release|x86.Build.0 = Release|Any CPU
		{2D8DA586-E0EA-4AD1-BA3C-E4AC0310A45E}.Release|Any CPU.ActiveCfg = Release|Any CPU
		{2D8DA586-E0EA-4AD1-BA3C-E4AC0310A45E}.Release|Any CPU.Build.0 = Release|Any CPU
		{2D8DA586-E0EA-4AD1-BA3C-E4AC0310A45E}.Release|ARM.ActiveCfg = Release|Any CPU
		{2D8DA586-E0EA-4AD1-BA3C-E4AC0310A45E}.Release|ARM.Build.0 = Release|Any CPU
		{2D8DA586-E0EA-4AD1-BA3C-E4AC0310A45E}.Release|x64.ActiveCfg = Release|Any CPU
		{2D8DA586-E0EA-4AD1-BA3C-E4AC0310A45E}.Release|x64.Build.0 = Release|Any CPU
		{2D8DA586-E0EA-4AD1-BA3C-E4AC0310A45E}.Release|x86.ActiveCfg = Release|Any CPU
		{2D8DA586-E0EA-4AD1-BA3C-E4AC0310A45E}.Release|x86.Build.0 = Release|Any CPU
		{2D8DA586-E0EA-4AD1-BA3C-E4AC0310A45E}.Ubuntu_Debug|Any CPU.ActiveCfg = Debug|Any CPU
		{2D8DA586-E0EA-4AD1-BA3C-E4AC0310A45E}.Ubuntu_Debug|Any CPU.Build.0 = Debug|Any CPU
		{2D8DA586-E0EA-4AD1-BA3C-E4AC0310A45E}.Ubuntu_Debug|ARM.ActiveCfg = Debug|Any CPU
		{2D8DA586-E0EA-4AD1-BA3C-E4AC0310A45E}.Ubuntu_Debug|ARM.Build.0 = Debug|Any CPU
		{2D8DA586-E0EA-4AD1-BA3C-E4AC0310A45E}.Ubuntu_Debug|x64.ActiveCfg = Debug|Any CPU
		{2D8DA586-E0EA-4AD1-BA3C-E4AC0310A45E}.Ubuntu_Debug|x64.Build.0 = Debug|Any CPU
		{2D8DA586-E0EA-4AD1-BA3C-E4AC0310A45E}.Ubuntu_Debug|x86.ActiveCfg = Debug|Any CPU
		{2D8DA586-E0EA-4AD1-BA3C-E4AC0310A45E}.Ubuntu_Debug|x86.Build.0 = Debug|Any CPU
		{2D8DA586-E0EA-4AD1-BA3C-E4AC0310A45E}.Ubuntu_Release|Any CPU.ActiveCfg = Release|Any CPU
		{2D8DA586-E0EA-4AD1-BA3C-E4AC0310A45E}.Ubuntu_Release|Any CPU.Build.0 = Release|Any CPU
		{2D8DA586-E0EA-4AD1-BA3C-E4AC0310A45E}.Ubuntu_Release|ARM.ActiveCfg = Release|Any CPU
		{2D8DA586-E0EA-4AD1-BA3C-E4AC0310A45E}.Ubuntu_Release|ARM.Build.0 = Release|Any CPU
		{2D8DA586-E0EA-4AD1-BA3C-E4AC0310A45E}.Ubuntu_Release|x64.ActiveCfg = Release|Any CPU
		{2D8DA586-E0EA-4AD1-BA3C-E4AC0310A45E}.Ubuntu_Release|x64.Build.0 = Release|Any CPU
		{2D8DA586-E0EA-4AD1-BA3C-E4AC0310A45E}.Ubuntu_Release|x86.ActiveCfg = Release|Any CPU
		{2D8DA586-E0EA-4AD1-BA3C-E4AC0310A45E}.Ubuntu_Release|x86.Build.0 = Release|Any CPU
		{6917BF09-E416-43F9-B184-4691AF473271}.Debug|Any CPU.ActiveCfg = Debug|Any CPU
		{6917BF09-E416-43F9-B184-4691AF473271}.Debug|Any CPU.Build.0 = Debug|Any CPU
		{6917BF09-E416-43F9-B184-4691AF473271}.Debug|ARM.ActiveCfg = Debug|Any CPU
		{6917BF09-E416-43F9-B184-4691AF473271}.Debug|ARM.Build.0 = Debug|Any CPU
		{6917BF09-E416-43F9-B184-4691AF473271}.Debug|x64.ActiveCfg = Debug|Any CPU
		{6917BF09-E416-43F9-B184-4691AF473271}.Debug|x64.Build.0 = Debug|Any CPU
		{6917BF09-E416-43F9-B184-4691AF473271}.Debug|x86.ActiveCfg = Debug|Any CPU
		{6917BF09-E416-43F9-B184-4691AF473271}.Debug|x86.Build.0 = Debug|Any CPU
		{6917BF09-E416-43F9-B184-4691AF473271}.Osx_Debug|Any CPU.ActiveCfg = Debug|Any CPU
		{6917BF09-E416-43F9-B184-4691AF473271}.Osx_Debug|Any CPU.Build.0 = Debug|Any CPU
		{6917BF09-E416-43F9-B184-4691AF473271}.Osx_Debug|ARM.ActiveCfg = Debug|Any CPU
		{6917BF09-E416-43F9-B184-4691AF473271}.Osx_Debug|ARM.Build.0 = Debug|Any CPU
		{6917BF09-E416-43F9-B184-4691AF473271}.Osx_Debug|x64.ActiveCfg = Debug|Any CPU
		{6917BF09-E416-43F9-B184-4691AF473271}.Osx_Debug|x64.Build.0 = Debug|Any CPU
		{6917BF09-E416-43F9-B184-4691AF473271}.Osx_Debug|x86.ActiveCfg = Debug|Any CPU
		{6917BF09-E416-43F9-B184-4691AF473271}.Osx_Debug|x86.Build.0 = Debug|Any CPU
		{6917BF09-E416-43F9-B184-4691AF473271}.Osx_Release|Any CPU.ActiveCfg = Release|Any CPU
		{6917BF09-E416-43F9-B184-4691AF473271}.Osx_Release|Any CPU.Build.0 = Release|Any CPU
		{6917BF09-E416-43F9-B184-4691AF473271}.Osx_Release|ARM.ActiveCfg = Release|Any CPU
		{6917BF09-E416-43F9-B184-4691AF473271}.Osx_Release|ARM.Build.0 = Release|Any CPU
		{6917BF09-E416-43F9-B184-4691AF473271}.Osx_Release|x64.ActiveCfg = Release|Any CPU
		{6917BF09-E416-43F9-B184-4691AF473271}.Osx_Release|x64.Build.0 = Release|Any CPU
		{6917BF09-E416-43F9-B184-4691AF473271}.Osx_Release|x86.ActiveCfg = Release|Any CPU
		{6917BF09-E416-43F9-B184-4691AF473271}.Osx_Release|x86.Build.0 = Release|Any CPU
		{6917BF09-E416-43F9-B184-4691AF473271}.Release|Any CPU.ActiveCfg = Release|Any CPU
		{6917BF09-E416-43F9-B184-4691AF473271}.Release|Any CPU.Build.0 = Release|Any CPU
		{6917BF09-E416-43F9-B184-4691AF473271}.Release|ARM.ActiveCfg = Release|Any CPU
		{6917BF09-E416-43F9-B184-4691AF473271}.Release|ARM.Build.0 = Release|Any CPU
		{6917BF09-E416-43F9-B184-4691AF473271}.Release|x64.ActiveCfg = Release|Any CPU
		{6917BF09-E416-43F9-B184-4691AF473271}.Release|x64.Build.0 = Release|Any CPU
		{6917BF09-E416-43F9-B184-4691AF473271}.Release|x86.ActiveCfg = Release|Any CPU
		{6917BF09-E416-43F9-B184-4691AF473271}.Release|x86.Build.0 = Release|Any CPU
		{6917BF09-E416-43F9-B184-4691AF473271}.Ubuntu_Debug|Any CPU.ActiveCfg = Debug|Any CPU
		{6917BF09-E416-43F9-B184-4691AF473271}.Ubuntu_Debug|Any CPU.Build.0 = Debug|Any CPU
		{6917BF09-E416-43F9-B184-4691AF473271}.Ubuntu_Debug|ARM.ActiveCfg = Debug|Any CPU
		{6917BF09-E416-43F9-B184-4691AF473271}.Ubuntu_Debug|ARM.Build.0 = Debug|Any CPU
		{6917BF09-E416-43F9-B184-4691AF473271}.Ubuntu_Debug|x64.ActiveCfg = Debug|Any CPU
		{6917BF09-E416-43F9-B184-4691AF473271}.Ubuntu_Debug|x64.Build.0 = Debug|Any CPU
		{6917BF09-E416-43F9-B184-4691AF473271}.Ubuntu_Debug|x86.ActiveCfg = Debug|Any CPU
		{6917BF09-E416-43F9-B184-4691AF473271}.Ubuntu_Debug|x86.Build.0 = Debug|Any CPU
		{6917BF09-E416-43F9-B184-4691AF473271}.Ubuntu_Release|Any CPU.ActiveCfg = Release|Any CPU
		{6917BF09-E416-43F9-B184-4691AF473271}.Ubuntu_Release|Any CPU.Build.0 = Release|Any CPU
		{6917BF09-E416-43F9-B184-4691AF473271}.Ubuntu_Release|ARM.ActiveCfg = Release|Any CPU
		{6917BF09-E416-43F9-B184-4691AF473271}.Ubuntu_Release|ARM.Build.0 = Release|Any CPU
		{6917BF09-E416-43F9-B184-4691AF473271}.Ubuntu_Release|x64.ActiveCfg = Release|Any CPU
		{6917BF09-E416-43F9-B184-4691AF473271}.Ubuntu_Release|x64.Build.0 = Release|Any CPU
		{6917BF09-E416-43F9-B184-4691AF473271}.Ubuntu_Release|x86.ActiveCfg = Release|Any CPU
		{6917BF09-E416-43F9-B184-4691AF473271}.Ubuntu_Release|x86.Build.0 = Release|Any CPU
		{560DD4EB-C4D2-4F94-9695-931CD3D17B5B}.Debug|Any CPU.ActiveCfg = Debug|x86
		{560DD4EB-C4D2-4F94-9695-931CD3D17B5B}.Debug|ARM.ActiveCfg = Debug|arm
		{560DD4EB-C4D2-4F94-9695-931CD3D17B5B}.Debug|ARM.Build.0 = Debug|arm
		{560DD4EB-C4D2-4F94-9695-931CD3D17B5B}.Debug|x64.ActiveCfg = Debug|x64
		{560DD4EB-C4D2-4F94-9695-931CD3D17B5B}.Debug|x64.Build.0 = Debug|x64
		{560DD4EB-C4D2-4F94-9695-931CD3D17B5B}.Debug|x86.ActiveCfg = Debug|x86
		{560DD4EB-C4D2-4F94-9695-931CD3D17B5B}.Debug|x86.Build.0 = Debug|x86
		{560DD4EB-C4D2-4F94-9695-931CD3D17B5B}.Osx_Debug|Any CPU.ActiveCfg = Osx_Debug|x86
		{560DD4EB-C4D2-4F94-9695-931CD3D17B5B}.Osx_Debug|ARM.ActiveCfg = Osx_Debug|arm
		{560DD4EB-C4D2-4F94-9695-931CD3D17B5B}.Osx_Debug|ARM.Build.0 = Osx_Debug|arm
		{560DD4EB-C4D2-4F94-9695-931CD3D17B5B}.Osx_Debug|x64.ActiveCfg = Osx_Debug|x64
		{560DD4EB-C4D2-4F94-9695-931CD3D17B5B}.Osx_Debug|x64.Build.0 = Osx_Debug|x64
		{560DD4EB-C4D2-4F94-9695-931CD3D17B5B}.Osx_Debug|x86.ActiveCfg = Osx_Debug|x86
		{560DD4EB-C4D2-4F94-9695-931CD3D17B5B}.Osx_Debug|x86.Build.0 = Osx_Debug|x86
		{560DD4EB-C4D2-4F94-9695-931CD3D17B5B}.Osx_Release|Any CPU.ActiveCfg = Osx_Release|x86
		{560DD4EB-C4D2-4F94-9695-931CD3D17B5B}.Osx_Release|ARM.ActiveCfg = Osx_Release|arm
		{560DD4EB-C4D2-4F94-9695-931CD3D17B5B}.Osx_Release|ARM.Build.0 = Osx_Release|arm
		{560DD4EB-C4D2-4F94-9695-931CD3D17B5B}.Osx_Release|x64.ActiveCfg = Osx_Release|x64
		{560DD4EB-C4D2-4F94-9695-931CD3D17B5B}.Osx_Release|x64.Build.0 = Osx_Release|x64
		{560DD4EB-C4D2-4F94-9695-931CD3D17B5B}.Osx_Release|x86.ActiveCfg = Osx_Release|x86
		{560DD4EB-C4D2-4F94-9695-931CD3D17B5B}.Osx_Release|x86.Build.0 = Osx_Release|x86
		{560DD4EB-C4D2-4F94-9695-931CD3D17B5B}.Release|Any CPU.ActiveCfg = Release|x86
		{560DD4EB-C4D2-4F94-9695-931CD3D17B5B}.Release|ARM.ActiveCfg = Release|arm
		{560DD4EB-C4D2-4F94-9695-931CD3D17B5B}.Release|ARM.Build.0 = Release|arm
		{560DD4EB-C4D2-4F94-9695-931CD3D17B5B}.Release|x64.ActiveCfg = Release|x64
		{560DD4EB-C4D2-4F94-9695-931CD3D17B5B}.Release|x64.Build.0 = Release|x64
		{560DD4EB-C4D2-4F94-9695-931CD3D17B5B}.Release|x86.ActiveCfg = Release|x86
		{560DD4EB-C4D2-4F94-9695-931CD3D17B5B}.Release|x86.Build.0 = Release|x86
		{560DD4EB-C4D2-4F94-9695-931CD3D17B5B}.Ubuntu_Debug|Any CPU.ActiveCfg = Ubuntu_Debug|x86
		{560DD4EB-C4D2-4F94-9695-931CD3D17B5B}.Ubuntu_Debug|ARM.ActiveCfg = Ubuntu_Debug|arm
		{560DD4EB-C4D2-4F94-9695-931CD3D17B5B}.Ubuntu_Debug|ARM.Build.0 = Ubuntu_Debug|arm
		{560DD4EB-C4D2-4F94-9695-931CD3D17B5B}.Ubuntu_Debug|x64.ActiveCfg = Ubuntu_Debug|x64
		{560DD4EB-C4D2-4F94-9695-931CD3D17B5B}.Ubuntu_Debug|x64.Build.0 = Ubuntu_Debug|x64
		{560DD4EB-C4D2-4F94-9695-931CD3D17B5B}.Ubuntu_Debug|x86.ActiveCfg = Ubuntu_Debug|x86
		{560DD4EB-C4D2-4F94-9695-931CD3D17B5B}.Ubuntu_Debug|x86.Build.0 = Ubuntu_Debug|x86
		{560DD4EB-C4D2-4F94-9695-931CD3D17B5B}.Ubuntu_Release|Any CPU.ActiveCfg = Ubuntu_Release|x86
		{560DD4EB-C4D2-4F94-9695-931CD3D17B5B}.Ubuntu_Release|ARM.ActiveCfg = Ubuntu_Release|arm
		{560DD4EB-C4D2-4F94-9695-931CD3D17B5B}.Ubuntu_Release|ARM.Build.0 = Ubuntu_Release|arm
		{560DD4EB-C4D2-4F94-9695-931CD3D17B5B}.Ubuntu_Release|x64.ActiveCfg = Ubuntu_Release|x64
		{560DD4EB-C4D2-4F94-9695-931CD3D17B5B}.Ubuntu_Release|x64.Build.0 = Ubuntu_Release|x64
		{560DD4EB-C4D2-4F94-9695-931CD3D17B5B}.Ubuntu_Release|x86.ActiveCfg = Ubuntu_Release|x86
		{560DD4EB-C4D2-4F94-9695-931CD3D17B5B}.Ubuntu_Release|x86.Build.0 = Ubuntu_Release|x86
	EndGlobalSection
	GlobalSection(SolutionProperties) = preSolution
		HideSolutionNode = FALSE
	EndGlobalSection
	GlobalSection(NestedProjects) = preSolution
		{FEEF35CB-3AC4-40C5-9CB0-85E52E38D5C6} = {C991F5FC-04B5-420C-98A0-80974AA946F7}
		{0D1724F6-078E-4576-9680-6B9334D562DC} = {6234AABE-C4F3-4094-9C0D-FFD589235DBE}
		{5A2EAD0F-FF3E-4968-A865-7B29C4B10A72} = {0D1724F6-078E-4576-9680-6B9334D562DC}
		{B44085A7-0DCD-4CE2-BDD9-B2E5268DCCCC} = {7DC7AA2C-0401-495B-B42C-32F44085EBE6}
		{83F4A5FE-FAF8-4952-899E-EA0BB08F8E60} = {6234AABE-C4F3-4094-9C0D-FFD589235DBE}
		{F3D148CA-D49D-4315-9CD6-AE7B0EEA9549} = {6234AABE-C4F3-4094-9C0D-FFD589235DBE}
		{8D84EC23-9977-4CC8-B649-035FFAE9664C} = {6234AABE-C4F3-4094-9C0D-FFD589235DBE}
		{68C6476E-1F80-412A-A8A7-480F832922D8} = {6234AABE-C4F3-4094-9C0D-FFD589235DBE}
		{36E8F09A-D3CA-405B-B515-9206F85B432C} = {7DC7AA2C-0401-495B-B42C-32F44085EBE6}
		{16815A46-F1CA-4D56-80C8-54C4DFB8C1BC} = {F8292A68-AF7C-4B26-B1B8-B232548EF118}
		{28D8D77D-E68D-4EBC-9150-F7C433D63BFA} = {6234AABE-C4F3-4094-9C0D-FFD589235DBE}
		{FD6B4124-975B-454E-ACC8-424CC9A8BB8B} = {7DC7AA2C-0401-495B-B42C-32F44085EBE6}
		{C4301817-D6F9-43A4-9E24-5446C0A2C15C} = {0D1724F6-078E-4576-9680-6B9334D562DC}
		{D15030D8-CFC5-4F05-8987-784326856E90} = {0D1724F6-078E-4576-9680-6B9334D562DC}
		{B0468D19-0F98-49A8-BA28-926331C72E26} = {6234AABE-C4F3-4094-9C0D-FFD589235DBE}
		{2D8DA586-E0EA-4AD1-BA3C-E4AC0310A45E} = {7DC7AA2C-0401-495B-B42C-32F44085EBE6}
		{6917BF09-E416-43F9-B184-4691AF473271} = {7DC7AA2C-0401-495B-B42C-32F44085EBE6}
		{560DD4EB-C4D2-4F94-9695-931CD3D17B5B} = {0D1724F6-078E-4576-9680-6B9334D562DC}
	EndGlobalSection
EndGlobal
