
Microsoft Visual Studio Solution File, Format Version 12.00
# Visual Studio Version 16
VisualStudioVersion = 16.0.28921.120
MinimumVisualStudioVersion = 10.0.40219.1
Project("{FAE04EC0-301F-11D3-BF4B-00C04F79EFBC}") = "BuildcsprojtoMem", "BuildcsprojtoMem.csproj", "{D325BEFC-0712-4D0F-9D8F-B68371382DEF}"
EndProject
Global
	GlobalSection(SolutionConfigurationPlatforms) = preSolution
		Debug|Any CPU = Debug|Any CPU
		Release|Any CPU = Release|Any CPU
	EndGlobalSection
	GlobalSection(ProjectConfigurationPlatforms) = postSolution
		{D325BEFC-0712-4D0F-9D8F-B68371382DEF}.Debug|Any CPU.ActiveCfg = Debug|Any CPU
		{D325BEFC-0712-4D0F-9D8F-B68371382DEF}.Debug|Any CPU.Build.0 = Debug|Any CPU
		{D325BEFC-0712-4D0F-9D8F-B68371382DEF}.Release|Any CPU.ActiveCfg = Release|Any CPU
		{D325BEFC-0712-4D0F-9D8F-B68371382DEF}.Release|Any CPU.Build.0 = Release|Any CPU
	EndGlobalSection
	GlobalSection(SolutionProperties) = preSolution
		HideSolutionNode = FALSE
	EndGlobalSection
	GlobalSection(ExtensibilityGlobals) = postSolution
		SolutionGuid = {91EF69D3-2B06-4844-AA6E-2874D245AD9D}
	EndGlobalSection
EndGlobal
