
Microsoft Visual Studio Solution File, Format Version 12.00
# Visual Studio 15
VisualStudioVersion = 15.0.27004.2008
MinimumVisualStudioVersion = 10.0.40219.1
Project("{FAE04EC0-301F-11D3-BF4B-00C04F79EFBC}") = "ConsoleApp1", "ConsoleApp1\ConsoleApp1.csproj", "{6E165556-EA95-470B-91FA-FE91B0DBE67C}"
EndProject
Project("{FAE04EC0-301F-11D3-BF4B-00C04F79EFBC}") = "ConsoleApp1LibPCL", "ConsoleApp1LibPCL\ConsoleApp1LibPCL.csproj", "{E64834EE-DB9F-4BC5-8C87-99957C0C482A}"
EndProject
Global
	GlobalSection(SolutionConfigurationPlatforms) = preSolution
		Debug|Any CPU = Debug|Any CPU
		Release|Any CPU = Release|Any CPU
	EndGlobalSection
	GlobalSection(ProjectConfigurationPlatforms) = postSolution
		{6E165556-EA95-470B-91FA-FE91B0DBE67C}.Debug|Any CPU.ActiveCfg = Debug|Any CPU
		{6E165556-EA95-470B-91FA-FE91B0DBE67C}.Debug|Any CPU.Build.0 = Debug|Any CPU
		{6E165556-EA95-470B-91FA-FE91B0DBE67C}.Release|Any CPU.ActiveCfg = Release|Any CPU
		{6E165556-EA95-470B-91FA-FE91B0DBE67C}.Release|Any CPU.Build.0 = Release|Any CPU
		{E64834EE-DB9F-4BC5-8C87-99957C0C482A}.Debug|Any CPU.ActiveCfg = Debug|Any CPU
		{E64834EE-DB9F-4BC5-8C87-99957C0C482A}.Debug|Any CPU.Build.0 = Debug|Any CPU
		{E64834EE-DB9F-4BC5-8C87-99957C0C482A}.Release|Any CPU.ActiveCfg = Release|Any CPU
		{E64834EE-DB9F-4BC5-8C87-99957C0C482A}.Release|Any CPU.Build.0 = Release|Any CPU
	EndGlobalSection
	GlobalSection(SolutionProperties) = preSolution
		HideSolutionNode = FALSE
	EndGlobalSection
	GlobalSection(ExtensibilityGlobals) = postSolution
		SolutionGuid = {D2956E5C-11A1-4171-9406-4451D80795A6}
	EndGlobalSection
EndGlobal
