
Microsoft Visual Studio Solution File, Format Version 12.00
# Visual Studio Version 16
VisualStudioVersion = 16.0.28928.284
MinimumVisualStudioVersion = 10.0.40219.1
Project("{FAE04EC0-301F-11D3-BF4B-00C04F79EFBC}") = "RecommendedChangeMDImporter", "RecommendedChangeMDImporter\RecommendedChangeMDImporter.csproj", "{B8E39542-6D44-4E4B-BC76-B1BDAC22DE11}"
EndProject
Project("{9A19103F-16F7-4668-BE54-9A1E7A4F7556}") = "RecommendedChangeMDWriter", "RecommendedChangeMDWriter\RecommendedChangeMDWriter.csproj", "{23FEA3CD-D3EB-4E76-B807-ABDBE687C1F1}"
EndProject
Global
	GlobalSection(SolutionConfigurationPlatforms) = preSolution
		Debug|Any CPU = Debug|Any CPU
		Release|Any CPU = Release|Any CPU
	EndGlobalSection
	GlobalSection(ProjectConfigurationPlatforms) = postSolution
		{B8E39542-6D44-4E4B-BC76-B1BDAC22DE11}.Debug|Any CPU.ActiveCfg = Debug|Any CPU
		{B8E39542-6D44-4E4B-BC76-B1BDAC22DE11}.Debug|Any CPU.Build.0 = Debug|Any CPU
		{B8E39542-6D44-4E4B-BC76-B1BDAC22DE11}.Release|Any CPU.ActiveCfg = Release|Any CPU
		{B8E39542-6D44-4E4B-BC76-B1BDAC22DE11}.Release|Any CPU.Build.0 = Release|Any CPU
		{23FEA3CD-D3EB-4E76-B807-ABDBE687C1F1}.Debug|Any CPU.ActiveCfg = Debug|Any CPU
		{23FEA3CD-D3EB-4E76-B807-ABDBE687C1F1}.Debug|Any CPU.Build.0 = Debug|Any CPU
		{23FEA3CD-D3EB-4E76-B807-ABDBE687C1F1}.Release|Any CPU.ActiveCfg = Release|Any CPU
		{23FEA3CD-D3EB-4E76-B807-ABDBE687C1F1}.Release|Any CPU.Build.0 = Release|Any CPU
	EndGlobalSection
	GlobalSection(SolutionProperties) = preSolution
		HideSolutionNode = FALSE
	EndGlobalSection
	GlobalSection(ExtensibilityGlobals) = postSolution
		SolutionGuid = {1AB2E8CA-90D3-427B-BB41-EE03482CF73A}
	EndGlobalSection
EndGlobal
